// !$*UTF8*$!
{
	archiveVersion = 1;
	classes = {
	};
	objectVersion = 55;
	objects = {

/* Begin PBXBuildFile section */
		B5465BA529A3AD4300DAD1F7 /* CacheFeedUseCaseTests.swift in Sources */ = {isa = PBXBuildFile; fileRef = B5465BA429A3AD4300DAD1F7 /* CacheFeedUseCaseTests.swift */; };
		B5465BA829A720E600DAD1F7 /* LocalFeedLoader.swift in Sources */ = {isa = PBXBuildFile; fileRef = B5465BA729A720E600DAD1F7 /* LocalFeedLoader.swift */; };
		B5465BAA29A721F300DAD1F7 /* FeedStore.swift in Sources */ = {isa = PBXBuildFile; fileRef = B5465BA929A721F300DAD1F7 /* FeedStore.swift */; };
		B5465BAC29A7939300DAD1F7 /* RemoteFeedItem.swift in Sources */ = {isa = PBXBuildFile; fileRef = B5465BAB29A7939300DAD1F7 /* RemoteFeedItem.swift */; };
		B5465BAE29A843BB00DAD1F7 /* LocalFeedImage.swift in Sources */ = {isa = PBXBuildFile; fileRef = B5465BAD29A843BB00DAD1F7 /* LocalFeedImage.swift */; };
		B5465BB029A887A400DAD1F7 /* LoadFeedFromCacheUseCaseTests.swift in Sources */ = {isa = PBXBuildFile; fileRef = B5465BAF29A887A400DAD1F7 /* LoadFeedFromCacheUseCaseTests.swift */; };
		B5465BB329A8D5D200DAD1F7 /* FeedStoreSpy.swift in Sources */ = {isa = PBXBuildFile; fileRef = B5465BB229A8D5D200DAD1F7 /* FeedStoreSpy.swift */; };
		B5465BB529AB1AE200DAD1F7 /* ValidateFeedCacheUseCaseTest.swift in Sources */ = {isa = PBXBuildFile; fileRef = B5465BB429AB1AE200DAD1F7 /* ValidateFeedCacheUseCaseTest.swift */; };
		B5465BB729AB732D00DAD1F7 /* SharedTestHelpers.swift in Sources */ = {isa = PBXBuildFile; fileRef = B5465BB629AB732D00DAD1F7 /* SharedTestHelpers.swift */; };
		B5465BB929AB740200DAD1F7 /* FeedCacheTestHelpers.swift in Sources */ = {isa = PBXBuildFile; fileRef = B5465BB829AB740200DAD1F7 /* FeedCacheTestHelpers.swift */; };
		B5465BBB29AC4E9400DAD1F7 /* FeedCachePolicy.swift in Sources */ = {isa = PBXBuildFile; fileRef = B5465BBA29AC4E9400DAD1F7 /* FeedCachePolicy.swift */; };
		B5465BBD29ADA1B400DAD1F7 /* CodableFeedStoreTests.swift in Sources */ = {isa = PBXBuildFile; fileRef = B5465BBC29ADA1B400DAD1F7 /* CodableFeedStoreTests.swift */; };
		B5650C7129B0456A00CF391E /* CodableFeedStore.swift in Sources */ = {isa = PBXBuildFile; fileRef = B5650C7029B0456A00CF391E /* CodableFeedStore.swift */; };
		B5650C7329B1940400CF391E /* FeedStoreSpecs.swift in Sources */ = {isa = PBXBuildFile; fileRef = B5650C7229B1940400CF391E /* FeedStoreSpecs.swift */; };
		B5650C7529B1AD0E00CF391E /* XCTestCase+FeedStoreSpecs.swift in Sources */ = {isa = PBXBuildFile; fileRef = B5650C7429B1AD0E00CF391E /* XCTestCase+FeedStoreSpecs.swift */; };
		B5650C7729B1C89500CF391E /* XCTestCase+FailableRetrieveFeedStoreSpecs.swift in Sources */ = {isa = PBXBuildFile; fileRef = B5650C7629B1C89500CF391E /* XCTestCase+FailableRetrieveFeedStoreSpecs.swift */; };
		B5650C7B29B2162700CF391E /* XCTestCase+FailableInsertFeedStoreSpecs.swift in Sources */ = {isa = PBXBuildFile; fileRef = B5650C7A29B2162700CF391E /* XCTestCase+FailableInsertFeedStoreSpecs.swift */; };
		B5650C7D29B218B400CF391E /* XCTestCase+FailableDeleteFeedStoreSpecs.swift in Sources */ = {isa = PBXBuildFile; fileRef = B5650C7C29B218B400CF391E /* XCTestCase+FailableDeleteFeedStoreSpecs.swift */; };
		B5650C8029B32CE700CF391E /* CoreDataFeedStoreSpecs.swift in Sources */ = {isa = PBXBuildFile; fileRef = B5650C7F29B32CE700CF391E /* CoreDataFeedStoreSpecs.swift */; };
		B5650C8229B32DDF00CF391E /* CoreDataFeedStore.swift in Sources */ = {isa = PBXBuildFile; fileRef = B5650C8129B32DDF00CF391E /* CoreDataFeedStore.swift */; };
		B5650C8529B32FF400CF391E /* FeedStore.xcdatamodeld in Sources */ = {isa = PBXBuildFile; fileRef = B5650C8329B32FF400CF391E /* FeedStore.xcdatamodeld */; };
		B57EBCF9298BFD99000F6507 /* EssentialFeed.framework in Frameworks */ = {isa = PBXBuildFile; fileRef = B57EBCF0298BFD99000F6507 /* EssentialFeed.framework */; };
		B57EBD09298BFDFD000F6507 /* FeedImage.swift in Sources */ = {isa = PBXBuildFile; fileRef = B57EBD08298BFDFD000F6507 /* FeedImage.swift */; };
		B57EBD0B298C00BE000F6507 /* FeedLoader.swift in Sources */ = {isa = PBXBuildFile; fileRef = B57EBD0A298C00BE000F6507 /* FeedLoader.swift */; };
		B57EBD0E298C8913000F6507 /* LoadFeedFromRemoteUseCaseTests.swift in Sources */ = {isa = PBXBuildFile; fileRef = B57EBD0D298C8913000F6507 /* LoadFeedFromRemoteUseCaseTests.swift */; };
		B57EBD13298DE626000F6507 /* RemoteFeedLoader.swift in Sources */ = {isa = PBXBuildFile; fileRef = B57EBD12298DE626000F6507 /* RemoteFeedLoader.swift */; };
		B57EBD1C29938074000F6507 /* HTTPClient.swift in Sources */ = {isa = PBXBuildFile; fileRef = B57EBD1B29938074000F6507 /* HTTPClient.swift */; };
		B57EBD1E29938170000F6507 /* FeedItemsMapper.swift in Sources */ = {isa = PBXBuildFile; fileRef = B57EBD1D29938170000F6507 /* FeedItemsMapper.swift */; };
		B57EBD212997D246000F6507 /* URLSessionHTTPClientTests.swift in Sources */ = {isa = PBXBuildFile; fileRef = B57EBD202997D246000F6507 /* URLSessionHTTPClientTests.swift */; };
		B57EBD26299A57E9000F6507 /* XCTestCase+MemoryLeakTracking.swift in Sources */ = {isa = PBXBuildFile; fileRef = B57EBD25299A57E9000F6507 /* XCTestCase+MemoryLeakTracking.swift */; };
		B57EBD28299BBFD4000F6507 /* URLSessionHTTPClient.swift in Sources */ = {isa = PBXBuildFile; fileRef = B57EBD27299BBFD4000F6507 /* URLSessionHTTPClient.swift */; };
		B57EBD30299D0C9E000F6507 /* EssentialFeedAPIEndToEndTests.swift in Sources */ = {isa = PBXBuildFile; fileRef = B57EBD2F299D0C9E000F6507 /* EssentialFeedAPIEndToEndTests.swift */; };
		B57EBD31299D0C9E000F6507 /* EssentialFeed.framework in Frameworks */ = {isa = PBXBuildFile; fileRef = B57EBCF0298BFD99000F6507 /* EssentialFeed.framework */; };
		B57EBD38299D169C000F6507 /* XCTestCase+MemoryLeakTracking.swift in Sources */ = {isa = PBXBuildFile; fileRef = B57EBD25299A57E9000F6507 /* XCTestCase+MemoryLeakTracking.swift */; };
		B5C474EF29C3352700FC4B2B /* UIImage+TestHelpers.swift in Sources */ = {isa = PBXBuildFile; fileRef = B5C474EE29C3352700FC4B2B /* UIImage+TestHelpers.swift */; };
		B5C474F129C3361600FC4B2B /* UIRefreshControl+TestHelpers.swift in Sources */ = {isa = PBXBuildFile; fileRef = B5C474F029C3361600FC4B2B /* UIRefreshControl+TestHelpers.swift */; };
		B5C474F329C3367F00FC4B2B /* UIButton+TestHelpers.swift in Sources */ = {isa = PBXBuildFile; fileRef = B5C474F229C3367F00FC4B2B /* UIButton+TestHelpers.swift */; };
		B5C474F529C336F300FC4B2B /* UIControl+TestHelpers.swift in Sources */ = {isa = PBXBuildFile; fileRef = B5C474F429C336F300FC4B2B /* UIControl+TestHelpers.swift */; };
		B5C474FB29C3389E00FC4B2B /* FeedViewController+TestHelpers.swift in Sources */ = {isa = PBXBuildFile; fileRef = B5C474FA29C3389E00FC4B2B /* FeedViewController+TestHelpers.swift */; };
		B5C474FD29C3392F00FC4B2B /* FeedImageCell+TestHelpers.swift in Sources */ = {isa = PBXBuildFile; fileRef = B5C474FC29C3392F00FC4B2B /* FeedImageCell+TestHelpers.swift */; };
		B5C474FF29C339BD00FC4B2B /* FeedViewControllerTest+LoaderSpy.swift in Sources */ = {isa = PBXBuildFile; fileRef = B5C474FE29C339BD00FC4B2B /* FeedViewControllerTest+LoaderSpy.swift */; };
		B5CB232F29B495C5002044C5 /* CoreDataHelpers.swift in Sources */ = {isa = PBXBuildFile; fileRef = B5CB232E29B495C5002044C5 /* CoreDataHelpers.swift */; };
		B5CB233129B49669002044C5 /* ManagedCache.swift in Sources */ = {isa = PBXBuildFile; fileRef = B5CB233029B49669002044C5 /* ManagedCache.swift */; };
		B5CB233329B49671002044C5 /* ManagedFeedImage.swift in Sources */ = {isa = PBXBuildFile; fileRef = B5CB233229B49671002044C5 /* ManagedFeedImage.swift */; };
		B5E80F2A29BDD628004981ED /* EssentialFeediOS.framework in Frameworks */ = {isa = PBXBuildFile; fileRef = B5E80F2229BDD628004981ED /* EssentialFeediOS.framework */; };
		B5E80F3929BEEB3F004981ED /* FeedViewControllerTests.swift in Sources */ = {isa = PBXBuildFile; fileRef = B5E80F3729BEEB3F004981ED /* FeedViewControllerTests.swift */; };
		B5E80F3B29BF45A8004981ED /* EssentialFeed.framework in Frameworks */ = {isa = PBXBuildFile; fileRef = B57EBCF0298BFD99000F6507 /* EssentialFeed.framework */; platformFilter = ios; };
		B5E80F3C29BF466A004981ED /* XCTestCase+MemoryLeakTracking.swift in Sources */ = {isa = PBXBuildFile; fileRef = B57EBD25299A57E9000F6507 /* XCTestCase+MemoryLeakTracking.swift */; };
		B5E80F3E29BFAB47004981ED /* FeedViewController.swift in Sources */ = {isa = PBXBuildFile; fileRef = B5E80F3D29BFAB47004981ED /* FeedViewController.swift */; };
		B5E80F6029C0A335004981ED /* FeedImageCell.swift in Sources */ = {isa = PBXBuildFile; fileRef = B5E80F5F29C0A335004981ED /* FeedImageCell.swift */; };
		B5E80F6229C1CBC6004981ED /* UIView+Shimmering.swift in Sources */ = {isa = PBXBuildFile; fileRef = B5E80F6129C1CBC6004981ED /* UIView+Shimmering.swift */; };
		B5F4B0D029B58ADA00DF6CD3 /* EssentialFeedCacheIntegrationTests.swift in Sources */ = {isa = PBXBuildFile; fileRef = B5F4B0CF29B58ADA00DF6CD3 /* EssentialFeedCacheIntegrationTests.swift */; };
		B5F4B0D129B58ADA00DF6CD3 /* EssentialFeed.framework in Frameworks */ = {isa = PBXBuildFile; fileRef = B57EBCF0298BFD99000F6507 /* EssentialFeed.framework */; };
		B5F4B0D729B58CA000DF6CD3 /* XCTestCase+MemoryLeakTracking.swift in Sources */ = {isa = PBXBuildFile; fileRef = B57EBD25299A57E9000F6507 /* XCTestCase+MemoryLeakTracking.swift */; };
		B5F4B0D829B5962900DF6CD3 /* FeedCacheTestHelpers.swift in Sources */ = {isa = PBXBuildFile; fileRef = B5465BB829AB740200DAD1F7 /* FeedCacheTestHelpers.swift */; };
		B5F4B0D929B5963900DF6CD3 /* SharedTestHelpers.swift in Sources */ = {isa = PBXBuildFile; fileRef = B5465BB629AB732D00DAD1F7 /* SharedTestHelpers.swift */; };
/* End PBXBuildFile section */

/* Begin PBXContainerItemProxy section */
		B57EBCFA298BFD99000F6507 /* PBXContainerItemProxy */ = {
			isa = PBXContainerItemProxy;
			containerPortal = B57EBCE7298BFD99000F6507 /* Project object */;
			proxyType = 1;
			remoteGlobalIDString = B57EBCEF298BFD99000F6507;
			remoteInfo = EssentialFeed;
		};
		B57EBD32299D0C9E000F6507 /* PBXContainerItemProxy */ = {
			isa = PBXContainerItemProxy;
			containerPortal = B57EBCE7298BFD99000F6507 /* Project object */;
			proxyType = 1;
			remoteGlobalIDString = B57EBCEF298BFD99000F6507;
			remoteInfo = EssentialFeed;
		};
		B5E80F2B29BDD628004981ED /* PBXContainerItemProxy */ = {
			isa = PBXContainerItemProxy;
			containerPortal = B57EBCE7298BFD99000F6507 /* Project object */;
			proxyType = 1;
			remoteGlobalIDString = B5E80F2129BDD628004981ED;
			remoteInfo = EssentialFeediOS;
		};
		B5F4B0D229B58ADA00DF6CD3 /* PBXContainerItemProxy */ = {
			isa = PBXContainerItemProxy;
			containerPortal = B57EBCE7298BFD99000F6507 /* Project object */;
			proxyType = 1;
			remoteGlobalIDString = B57EBCEF298BFD99000F6507;
			remoteInfo = EssentialFeed;
		};
/* End PBXContainerItemProxy section */

/* Begin PBXFileReference section */
		B5465BA429A3AD4300DAD1F7 /* CacheFeedUseCaseTests.swift */ = {isa = PBXFileReference; lastKnownFileType = sourcecode.swift; path = CacheFeedUseCaseTests.swift; sourceTree = "<group>"; };
		B5465BA729A720E600DAD1F7 /* LocalFeedLoader.swift */ = {isa = PBXFileReference; lastKnownFileType = sourcecode.swift; path = LocalFeedLoader.swift; sourceTree = "<group>"; };
		B5465BA929A721F300DAD1F7 /* FeedStore.swift */ = {isa = PBXFileReference; lastKnownFileType = sourcecode.swift; path = FeedStore.swift; sourceTree = "<group>"; };
		B5465BAB29A7939300DAD1F7 /* RemoteFeedItem.swift */ = {isa = PBXFileReference; lastKnownFileType = sourcecode.swift; path = RemoteFeedItem.swift; sourceTree = "<group>"; };
		B5465BAD29A843BB00DAD1F7 /* LocalFeedImage.swift */ = {isa = PBXFileReference; lastKnownFileType = sourcecode.swift; path = LocalFeedImage.swift; sourceTree = "<group>"; };
		B5465BAF29A887A400DAD1F7 /* LoadFeedFromCacheUseCaseTests.swift */ = {isa = PBXFileReference; lastKnownFileType = sourcecode.swift; path = LoadFeedFromCacheUseCaseTests.swift; sourceTree = "<group>"; };
		B5465BB229A8D5D200DAD1F7 /* FeedStoreSpy.swift */ = {isa = PBXFileReference; lastKnownFileType = sourcecode.swift; path = FeedStoreSpy.swift; sourceTree = "<group>"; };
		B5465BB429AB1AE200DAD1F7 /* ValidateFeedCacheUseCaseTest.swift */ = {isa = PBXFileReference; lastKnownFileType = sourcecode.swift; path = ValidateFeedCacheUseCaseTest.swift; sourceTree = "<group>"; };
		B5465BB629AB732D00DAD1F7 /* SharedTestHelpers.swift */ = {isa = PBXFileReference; lastKnownFileType = sourcecode.swift; path = SharedTestHelpers.swift; sourceTree = "<group>"; };
		B5465BB829AB740200DAD1F7 /* FeedCacheTestHelpers.swift */ = {isa = PBXFileReference; lastKnownFileType = sourcecode.swift; path = FeedCacheTestHelpers.swift; sourceTree = "<group>"; };
		B5465BBA29AC4E9400DAD1F7 /* FeedCachePolicy.swift */ = {isa = PBXFileReference; lastKnownFileType = sourcecode.swift; path = FeedCachePolicy.swift; sourceTree = "<group>"; };
		B5465BBC29ADA1B400DAD1F7 /* CodableFeedStoreTests.swift */ = {isa = PBXFileReference; lastKnownFileType = sourcecode.swift; path = CodableFeedStoreTests.swift; sourceTree = "<group>"; };
		B5650C7029B0456A00CF391E /* CodableFeedStore.swift */ = {isa = PBXFileReference; lastKnownFileType = sourcecode.swift; path = CodableFeedStore.swift; sourceTree = "<group>"; };
		B5650C7229B1940400CF391E /* FeedStoreSpecs.swift */ = {isa = PBXFileReference; lastKnownFileType = sourcecode.swift; path = FeedStoreSpecs.swift; sourceTree = "<group>"; };
		B5650C7429B1AD0E00CF391E /* XCTestCase+FeedStoreSpecs.swift */ = {isa = PBXFileReference; lastKnownFileType = sourcecode.swift; path = "XCTestCase+FeedStoreSpecs.swift"; sourceTree = "<group>"; };
		B5650C7629B1C89500CF391E /* XCTestCase+FailableRetrieveFeedStoreSpecs.swift */ = {isa = PBXFileReference; lastKnownFileType = sourcecode.swift; path = "XCTestCase+FailableRetrieveFeedStoreSpecs.swift"; sourceTree = "<group>"; };
		B5650C7A29B2162700CF391E /* XCTestCase+FailableInsertFeedStoreSpecs.swift */ = {isa = PBXFileReference; lastKnownFileType = sourcecode.swift; path = "XCTestCase+FailableInsertFeedStoreSpecs.swift"; sourceTree = "<group>"; };
		B5650C7C29B218B400CF391E /* XCTestCase+FailableDeleteFeedStoreSpecs.swift */ = {isa = PBXFileReference; lastKnownFileType = sourcecode.swift; path = "XCTestCase+FailableDeleteFeedStoreSpecs.swift"; sourceTree = "<group>"; };
		B5650C7F29B32CE700CF391E /* CoreDataFeedStoreSpecs.swift */ = {isa = PBXFileReference; lastKnownFileType = sourcecode.swift; path = CoreDataFeedStoreSpecs.swift; sourceTree = "<group>"; };
		B5650C8129B32DDF00CF391E /* CoreDataFeedStore.swift */ = {isa = PBXFileReference; lastKnownFileType = sourcecode.swift; path = CoreDataFeedStore.swift; sourceTree = "<group>"; };
		B5650C8429B32FF400CF391E /* FeedStore.xcdatamodel */ = {isa = PBXFileReference; lastKnownFileType = wrapper.xcdatamodel; path = FeedStore.xcdatamodel; sourceTree = "<group>"; };
		B57EBCF0298BFD99000F6507 /* EssentialFeed.framework */ = {isa = PBXFileReference; explicitFileType = wrapper.framework; includeInIndex = 0; path = EssentialFeed.framework; sourceTree = BUILT_PRODUCTS_DIR; };
		B57EBCF8298BFD99000F6507 /* EssentialFeedTests.xctest */ = {isa = PBXFileReference; explicitFileType = wrapper.cfbundle; includeInIndex = 0; path = EssentialFeedTests.xctest; sourceTree = BUILT_PRODUCTS_DIR; };
		B57EBD08298BFDFD000F6507 /* FeedImage.swift */ = {isa = PBXFileReference; lastKnownFileType = sourcecode.swift; path = FeedImage.swift; sourceTree = "<group>"; };
		B57EBD0A298C00BE000F6507 /* FeedLoader.swift */ = {isa = PBXFileReference; lastKnownFileType = sourcecode.swift; path = FeedLoader.swift; sourceTree = "<group>"; };
		B57EBD0D298C8913000F6507 /* LoadFeedFromRemoteUseCaseTests.swift */ = {isa = PBXFileReference; lastKnownFileType = sourcecode.swift; path = LoadFeedFromRemoteUseCaseTests.swift; sourceTree = "<group>"; };
		B57EBD12298DE626000F6507 /* RemoteFeedLoader.swift */ = {isa = PBXFileReference; lastKnownFileType = sourcecode.swift; path = RemoteFeedLoader.swift; sourceTree = "<group>"; };
		B57EBD1B29938074000F6507 /* HTTPClient.swift */ = {isa = PBXFileReference; lastKnownFileType = sourcecode.swift; path = HTTPClient.swift; sourceTree = "<group>"; };
		B57EBD1D29938170000F6507 /* FeedItemsMapper.swift */ = {isa = PBXFileReference; lastKnownFileType = sourcecode.swift; path = FeedItemsMapper.swift; sourceTree = "<group>"; };
		B57EBD202997D246000F6507 /* URLSessionHTTPClientTests.swift */ = {isa = PBXFileReference; lastKnownFileType = sourcecode.swift; path = URLSessionHTTPClientTests.swift; sourceTree = "<group>"; };
		B57EBD25299A57E9000F6507 /* XCTestCase+MemoryLeakTracking.swift */ = {isa = PBXFileReference; lastKnownFileType = sourcecode.swift; path = "XCTestCase+MemoryLeakTracking.swift"; sourceTree = "<group>"; };
		B57EBD27299BBFD4000F6507 /* URLSessionHTTPClient.swift */ = {isa = PBXFileReference; lastKnownFileType = sourcecode.swift; path = URLSessionHTTPClient.swift; sourceTree = "<group>"; };
		B57EBD2D299D0C9E000F6507 /* EssentialFeedAPIEndToEndTests.xctest */ = {isa = PBXFileReference; explicitFileType = wrapper.cfbundle; includeInIndex = 0; path = EssentialFeedAPIEndToEndTests.xctest; sourceTree = BUILT_PRODUCTS_DIR; };
		B57EBD2F299D0C9E000F6507 /* EssentialFeedAPIEndToEndTests.swift */ = {isa = PBXFileReference; lastKnownFileType = sourcecode.swift; path = EssentialFeedAPIEndToEndTests.swift; sourceTree = "<group>"; };
		B5C474EE29C3352700FC4B2B /* UIImage+TestHelpers.swift */ = {isa = PBXFileReference; lastKnownFileType = sourcecode.swift; path = "UIImage+TestHelpers.swift"; sourceTree = "<group>"; };
		B5C474F029C3361600FC4B2B /* UIRefreshControl+TestHelpers.swift */ = {isa = PBXFileReference; lastKnownFileType = sourcecode.swift; path = "UIRefreshControl+TestHelpers.swift"; sourceTree = "<group>"; };
		B5C474F229C3367F00FC4B2B /* UIButton+TestHelpers.swift */ = {isa = PBXFileReference; lastKnownFileType = sourcecode.swift; path = "UIButton+TestHelpers.swift"; sourceTree = "<group>"; };
		B5C474F429C336F300FC4B2B /* UIControl+TestHelpers.swift */ = {isa = PBXFileReference; lastKnownFileType = sourcecode.swift; path = "UIControl+TestHelpers.swift"; sourceTree = "<group>"; };
		B5C474FA29C3389E00FC4B2B /* FeedViewController+TestHelpers.swift */ = {isa = PBXFileReference; lastKnownFileType = sourcecode.swift; path = "FeedViewController+TestHelpers.swift"; sourceTree = "<group>"; };
		B5C474FC29C3392F00FC4B2B /* FeedImageCell+TestHelpers.swift */ = {isa = PBXFileReference; lastKnownFileType = sourcecode.swift; path = "FeedImageCell+TestHelpers.swift"; sourceTree = "<group>"; };
		B5C474FE29C339BD00FC4B2B /* FeedViewControllerTest+LoaderSpy.swift */ = {isa = PBXFileReference; lastKnownFileType = sourcecode.swift; path = "FeedViewControllerTest+LoaderSpy.swift"; sourceTree = "<group>"; };
		B5CB232E29B495C5002044C5 /* CoreDataHelpers.swift */ = {isa = PBXFileReference; lastKnownFileType = sourcecode.swift; path = CoreDataHelpers.swift; sourceTree = "<group>"; };
		B5CB233029B49669002044C5 /* ManagedCache.swift */ = {isa = PBXFileReference; lastKnownFileType = sourcecode.swift; path = ManagedCache.swift; sourceTree = "<group>"; };
		B5CB233229B49671002044C5 /* ManagedFeedImage.swift */ = {isa = PBXFileReference; lastKnownFileType = sourcecode.swift; path = ManagedFeedImage.swift; sourceTree = "<group>"; };
		B5E80F2229BDD628004981ED /* EssentialFeediOS.framework */ = {isa = PBXFileReference; explicitFileType = wrapper.framework; includeInIndex = 0; path = EssentialFeediOS.framework; sourceTree = BUILT_PRODUCTS_DIR; };
		B5E80F2929BDD628004981ED /* EssentialFeediOSTests.xctest */ = {isa = PBXFileReference; explicitFileType = wrapper.cfbundle; includeInIndex = 0; path = EssentialFeediOSTests.xctest; sourceTree = BUILT_PRODUCTS_DIR; };
		B5E80F3729BEEB3F004981ED /* FeedViewControllerTests.swift */ = {isa = PBXFileReference; lastKnownFileType = sourcecode.swift; path = FeedViewControllerTests.swift; sourceTree = "<group>"; };
		B5E80F3D29BFAB47004981ED /* FeedViewController.swift */ = {isa = PBXFileReference; lastKnownFileType = sourcecode.swift; path = FeedViewController.swift; sourceTree = "<group>"; };
		B5E80F5F29C0A335004981ED /* FeedImageCell.swift */ = {isa = PBXFileReference; lastKnownFileType = sourcecode.swift; path = FeedImageCell.swift; sourceTree = "<group>"; };
		B5E80F6129C1CBC6004981ED /* UIView+Shimmering.swift */ = {isa = PBXFileReference; lastKnownFileType = sourcecode.swift; path = "UIView+Shimmering.swift"; sourceTree = "<group>"; };
		B5F4B0CD29B58ADA00DF6CD3 /* EssentialFeedCacheIntegrationTests.xctest */ = {isa = PBXFileReference; explicitFileType = wrapper.cfbundle; includeInIndex = 0; path = EssentialFeedCacheIntegrationTests.xctest; sourceTree = BUILT_PRODUCTS_DIR; };
		B5F4B0CF29B58ADA00DF6CD3 /* EssentialFeedCacheIntegrationTests.swift */ = {isa = PBXFileReference; lastKnownFileType = sourcecode.swift; path = EssentialFeedCacheIntegrationTests.swift; sourceTree = "<group>"; };
/* End PBXFileReference section */

/* Begin PBXFrameworksBuildPhase section */
		B57EBCED298BFD99000F6507 /* Frameworks */ = {
			isa = PBXFrameworksBuildPhase;
			buildActionMask = 2147483647;
			files = (
			);
			runOnlyForDeploymentPostprocessing = 0;
		};
		B57EBCF5298BFD99000F6507 /* Frameworks */ = {
			isa = PBXFrameworksBuildPhase;
			buildActionMask = 2147483647;
			files = (
				B57EBCF9298BFD99000F6507 /* EssentialFeed.framework in Frameworks */,
			);
			runOnlyForDeploymentPostprocessing = 0;
		};
		B57EBD2A299D0C9E000F6507 /* Frameworks */ = {
			isa = PBXFrameworksBuildPhase;
			buildActionMask = 2147483647;
			files = (
				B57EBD31299D0C9E000F6507 /* EssentialFeed.framework in Frameworks */,
			);
			runOnlyForDeploymentPostprocessing = 0;
		};
		B5E80F1F29BDD628004981ED /* Frameworks */ = {
			isa = PBXFrameworksBuildPhase;
			buildActionMask = 2147483647;
			files = (
				B5E80F3B29BF45A8004981ED /* EssentialFeed.framework in Frameworks */,
			);
			runOnlyForDeploymentPostprocessing = 0;
		};
		B5E80F2629BDD628004981ED /* Frameworks */ = {
			isa = PBXFrameworksBuildPhase;
			buildActionMask = 2147483647;
			files = (
				B5E80F2A29BDD628004981ED /* EssentialFeediOS.framework in Frameworks */,
			);
			runOnlyForDeploymentPostprocessing = 0;
		};
		B5F4B0CA29B58ADA00DF6CD3 /* Frameworks */ = {
			isa = PBXFrameworksBuildPhase;
			buildActionMask = 2147483647;
			files = (
				B5F4B0D129B58ADA00DF6CD3 /* EssentialFeed.framework in Frameworks */,
			);
			runOnlyForDeploymentPostprocessing = 0;
		};
/* End PBXFrameworksBuildPhase section */

/* Begin PBXGroup section */
		B5465BA329A3AD2000DAD1F7 /* Feed Cache */ = {
			isa = PBXGroup;
			children = (
				B5650C7E29B219E500CF391E /* FeedStoreSpecs */,
				B5465BB129A8D5BA00DAD1F7 /* Helpers */,
				B5465BA429A3AD4300DAD1F7 /* CacheFeedUseCaseTests.swift */,
				B5465BAF29A887A400DAD1F7 /* LoadFeedFromCacheUseCaseTests.swift */,
				B5465BB429AB1AE200DAD1F7 /* ValidateFeedCacheUseCaseTest.swift */,
				B5465BBC29ADA1B400DAD1F7 /* CodableFeedStoreTests.swift */,
				B5650C7F29B32CE700CF391E /* CoreDataFeedStoreSpecs.swift */,
			);
			path = "Feed Cache";
			sourceTree = "<group>";
		};
		B5465BA629A720BD00DAD1F7 /* Feed Cache */ = {
			isa = PBXGroup;
			children = (
				B5CB232B29B494E8002044C5 /* Infrastructure */,
				B5465BA729A720E600DAD1F7 /* LocalFeedLoader.swift */,
				B5465BA929A721F300DAD1F7 /* FeedStore.swift */,
				B5465BAD29A843BB00DAD1F7 /* LocalFeedImage.swift */,
				B5465BBA29AC4E9400DAD1F7 /* FeedCachePolicy.swift */,
			);
			path = "Feed Cache";
			sourceTree = "<group>";
		};
		B5465BB129A8D5BA00DAD1F7 /* Helpers */ = {
			isa = PBXGroup;
			children = (
				B5465BB229A8D5D200DAD1F7 /* FeedStoreSpy.swift */,
				B5465BB829AB740200DAD1F7 /* FeedCacheTestHelpers.swift */,
			);
			path = Helpers;
			sourceTree = "<group>";
		};
		B5650C7E29B219E500CF391E /* FeedStoreSpecs */ = {
			isa = PBXGroup;
			children = (
				B5650C7229B1940400CF391E /* FeedStoreSpecs.swift */,
				B5650C7C29B218B400CF391E /* XCTestCase+FailableDeleteFeedStoreSpecs.swift */,
				B5650C7629B1C89500CF391E /* XCTestCase+FailableRetrieveFeedStoreSpecs.swift */,
				B5650C7A29B2162700CF391E /* XCTestCase+FailableInsertFeedStoreSpecs.swift */,
				B5650C7429B1AD0E00CF391E /* XCTestCase+FeedStoreSpecs.swift */,
			);
			path = FeedStoreSpecs;
			sourceTree = "<group>";
		};
		B57EBCE6298BFD99000F6507 = {
			isa = PBXGroup;
			children = (
				B57EBCF2298BFD99000F6507 /* EssentialFeed */,
				B57EBCFC298BFD99000F6507 /* EssentialFeedTests */,
				B57EBD2E299D0C9E000F6507 /* EssentialFeedAPIEndToEndTests */,
				B5F4B0CE29B58ADA00DF6CD3 /* EssentialFeedCacheIntegrationTests */,
				B5E80F2329BDD628004981ED /* EssentialFeediOS */,
				B5E80F2D29BDD628004981ED /* EssentialFeediOSTests */,
				B57EBCF1298BFD99000F6507 /* Products */,
				B5E80F3A29BF45A8004981ED /* Frameworks */,
			);
			sourceTree = "<group>";
		};
		B57EBCF1298BFD99000F6507 /* Products */ = {
			isa = PBXGroup;
			children = (
				B57EBCF0298BFD99000F6507 /* EssentialFeed.framework */,
				B57EBCF8298BFD99000F6507 /* EssentialFeedTests.xctest */,
				B57EBD2D299D0C9E000F6507 /* EssentialFeedAPIEndToEndTests.xctest */,
				B5F4B0CD29B58ADA00DF6CD3 /* EssentialFeedCacheIntegrationTests.xctest */,
				B5E80F2229BDD628004981ED /* EssentialFeediOS.framework */,
				B5E80F2929BDD628004981ED /* EssentialFeediOSTests.xctest */,
			);
			name = Products;
			sourceTree = "<group>";
		};
		B57EBCF2298BFD99000F6507 /* EssentialFeed */ = {
			isa = PBXGroup;
			children = (
				B57EBD11298DE5DE000F6507 /* Feed API */,
				B5465BA629A720BD00DAD1F7 /* Feed Cache */,
				B57EBD0C298C0261000F6507 /* Feed Feature */,
			);
			path = EssentialFeed;
			sourceTree = "<group>";
		};
		B57EBCFC298BFD99000F6507 /* EssentialFeedTests */ = {
			isa = PBXGroup;
			children = (
				B57EBD24299A57C4000F6507 /* Helpers */,
				B5465BA329A3AD2000DAD1F7 /* Feed Cache */,
				B57EBD1F2995F4F4000F6507 /* Feed API */,
			);
			path = EssentialFeedTests;
			sourceTree = "<group>";
		};
		B57EBD0C298C0261000F6507 /* Feed Feature */ = {
			isa = PBXGroup;
			children = (
				B57EBD08298BFDFD000F6507 /* FeedImage.swift */,
				B57EBD0A298C00BE000F6507 /* FeedLoader.swift */,
			);
			path = "Feed Feature";
			sourceTree = "<group>";
		};
		B57EBD11298DE5DE000F6507 /* Feed API */ = {
			isa = PBXGroup;
			children = (
				B57EBD12298DE626000F6507 /* RemoteFeedLoader.swift */,
				B57EBD1D29938170000F6507 /* FeedItemsMapper.swift */,
				B57EBD1B29938074000F6507 /* HTTPClient.swift */,
				B57EBD27299BBFD4000F6507 /* URLSessionHTTPClient.swift */,
				B5465BAB29A7939300DAD1F7 /* RemoteFeedItem.swift */,
			);
			path = "Feed API";
			sourceTree = "<group>";
		};
		B57EBD1F2995F4F4000F6507 /* Feed API */ = {
			isa = PBXGroup;
			children = (
				B57EBD0D298C8913000F6507 /* LoadFeedFromRemoteUseCaseTests.swift */,
				B57EBD202997D246000F6507 /* URLSessionHTTPClientTests.swift */,
			);
			path = "Feed API";
			sourceTree = "<group>";
		};
		B57EBD24299A57C4000F6507 /* Helpers */ = {
			isa = PBXGroup;
			children = (
				B57EBD25299A57E9000F6507 /* XCTestCase+MemoryLeakTracking.swift */,
				B5465BB629AB732D00DAD1F7 /* SharedTestHelpers.swift */,
			);
			path = Helpers;
			sourceTree = "<group>";
		};
		B57EBD2E299D0C9E000F6507 /* EssentialFeedAPIEndToEndTests */ = {
			isa = PBXGroup;
			children = (
				B57EBD2F299D0C9E000F6507 /* EssentialFeedAPIEndToEndTests.swift */,
			);
			path = EssentialFeedAPIEndToEndTests;
			sourceTree = "<group>";
		};
		B5C474ED29C3351000FC4B2B /* Helpers */ = {
			isa = PBXGroup;
			children = (
				B5C474EE29C3352700FC4B2B /* UIImage+TestHelpers.swift */,
				B5C474F029C3361600FC4B2B /* UIRefreshControl+TestHelpers.swift */,
				B5C474F229C3367F00FC4B2B /* UIButton+TestHelpers.swift */,
				B5C474F429C336F300FC4B2B /* UIControl+TestHelpers.swift */,
			);
			path = Helpers;
			sourceTree = "<group>";
		};
		B5C474F629C337E200FC4B2B /* Views */ = {
			isa = PBXGroup;
			children = (
				B5E80F5F29C0A335004981ED /* FeedImageCell.swift */,
				B5E80F6129C1CBC6004981ED /* UIView+Shimmering.swift */,
			);
			path = Views;
			sourceTree = "<group>";
		};
		B5C474F729C3381900FC4B2B /* Controllers */ = {
			isa = PBXGroup;
			children = (
				B5E80F3D29BFAB47004981ED /* FeedViewController.swift */,
			);
			path = Controllers;
			sourceTree = "<group>";
		};
		B5C474F829C3383200FC4B2B /* Controllers */ = {
			isa = PBXGroup;
			children = (
				B5C474F929C3388700FC4B2B /* Helpers */,
				B5E80F3729BEEB3F004981ED /* FeedViewControllerTests.swift */,
			);
			path = Controllers;
			sourceTree = "<group>";
		};
		B5C474F929C3388700FC4B2B /* Helpers */ = {
			isa = PBXGroup;
			children = (
				B5C474FA29C3389E00FC4B2B /* FeedViewController+TestHelpers.swift */,
				B5C474FC29C3392F00FC4B2B /* FeedImageCell+TestHelpers.swift */,
				B5C474FE29C339BD00FC4B2B /* FeedViewControllerTest+LoaderSpy.swift */,
			);
			path = Helpers;
			sourceTree = "<group>";
		};
		B5CB232B29B494E8002044C5 /* Infrastructure */ = {
			isa = PBXGroup;
			children = (
				B5CB232D29B49558002044C5 /* Codable */,
				B5CB232C29B49501002044C5 /* CoreData */,
			);
			path = Infrastructure;
			sourceTree = "<group>";
		};
		B5CB232C29B49501002044C5 /* CoreData */ = {
			isa = PBXGroup;
			children = (
				B5650C8129B32DDF00CF391E /* CoreDataFeedStore.swift */,
				B5650C8329B32FF400CF391E /* FeedStore.xcdatamodeld */,
				B5CB232E29B495C5002044C5 /* CoreDataHelpers.swift */,
				B5CB233029B49669002044C5 /* ManagedCache.swift */,
				B5CB233229B49671002044C5 /* ManagedFeedImage.swift */,
			);
			path = CoreData;
			sourceTree = "<group>";
		};
		B5CB232D29B49558002044C5 /* Codable */ = {
			isa = PBXGroup;
			children = (
				B5650C7029B0456A00CF391E /* CodableFeedStore.swift */,
			);
			path = Codable;
			sourceTree = "<group>";
		};
		B5E80F2329BDD628004981ED /* EssentialFeediOS */ = {
			isa = PBXGroup;
			children = (
				B5C474F729C3381900FC4B2B /* Controllers */,
				B5C474F629C337E200FC4B2B /* Views */,
			);
			path = EssentialFeediOS;
			sourceTree = "<group>";
		};
		B5E80F2D29BDD628004981ED /* EssentialFeediOSTests */ = {
			isa = PBXGroup;
			children = (
				B5C474F829C3383200FC4B2B /* Controllers */,
				B5C474ED29C3351000FC4B2B /* Helpers */,
			);
			path = EssentialFeediOSTests;
			sourceTree = "<group>";
		};
		B5E80F3A29BF45A8004981ED /* Frameworks */ = {
			isa = PBXGroup;
			children = (
			);
			name = Frameworks;
			sourceTree = "<group>";
		};
		B5F4B0CE29B58ADA00DF6CD3 /* EssentialFeedCacheIntegrationTests */ = {
			isa = PBXGroup;
			children = (
				B5F4B0CF29B58ADA00DF6CD3 /* EssentialFeedCacheIntegrationTests.swift */,
			);
			path = EssentialFeedCacheIntegrationTests;
			sourceTree = "<group>";
		};
/* End PBXGroup section */

/* Begin PBXHeadersBuildPhase section */
		B57EBCEB298BFD99000F6507 /* Headers */ = {
			isa = PBXHeadersBuildPhase;
			buildActionMask = 2147483647;
			files = (
			);
			runOnlyForDeploymentPostprocessing = 0;
		};
		B5E80F1D29BDD628004981ED /* Headers */ = {
			isa = PBXHeadersBuildPhase;
			buildActionMask = 2147483647;
			files = (
			);
			runOnlyForDeploymentPostprocessing = 0;
		};
/* End PBXHeadersBuildPhase section */

/* Begin PBXNativeTarget section */
		B57EBCEF298BFD99000F6507 /* EssentialFeed */ = {
			isa = PBXNativeTarget;
			buildConfigurationList = B57EBD02298BFD99000F6507 /* Build configuration list for PBXNativeTarget "EssentialFeed" */;
			buildPhases = (
				B57EBCEB298BFD99000F6507 /* Headers */,
				B57EBCEC298BFD99000F6507 /* Sources */,
				B57EBCED298BFD99000F6507 /* Frameworks */,
				B57EBCEE298BFD99000F6507 /* Resources */,
			);
			buildRules = (
			);
			dependencies = (
			);
			name = EssentialFeed;
			productName = EssentialFeed;
			productReference = B57EBCF0298BFD99000F6507 /* EssentialFeed.framework */;
			productType = "com.apple.product-type.framework";
		};
		B57EBCF7298BFD99000F6507 /* EssentialFeedTests */ = {
			isa = PBXNativeTarget;
			buildConfigurationList = B57EBD05298BFD99000F6507 /* Build configuration list for PBXNativeTarget "EssentialFeedTests" */;
			buildPhases = (
				B57EBCF4298BFD99000F6507 /* Sources */,
				B57EBCF5298BFD99000F6507 /* Frameworks */,
				B57EBCF6298BFD99000F6507 /* Resources */,
			);
			buildRules = (
			);
			dependencies = (
				B57EBCFB298BFD99000F6507 /* PBXTargetDependency */,
			);
			name = EssentialFeedTests;
			productName = EssentialFeedTests;
			productReference = B57EBCF8298BFD99000F6507 /* EssentialFeedTests.xctest */;
			productType = "com.apple.product-type.bundle.unit-test";
		};
		B57EBD2C299D0C9E000F6507 /* EssentialFeedAPIEndToEndTests */ = {
			isa = PBXNativeTarget;
			buildConfigurationList = B57EBD34299D0C9E000F6507 /* Build configuration list for PBXNativeTarget "EssentialFeedAPIEndToEndTests" */;
			buildPhases = (
				B57EBD29299D0C9E000F6507 /* Sources */,
				B57EBD2A299D0C9E000F6507 /* Frameworks */,
				B57EBD2B299D0C9E000F6507 /* Resources */,
			);
			buildRules = (
			);
			dependencies = (
				B57EBD33299D0C9E000F6507 /* PBXTargetDependency */,
			);
			name = EssentialFeedAPIEndToEndTests;
			productName = EssentialFeedAPIEndToEndTests;
			productReference = B57EBD2D299D0C9E000F6507 /* EssentialFeedAPIEndToEndTests.xctest */;
			productType = "com.apple.product-type.bundle.unit-test";
		};
		B5E80F2129BDD628004981ED /* EssentialFeediOS */ = {
			isa = PBXNativeTarget;
			buildConfigurationList = B5E80F3129BDD628004981ED /* Build configuration list for PBXNativeTarget "EssentialFeediOS" */;
			buildPhases = (
				B5E80F1D29BDD628004981ED /* Headers */,
				B5E80F1E29BDD628004981ED /* Sources */,
				B5E80F1F29BDD628004981ED /* Frameworks */,
				B5E80F2029BDD628004981ED /* Resources */,
			);
			buildRules = (
			);
			dependencies = (
			);
			name = EssentialFeediOS;
			productName = EssentialFeediOS;
			productReference = B5E80F2229BDD628004981ED /* EssentialFeediOS.framework */;
			productType = "com.apple.product-type.framework";
		};
		B5E80F2829BDD628004981ED /* EssentialFeediOSTests */ = {
			isa = PBXNativeTarget;
			buildConfigurationList = B5E80F3429BDD628004981ED /* Build configuration list for PBXNativeTarget "EssentialFeediOSTests" */;
			buildPhases = (
				B5E80F2529BDD628004981ED /* Sources */,
				B5E80F2629BDD628004981ED /* Frameworks */,
				B5E80F2729BDD628004981ED /* Resources */,
			);
			buildRules = (
			);
			dependencies = (
				B5E80F2C29BDD628004981ED /* PBXTargetDependency */,
			);
			name = EssentialFeediOSTests;
			productName = EssentialFeediOSTests;
			productReference = B5E80F2929BDD628004981ED /* EssentialFeediOSTests.xctest */;
			productType = "com.apple.product-type.bundle.unit-test";
		};
		B5F4B0CC29B58ADA00DF6CD3 /* EssentialFeedCacheIntegrationTests */ = {
			isa = PBXNativeTarget;
			buildConfigurationList = B5F4B0D629B58ADA00DF6CD3 /* Build configuration list for PBXNativeTarget "EssentialFeedCacheIntegrationTests" */;
			buildPhases = (
				B5F4B0C929B58ADA00DF6CD3 /* Sources */,
				B5F4B0CA29B58ADA00DF6CD3 /* Frameworks */,
				B5F4B0CB29B58ADA00DF6CD3 /* Resources */,
			);
			buildRules = (
			);
			dependencies = (
				B5F4B0D329B58ADA00DF6CD3 /* PBXTargetDependency */,
			);
			name = EssentialFeedCacheIntegrationTests;
			productName = EssentialFeedCacheIntegrationTests;
			productReference = B5F4B0CD29B58ADA00DF6CD3 /* EssentialFeedCacheIntegrationTests.xctest */;
			productType = "com.apple.product-type.bundle.unit-test";
		};
/* End PBXNativeTarget section */

/* Begin PBXProject section */
		B57EBCE7298BFD99000F6507 /* Project object */ = {
			isa = PBXProject;
			attributes = {
				BuildIndependentTargetsInParallel = 1;
				LastSwiftUpdateCheck = 1420;
				LastUpgradeCheck = 1420;
				TargetAttributes = {
					B57EBCEF298BFD99000F6507 = {
						CreatedOnToolsVersion = 13.3.1;
						LastSwiftMigration = 1330;
					};
					B57EBCF7298BFD99000F6507 = {
						CreatedOnToolsVersion = 13.3.1;
					};
					B57EBD2C299D0C9E000F6507 = {
						CreatedOnToolsVersion = 13.3.1;
					};
					B5E80F2129BDD628004981ED = {
						CreatedOnToolsVersion = 14.2;
						LastSwiftMigration = 1420;
					};
					B5E80F2829BDD628004981ED = {
						CreatedOnToolsVersion = 14.2;
						LastSwiftMigration = 1420;
					};
					B5F4B0CC29B58ADA00DF6CD3 = {
						CreatedOnToolsVersion = 14.2;
					};
				};
			};
			buildConfigurationList = B57EBCEA298BFD99000F6507 /* Build configuration list for PBXProject "EssentialFeed" */;
			compatibilityVersion = "Xcode 13.0";
			developmentRegion = en;
			hasScannedForEncodings = 0;
			knownRegions = (
				en,
				Base,
			);
			mainGroup = B57EBCE6298BFD99000F6507;
			productRefGroup = B57EBCF1298BFD99000F6507 /* Products */;
			projectDirPath = "";
			projectRoot = "";
			targets = (
				B57EBCEF298BFD99000F6507 /* EssentialFeed */,
				B57EBCF7298BFD99000F6507 /* EssentialFeedTests */,
				B57EBD2C299D0C9E000F6507 /* EssentialFeedAPIEndToEndTests */,
				B5F4B0CC29B58ADA00DF6CD3 /* EssentialFeedCacheIntegrationTests */,
				B5E80F2129BDD628004981ED /* EssentialFeediOS */,
				B5E80F2829BDD628004981ED /* EssentialFeediOSTests */,
			);
		};
/* End PBXProject section */

/* Begin PBXResourcesBuildPhase section */
		B57EBCEE298BFD99000F6507 /* Resources */ = {
			isa = PBXResourcesBuildPhase;
			buildActionMask = 2147483647;
			files = (
			);
			runOnlyForDeploymentPostprocessing = 0;
		};
		B57EBCF6298BFD99000F6507 /* Resources */ = {
			isa = PBXResourcesBuildPhase;
			buildActionMask = 2147483647;
			files = (
			);
			runOnlyForDeploymentPostprocessing = 0;
		};
		B57EBD2B299D0C9E000F6507 /* Resources */ = {
			isa = PBXResourcesBuildPhase;
			buildActionMask = 2147483647;
			files = (
			);
			runOnlyForDeploymentPostprocessing = 0;
		};
		B5E80F2029BDD628004981ED /* Resources */ = {
			isa = PBXResourcesBuildPhase;
			buildActionMask = 2147483647;
			files = (
			);
			runOnlyForDeploymentPostprocessing = 0;
		};
		B5E80F2729BDD628004981ED /* Resources */ = {
			isa = PBXResourcesBuildPhase;
			buildActionMask = 2147483647;
			files = (
			);
			runOnlyForDeploymentPostprocessing = 0;
		};
		B5F4B0CB29B58ADA00DF6CD3 /* Resources */ = {
			isa = PBXResourcesBuildPhase;
			buildActionMask = 2147483647;
			files = (
			);
			runOnlyForDeploymentPostprocessing = 0;
		};
/* End PBXResourcesBuildPhase section */

/* Begin PBXSourcesBuildPhase section */
		B57EBCEC298BFD99000F6507 /* Sources */ = {
			isa = PBXSourcesBuildPhase;
			buildActionMask = 2147483647;
			files = (
				B5CB232F29B495C5002044C5 /* CoreDataHelpers.swift in Sources */,
				B57EBD1E29938170000F6507 /* FeedItemsMapper.swift in Sources */,
				B57EBD0B298C00BE000F6507 /* FeedLoader.swift in Sources */,
				B5465BAC29A7939300DAD1F7 /* RemoteFeedItem.swift in Sources */,
				B5465BBB29AC4E9400DAD1F7 /* FeedCachePolicy.swift in Sources */,
				B57EBD13298DE626000F6507 /* RemoteFeedLoader.swift in Sources */,
				B5650C8529B32FF400CF391E /* FeedStore.xcdatamodeld in Sources */,
				B5465BAE29A843BB00DAD1F7 /* LocalFeedImage.swift in Sources */,
				B5465BAA29A721F300DAD1F7 /* FeedStore.swift in Sources */,
				B5465BA829A720E600DAD1F7 /* LocalFeedLoader.swift in Sources */,
				B5650C7129B0456A00CF391E /* CodableFeedStore.swift in Sources */,
				B57EBD1C29938074000F6507 /* HTTPClient.swift in Sources */,
				B57EBD09298BFDFD000F6507 /* FeedImage.swift in Sources */,
				B57EBD28299BBFD4000F6507 /* URLSessionHTTPClient.swift in Sources */,
				B5CB233129B49669002044C5 /* ManagedCache.swift in Sources */,
				B5650C8229B32DDF00CF391E /* CoreDataFeedStore.swift in Sources */,
				B5CB233329B49671002044C5 /* ManagedFeedImage.swift in Sources */,
			);
			runOnlyForDeploymentPostprocessing = 0;
		};
		B57EBCF4298BFD99000F6507 /* Sources */ = {
			isa = PBXSourcesBuildPhase;
			buildActionMask = 2147483647;
			files = (
				B5465BBD29ADA1B400DAD1F7 /* CodableFeedStoreTests.swift in Sources */,
				B57EBD0E298C8913000F6507 /* LoadFeedFromRemoteUseCaseTests.swift in Sources */,
				B57EBD212997D246000F6507 /* URLSessionHTTPClientTests.swift in Sources */,
				B5465BB329A8D5D200DAD1F7 /* FeedStoreSpy.swift in Sources */,
				B5465BA529A3AD4300DAD1F7 /* CacheFeedUseCaseTests.swift in Sources */,
				B5465BB929AB740200DAD1F7 /* FeedCacheTestHelpers.swift in Sources */,
				B5465BB729AB732D00DAD1F7 /* SharedTestHelpers.swift in Sources */,
				B5465BB029A887A400DAD1F7 /* LoadFeedFromCacheUseCaseTests.swift in Sources */,
				B5650C7729B1C89500CF391E /* XCTestCase+FailableRetrieveFeedStoreSpecs.swift in Sources */,
				B5650C8029B32CE700CF391E /* CoreDataFeedStoreSpecs.swift in Sources */,
				B5650C7D29B218B400CF391E /* XCTestCase+FailableDeleteFeedStoreSpecs.swift in Sources */,
				B5465BB529AB1AE200DAD1F7 /* ValidateFeedCacheUseCaseTest.swift in Sources */,
				B5650C7329B1940400CF391E /* FeedStoreSpecs.swift in Sources */,
				B57EBD26299A57E9000F6507 /* XCTestCase+MemoryLeakTracking.swift in Sources */,
				B5650C7529B1AD0E00CF391E /* XCTestCase+FeedStoreSpecs.swift in Sources */,
				B5650C7B29B2162700CF391E /* XCTestCase+FailableInsertFeedStoreSpecs.swift in Sources */,
			);
			runOnlyForDeploymentPostprocessing = 0;
		};
		B57EBD29299D0C9E000F6507 /* Sources */ = {
			isa = PBXSourcesBuildPhase;
			buildActionMask = 2147483647;
			files = (
				B57EBD30299D0C9E000F6507 /* EssentialFeedAPIEndToEndTests.swift in Sources */,
				B57EBD38299D169C000F6507 /* XCTestCase+MemoryLeakTracking.swift in Sources */,
			);
			runOnlyForDeploymentPostprocessing = 0;
		};
		B5E80F1E29BDD628004981ED /* Sources */ = {
			isa = PBXSourcesBuildPhase;
			buildActionMask = 2147483647;
			files = (
				B5E80F6229C1CBC6004981ED /* UIView+Shimmering.swift in Sources */,
				B5E80F3E29BFAB47004981ED /* FeedViewController.swift in Sources */,
				B5E80F6029C0A335004981ED /* FeedImageCell.swift in Sources */,
			);
			runOnlyForDeploymentPostprocessing = 0;
		};
		B5E80F2529BDD628004981ED /* Sources */ = {
			isa = PBXSourcesBuildPhase;
			buildActionMask = 2147483647;
			files = (
				B5E80F3929BEEB3F004981ED /* FeedViewControllerTests.swift in Sources */,
				B5C474F329C3367F00FC4B2B /* UIButton+TestHelpers.swift in Sources */,
				B5C474F129C3361600FC4B2B /* UIRefreshControl+TestHelpers.swift in Sources */,
				B5C474F529C336F300FC4B2B /* UIControl+TestHelpers.swift in Sources */,
				B5C474FF29C339BD00FC4B2B /* FeedViewControllerTest+LoaderSpy.swift in Sources */,
				B5C474FB29C3389E00FC4B2B /* FeedViewController+TestHelpers.swift in Sources */,
				B5E80F3C29BF466A004981ED /* XCTestCase+MemoryLeakTracking.swift in Sources */,
				B5C474EF29C3352700FC4B2B /* UIImage+TestHelpers.swift in Sources */,
				B5C474FD29C3392F00FC4B2B /* FeedImageCell+TestHelpers.swift in Sources */,
			);
			runOnlyForDeploymentPostprocessing = 0;
		};
		B5F4B0C929B58ADA00DF6CD3 /* Sources */ = {
			isa = PBXSourcesBuildPhase;
			buildActionMask = 2147483647;
			files = (
				B5F4B0D929B5963900DF6CD3 /* SharedTestHelpers.swift in Sources */,
				B5F4B0D029B58ADA00DF6CD3 /* EssentialFeedCacheIntegrationTests.swift in Sources */,
				B5F4B0D829B5962900DF6CD3 /* FeedCacheTestHelpers.swift in Sources */,
				B5F4B0D729B58CA000DF6CD3 /* XCTestCase+MemoryLeakTracking.swift in Sources */,
			);
			runOnlyForDeploymentPostprocessing = 0;
		};
/* End PBXSourcesBuildPhase section */

/* Begin PBXTargetDependency section */
		B57EBCFB298BFD99000F6507 /* PBXTargetDependency */ = {
			isa = PBXTargetDependency;
			target = B57EBCEF298BFD99000F6507 /* EssentialFeed */;
			targetProxy = B57EBCFA298BFD99000F6507 /* PBXContainerItemProxy */;
		};
		B57EBD33299D0C9E000F6507 /* PBXTargetDependency */ = {
			isa = PBXTargetDependency;
			target = B57EBCEF298BFD99000F6507 /* EssentialFeed */;
			targetProxy = B57EBD32299D0C9E000F6507 /* PBXContainerItemProxy */;
		};
		B5E80F2C29BDD628004981ED /* PBXTargetDependency */ = {
			isa = PBXTargetDependency;
			target = B5E80F2129BDD628004981ED /* EssentialFeediOS */;
			targetProxy = B5E80F2B29BDD628004981ED /* PBXContainerItemProxy */;
		};
		B5F4B0D329B58ADA00DF6CD3 /* PBXTargetDependency */ = {
			isa = PBXTargetDependency;
			target = B57EBCEF298BFD99000F6507 /* EssentialFeed */;
			targetProxy = B5F4B0D229B58ADA00DF6CD3 /* PBXContainerItemProxy */;
		};
/* End PBXTargetDependency section */

/* Begin XCBuildConfiguration section */
		B57EBD00298BFD99000F6507 /* Debug */ = {
			isa = XCBuildConfiguration;
			buildSettings = {
				ALWAYS_SEARCH_USER_PATHS = NO;
				CLANG_ANALYZER_NONNULL = YES;
				CLANG_ANALYZER_NUMBER_OBJECT_CONVERSION = YES_AGGRESSIVE;
				CLANG_CXX_LANGUAGE_STANDARD = "gnu++17";
				CLANG_ENABLE_MODULES = YES;
				CLANG_ENABLE_OBJC_ARC = YES;
				CLANG_ENABLE_OBJC_WEAK = YES;
				CLANG_WARN_BLOCK_CAPTURE_AUTORELEASING = YES;
				CLANG_WARN_BOOL_CONVERSION = YES;
				CLANG_WARN_COMMA = YES;
				CLANG_WARN_CONSTANT_CONVERSION = YES;
				CLANG_WARN_DEPRECATED_OBJC_IMPLEMENTATIONS = YES;
				CLANG_WARN_DIRECT_OBJC_ISA_USAGE = YES_ERROR;
				CLANG_WARN_DOCUMENTATION_COMMENTS = YES;
				CLANG_WARN_EMPTY_BODY = YES;
				CLANG_WARN_ENUM_CONVERSION = YES;
				CLANG_WARN_INFINITE_RECURSION = YES;
				CLANG_WARN_INT_CONVERSION = YES;
				CLANG_WARN_NON_LITERAL_NULL_CONVERSION = YES;
				CLANG_WARN_OBJC_IMPLICIT_RETAIN_SELF = YES;
				CLANG_WARN_OBJC_LITERAL_CONVERSION = YES;
				CLANG_WARN_OBJC_ROOT_CLASS = YES_ERROR;
				CLANG_WARN_QUOTED_INCLUDE_IN_FRAMEWORK_HEADER = YES;
				CLANG_WARN_RANGE_LOOP_ANALYSIS = YES;
				CLANG_WARN_STRICT_PROTOTYPES = YES;
				CLANG_WARN_SUSPICIOUS_MOVE = YES;
				CLANG_WARN_UNGUARDED_AVAILABILITY = YES_AGGRESSIVE;
				CLANG_WARN_UNREACHABLE_CODE = YES;
				CLANG_WARN__DUPLICATE_METHOD_MATCH = YES;
				COPY_PHASE_STRIP = NO;
				CURRENT_PROJECT_VERSION = 1;
				DEAD_CODE_STRIPPING = YES;
				DEBUG_INFORMATION_FORMAT = dwarf;
				ENABLE_STRICT_OBJC_MSGSEND = YES;
				ENABLE_TESTABILITY = YES;
				GCC_C_LANGUAGE_STANDARD = gnu11;
				GCC_DYNAMIC_NO_PIC = NO;
				GCC_NO_COMMON_BLOCKS = YES;
				GCC_OPTIMIZATION_LEVEL = 0;
				GCC_PREPROCESSOR_DEFINITIONS = (
					"DEBUG=1",
					"$(inherited)",
				);
				GCC_WARN_64_TO_32_BIT_CONVERSION = YES;
				GCC_WARN_ABOUT_RETURN_TYPE = YES_ERROR;
				GCC_WARN_UNDECLARED_SELECTOR = YES;
				GCC_WARN_UNINITIALIZED_AUTOS = YES_AGGRESSIVE;
				GCC_WARN_UNUSED_FUNCTION = YES;
				GCC_WARN_UNUSED_VARIABLE = YES;
				MACOSX_DEPLOYMENT_TARGET = 12.3;
				MTL_ENABLE_DEBUG_INFO = INCLUDE_SOURCE;
				MTL_FAST_MATH = YES;
				ONLY_ACTIVE_ARCH = YES;
				SDKROOT = macosx;
				SWIFT_ACTIVE_COMPILATION_CONDITIONS = DEBUG;
				SWIFT_OPTIMIZATION_LEVEL = "-Onone";
				VERSIONING_SYSTEM = "apple-generic";
				VERSION_INFO_PREFIX = "";
			};
			name = Debug;
		};
		B57EBD01298BFD99000F6507 /* Release */ = {
			isa = XCBuildConfiguration;
			buildSettings = {
				ALWAYS_SEARCH_USER_PATHS = NO;
				CLANG_ANALYZER_NONNULL = YES;
				CLANG_ANALYZER_NUMBER_OBJECT_CONVERSION = YES_AGGRESSIVE;
				CLANG_CXX_LANGUAGE_STANDARD = "gnu++17";
				CLANG_ENABLE_MODULES = YES;
				CLANG_ENABLE_OBJC_ARC = YES;
				CLANG_ENABLE_OBJC_WEAK = YES;
				CLANG_WARN_BLOCK_CAPTURE_AUTORELEASING = YES;
				CLANG_WARN_BOOL_CONVERSION = YES;
				CLANG_WARN_COMMA = YES;
				CLANG_WARN_CONSTANT_CONVERSION = YES;
				CLANG_WARN_DEPRECATED_OBJC_IMPLEMENTATIONS = YES;
				CLANG_WARN_DIRECT_OBJC_ISA_USAGE = YES_ERROR;
				CLANG_WARN_DOCUMENTATION_COMMENTS = YES;
				CLANG_WARN_EMPTY_BODY = YES;
				CLANG_WARN_ENUM_CONVERSION = YES;
				CLANG_WARN_INFINITE_RECURSION = YES;
				CLANG_WARN_INT_CONVERSION = YES;
				CLANG_WARN_NON_LITERAL_NULL_CONVERSION = YES;
				CLANG_WARN_OBJC_IMPLICIT_RETAIN_SELF = YES;
				CLANG_WARN_OBJC_LITERAL_CONVERSION = YES;
				CLANG_WARN_OBJC_ROOT_CLASS = YES_ERROR;
				CLANG_WARN_QUOTED_INCLUDE_IN_FRAMEWORK_HEADER = YES;
				CLANG_WARN_RANGE_LOOP_ANALYSIS = YES;
				CLANG_WARN_STRICT_PROTOTYPES = YES;
				CLANG_WARN_SUSPICIOUS_MOVE = YES;
				CLANG_WARN_UNGUARDED_AVAILABILITY = YES_AGGRESSIVE;
				CLANG_WARN_UNREACHABLE_CODE = YES;
				CLANG_WARN__DUPLICATE_METHOD_MATCH = YES;
				COPY_PHASE_STRIP = NO;
				CURRENT_PROJECT_VERSION = 1;
				DEAD_CODE_STRIPPING = YES;
				DEBUG_INFORMATION_FORMAT = "dwarf-with-dsym";
				ENABLE_NS_ASSERTIONS = NO;
				ENABLE_STRICT_OBJC_MSGSEND = YES;
				GCC_C_LANGUAGE_STANDARD = gnu11;
				GCC_NO_COMMON_BLOCKS = YES;
				GCC_WARN_64_TO_32_BIT_CONVERSION = YES;
				GCC_WARN_ABOUT_RETURN_TYPE = YES_ERROR;
				GCC_WARN_UNDECLARED_SELECTOR = YES;
				GCC_WARN_UNINITIALIZED_AUTOS = YES_AGGRESSIVE;
				GCC_WARN_UNUSED_FUNCTION = YES;
				GCC_WARN_UNUSED_VARIABLE = YES;
				MACOSX_DEPLOYMENT_TARGET = 12.3;
				MTL_ENABLE_DEBUG_INFO = NO;
				MTL_FAST_MATH = YES;
				SDKROOT = macosx;
				SWIFT_COMPILATION_MODE = wholemodule;
				SWIFT_OPTIMIZATION_LEVEL = "-O";
				VERSIONING_SYSTEM = "apple-generic";
				VERSION_INFO_PREFIX = "";
			};
			name = Release;
		};
		B57EBD03298BFD99000F6507 /* Debug */ = {
			isa = XCBuildConfiguration;
			buildSettings = {
				CLANG_ENABLE_MODULES = YES;
				CODE_SIGN_STYLE = Automatic;
				COMBINE_HIDPI_IMAGES = YES;
				CURRENT_PROJECT_VERSION = 1;
				DEAD_CODE_STRIPPING = YES;
				DEFINES_MODULE = YES;
				DYLIB_COMPATIBILITY_VERSION = 1;
				DYLIB_CURRENT_VERSION = 1;
				DYLIB_INSTALL_NAME_BASE = "@rpath";
				GENERATE_INFOPLIST_FILE = YES;
				INFOPLIST_KEY_NSHumanReadableCopyright = "";
				INSTALL_PATH = "$(LOCAL_LIBRARY_DIR)/Frameworks";
				LD_RUNPATH_SEARCH_PATHS = (
					"$(inherited)",
					"@executable_path/../Frameworks",
					"@loader_path/Frameworks",
				);
				MARKETING_VERSION = 1.0;
				PRODUCT_BUNDLE_IDENTIFIER = com.ajpagente.EssentialFeed;
				PRODUCT_NAME = "$(TARGET_NAME:c99extidentifier)";
				SKIP_INSTALL = YES;
				SUPPORTED_PLATFORMS = "macosx iphonesimulator iphoneos";
				SWIFT_EMIT_LOC_STRINGS = YES;
				SWIFT_OPTIMIZATION_LEVEL = "-Onone";
				SWIFT_VERSION = 5.0;
			};
			name = Debug;
		};
		B57EBD04298BFD99000F6507 /* Release */ = {
			isa = XCBuildConfiguration;
			buildSettings = {
				CLANG_ENABLE_MODULES = YES;
				CODE_SIGN_STYLE = Automatic;
				COMBINE_HIDPI_IMAGES = YES;
				CURRENT_PROJECT_VERSION = 1;
				DEAD_CODE_STRIPPING = YES;
				DEFINES_MODULE = YES;
				DYLIB_COMPATIBILITY_VERSION = 1;
				DYLIB_CURRENT_VERSION = 1;
				DYLIB_INSTALL_NAME_BASE = "@rpath";
				GENERATE_INFOPLIST_FILE = YES;
				INFOPLIST_KEY_NSHumanReadableCopyright = "";
				INSTALL_PATH = "$(LOCAL_LIBRARY_DIR)/Frameworks";
				LD_RUNPATH_SEARCH_PATHS = (
					"$(inherited)",
					"@executable_path/../Frameworks",
					"@loader_path/Frameworks",
				);
				MARKETING_VERSION = 1.0;
				PRODUCT_BUNDLE_IDENTIFIER = com.ajpagente.EssentialFeed;
				PRODUCT_NAME = "$(TARGET_NAME:c99extidentifier)";
				SKIP_INSTALL = YES;
				SUPPORTED_PLATFORMS = "macosx iphonesimulator iphoneos";
				SWIFT_EMIT_LOC_STRINGS = YES;
				SWIFT_VERSION = 5.0;
			};
			name = Release;
		};
		B57EBD06298BFD99000F6507 /* Debug */ = {
			isa = XCBuildConfiguration;
			buildSettings = {
				ALWAYS_EMBED_SWIFT_STANDARD_LIBRARIES = YES;
				CODE_SIGN_STYLE = Automatic;
				CURRENT_PROJECT_VERSION = 1;
				DEAD_CODE_STRIPPING = YES;
				GENERATE_INFOPLIST_FILE = YES;
				MARKETING_VERSION = 1.0;
				PRODUCT_BUNDLE_IDENTIFIER = com.ajpagente.EssentialFeedTests;
				PRODUCT_NAME = "$(TARGET_NAME)";
				SUPPORTED_PLATFORMS = "macosx iphonesimulator iphoneos";
				SWIFT_EMIT_LOC_STRINGS = NO;
				SWIFT_VERSION = 5.0;
			};
			name = Debug;
		};
		B57EBD07298BFD99000F6507 /* Release */ = {
			isa = XCBuildConfiguration;
			buildSettings = {
				ALWAYS_EMBED_SWIFT_STANDARD_LIBRARIES = YES;
				CODE_SIGN_STYLE = Automatic;
				CURRENT_PROJECT_VERSION = 1;
				DEAD_CODE_STRIPPING = YES;
				GENERATE_INFOPLIST_FILE = YES;
				MARKETING_VERSION = 1.0;
				PRODUCT_BUNDLE_IDENTIFIER = com.ajpagente.EssentialFeedTests;
				PRODUCT_NAME = "$(TARGET_NAME)";
				SUPPORTED_PLATFORMS = "macosx iphonesimulator iphoneos";
				SWIFT_EMIT_LOC_STRINGS = NO;
				SWIFT_VERSION = 5.0;
			};
			name = Release;
		};
		B57EBD35299D0C9E000F6507 /* Debug */ = {
			isa = XCBuildConfiguration;
			buildSettings = {
				CODE_SIGN_STYLE = Automatic;
				CURRENT_PROJECT_VERSION = 1;
				DEAD_CODE_STRIPPING = YES;
				GENERATE_INFOPLIST_FILE = YES;
				MARKETING_VERSION = 1.0;
				PRODUCT_BUNDLE_IDENTIFIER = com.ajpagente.EssentialFeedAPIEndToEndTests;
				PRODUCT_NAME = "$(TARGET_NAME)";
				SUPPORTED_PLATFORMS = "macosx iphonesimulator iphoneos";
				SWIFT_EMIT_LOC_STRINGS = NO;
				SWIFT_VERSION = 5.0;
			};
			name = Debug;
		};
		B57EBD36299D0C9E000F6507 /* Release */ = {
			isa = XCBuildConfiguration;
			buildSettings = {
				CODE_SIGN_STYLE = Automatic;
				CURRENT_PROJECT_VERSION = 1;
				DEAD_CODE_STRIPPING = YES;
				GENERATE_INFOPLIST_FILE = YES;
				MARKETING_VERSION = 1.0;
				PRODUCT_BUNDLE_IDENTIFIER = com.ajpagente.EssentialFeedAPIEndToEndTests;
				PRODUCT_NAME = "$(TARGET_NAME)";
				SUPPORTED_PLATFORMS = "macosx iphonesimulator iphoneos";
				SWIFT_EMIT_LOC_STRINGS = NO;
				SWIFT_VERSION = 5.0;
			};
			name = Release;
		};
		B5E80F3229BDD628004981ED /* Debug */ = {
			isa = XCBuildConfiguration;
			buildSettings = {
				CLANG_CXX_LANGUAGE_STANDARD = "gnu++20";
				CLANG_ENABLE_MODULES = YES;
				CODE_SIGN_STYLE = Automatic;
				CURRENT_PROJECT_VERSION = 1;
				DEFINES_MODULE = YES;
				DYLIB_COMPATIBILITY_VERSION = 1;
				DYLIB_CURRENT_VERSION = 1;
				DYLIB_INSTALL_NAME_BASE = "@rpath";
				GENERATE_INFOPLIST_FILE = YES;
				INFOPLIST_KEY_NSHumanReadableCopyright = "";
				INSTALL_PATH = "$(LOCAL_LIBRARY_DIR)/Frameworks";
				IPHONEOS_DEPLOYMENT_TARGET = 16.2;
				LD_RUNPATH_SEARCH_PATHS = (
					"$(inherited)",
					"@executable_path/Frameworks",
					"@loader_path/Frameworks",
				);
				MARKETING_VERSION = 1.0;
				PRODUCT_BUNDLE_IDENTIFIER = com.ajpagente.leadessentials.prototype.EssentialFeediOS;
				PRODUCT_NAME = "$(TARGET_NAME:c99extidentifier)";
				SDKROOT = iphoneos;
				SKIP_INSTALL = YES;
				SWIFT_EMIT_LOC_STRINGS = YES;
				SWIFT_OPTIMIZATION_LEVEL = "-Onone";
				SWIFT_VERSION = 5.0;
				TARGETED_DEVICE_FAMILY = "1,2";
			};
			name = Debug;
		};
		B5E80F3329BDD628004981ED /* Release */ = {
			isa = XCBuildConfiguration;
			buildSettings = {
				CLANG_CXX_LANGUAGE_STANDARD = "gnu++20";
				CLANG_ENABLE_MODULES = YES;
				CODE_SIGN_STYLE = Automatic;
				CURRENT_PROJECT_VERSION = 1;
				DEFINES_MODULE = YES;
				DYLIB_COMPATIBILITY_VERSION = 1;
				DYLIB_CURRENT_VERSION = 1;
				DYLIB_INSTALL_NAME_BASE = "@rpath";
				GENERATE_INFOPLIST_FILE = YES;
				INFOPLIST_KEY_NSHumanReadableCopyright = "";
				INSTALL_PATH = "$(LOCAL_LIBRARY_DIR)/Frameworks";
				IPHONEOS_DEPLOYMENT_TARGET = 16.2;
				LD_RUNPATH_SEARCH_PATHS = (
					"$(inherited)",
					"@executable_path/Frameworks",
					"@loader_path/Frameworks",
				);
				MARKETING_VERSION = 1.0;
				PRODUCT_BUNDLE_IDENTIFIER = com.ajpagente.leadessentials.prototype.EssentialFeediOS;
				PRODUCT_NAME = "$(TARGET_NAME:c99extidentifier)";
				SDKROOT = iphoneos;
				SKIP_INSTALL = YES;
				SWIFT_EMIT_LOC_STRINGS = YES;
				SWIFT_VERSION = 5.0;
				TARGETED_DEVICE_FAMILY = "1,2";
				VALIDATE_PRODUCT = YES;
			};
			name = Release;
		};
		B5E80F3529BDD628004981ED /* Debug */ = {
			isa = XCBuildConfiguration;
			buildSettings = {
				ALWAYS_EMBED_SWIFT_STANDARD_LIBRARIES = YES;
				CLANG_CXX_LANGUAGE_STANDARD = "gnu++20";
				CLANG_ENABLE_MODULES = YES;
				CODE_SIGN_STYLE = Automatic;
				CURRENT_PROJECT_VERSION = 1;
				GENERATE_INFOPLIST_FILE = YES;
				IPHONEOS_DEPLOYMENT_TARGET = 16.2;
				LD_RUNPATH_SEARCH_PATHS = (
					"$(inherited)",
					"@executable_path/Frameworks",
					"@loader_path/Frameworks",
				);
				MARKETING_VERSION = 1.0;
				PRODUCT_BUNDLE_IDENTIFIER = com.ajpagente.leadessentials.prototype.EssentialFeediOSTests;
				PRODUCT_NAME = "$(TARGET_NAME)";
				SDKROOT = iphoneos;
				SWIFT_EMIT_LOC_STRINGS = NO;
				SWIFT_OPTIMIZATION_LEVEL = "-Onone";
				SWIFT_VERSION = 5.0;
				TARGETED_DEVICE_FAMILY = "1,2";
			};
			name = Debug;
		};
		B5E80F3629BDD628004981ED /* Release */ = {
			isa = XCBuildConfiguration;
			buildSettings = {
				ALWAYS_EMBED_SWIFT_STANDARD_LIBRARIES = YES;
				CLANG_CXX_LANGUAGE_STANDARD = "gnu++20";
				CLANG_ENABLE_MODULES = YES;
				CODE_SIGN_STYLE = Automatic;
				CURRENT_PROJECT_VERSION = 1;
				GENERATE_INFOPLIST_FILE = YES;
				IPHONEOS_DEPLOYMENT_TARGET = 16.2;
				LD_RUNPATH_SEARCH_PATHS = (
					"$(inherited)",
					"@executable_path/Frameworks",
					"@loader_path/Frameworks",
				);
				MARKETING_VERSION = 1.0;
				PRODUCT_BUNDLE_IDENTIFIER = com.ajpagente.leadessentials.prototype.EssentialFeediOSTests;
				PRODUCT_NAME = "$(TARGET_NAME)";
				SDKROOT = iphoneos;
				SWIFT_EMIT_LOC_STRINGS = NO;
				SWIFT_VERSION = 5.0;
				TARGETED_DEVICE_FAMILY = "1,2";
				VALIDATE_PRODUCT = YES;
			};
			name = Release;
		};
		B5F4B0D429B58ADA00DF6CD3 /* Debug */ = {
			isa = XCBuildConfiguration;
			buildSettings = {
				CLANG_CXX_LANGUAGE_STANDARD = "gnu++20";
				CODE_SIGN_STYLE = Automatic;
				CURRENT_PROJECT_VERSION = 1;
				DEAD_CODE_STRIPPING = YES;
				GENERATE_INFOPLIST_FILE = YES;
				MACOSX_DEPLOYMENT_TARGET = 12.3;
				MARKETING_VERSION = 1.0;
				PRODUCT_BUNDLE_IDENTIFIER = com.ajpagente.EssentialFeedCacheIntegrationTests;
				PRODUCT_NAME = "$(TARGET_NAME)";
				SUPPORTED_PLATFORMS = "macosx iphonesimulator iphoneos";
				SWIFT_EMIT_LOC_STRINGS = NO;
				SWIFT_VERSION = 5.0;
			};
			name = Debug;
		};
		B5F4B0D529B58ADA00DF6CD3 /* Release */ = {
			isa = XCBuildConfiguration;
			buildSettings = {
				CLANG_CXX_LANGUAGE_STANDARD = "gnu++20";
				CODE_SIGN_STYLE = Automatic;
				CURRENT_PROJECT_VERSION = 1;
				DEAD_CODE_STRIPPING = YES;
				GENERATE_INFOPLIST_FILE = YES;
				MACOSX_DEPLOYMENT_TARGET = 12.3;
				MARKETING_VERSION = 1.0;
				PRODUCT_BUNDLE_IDENTIFIER = com.ajpagente.EssentialFeedCacheIntegrationTests;
				PRODUCT_NAME = "$(TARGET_NAME)";
				SUPPORTED_PLATFORMS = "macosx iphonesimulator iphoneos";
				SWIFT_EMIT_LOC_STRINGS = NO;
				SWIFT_VERSION = 5.0;
			};
			name = Release;
		};
/* End XCBuildConfiguration section */

/* Begin XCConfigurationList section */
		B57EBCEA298BFD99000F6507 /* Build configuration list for PBXProject "EssentialFeed" */ = {
			isa = XCConfigurationList;
			buildConfigurations = (
				B57EBD00298BFD99000F6507 /* Debug */,
				B57EBD01298BFD99000F6507 /* Release */,
			);
			defaultConfigurationIsVisible = 0;
			defaultConfigurationName = Release;
		};
		B57EBD02298BFD99000F6507 /* Build configuration list for PBXNativeTarget "EssentialFeed" */ = {
			isa = XCConfigurationList;
			buildConfigurations = (
				B57EBD03298BFD99000F6507 /* Debug */,
				B57EBD04298BFD99000F6507 /* Release */,
			);
			defaultConfigurationIsVisible = 0;
			defaultConfigurationName = Release;
		};
		B57EBD05298BFD99000F6507 /* Build configuration list for PBXNativeTarget "EssentialFeedTests" */ = {
			isa = XCConfigurationList;
			buildConfigurations = (
				B57EBD06298BFD99000F6507 /* Debug */,
				B57EBD07298BFD99000F6507 /* Release */,
			);
			defaultConfigurationIsVisible = 0;
			defaultConfigurationName = Release;
		};
		B57EBD34299D0C9E000F6507 /* Build configuration list for PBXNativeTarget "EssentialFeedAPIEndToEndTests" */ = {
			isa = XCConfigurationList;
			buildConfigurations = (
				B57EBD35299D0C9E000F6507 /* Debug */,
				B57EBD36299D0C9E000F6507 /* Release */,
			);
			defaultConfigurationIsVisible = 0;
			defaultConfigurationName = Release;
		};
		B5E80F3129BDD628004981ED /* Build configuration list for PBXNativeTarget "EssentialFeediOS" */ = {
			isa = XCConfigurationList;
			buildConfigurations = (
				B5E80F3229BDD628004981ED /* Debug */,
				B5E80F3329BDD628004981ED /* Release */,
			);
			defaultConfigurationIsVisible = 0;
			defaultConfigurationName = Release;
		};
		B5E80F3429BDD628004981ED /* Build configuration list for PBXNativeTarget "EssentialFeediOSTests" */ = {
			isa = XCConfigurationList;
			buildConfigurations = (
				B5E80F3529BDD628004981ED /* Debug */,
				B5E80F3629BDD628004981ED /* Release */,
			);
			defaultConfigurationIsVisible = 0;
			defaultConfigurationName = Release;
		};
		B5F4B0D629B58ADA00DF6CD3 /* Build configuration list for PBXNativeTarget "EssentialFeedCacheIntegrationTests" */ = {
			isa = XCConfigurationList;
			buildConfigurations = (
				B5F4B0D429B58ADA00DF6CD3 /* Debug */,
				B5F4B0D529B58ADA00DF6CD3 /* Release */,
			);
			defaultConfigurationIsVisible = 0;
			defaultConfigurationName = Release;
		};
/* End XCConfigurationList section */

/* Begin XCVersionGroup section */
		B5650C8329B32FF400CF391E /* FeedStore.xcdatamodeld */ = {
			isa = XCVersionGroup;
			children = (
				B5650C8429B32FF400CF391E /* FeedStore.xcdatamodel */,
			);
			currentVersion = B5650C8429B32FF400CF391E /* FeedStore.xcdatamodel */;
			path = FeedStore.xcdatamodeld;
			sourceTree = "<group>";
			versionGroupType = wrapper.xcdatamodel;
		};
/* End XCVersionGroup section */
	};
	rootObject = B57EBCE7298BFD99000F6507 /* Project object */;
}
