// !$*UTF8*$!
{
	archiveVersion = 1;
	classes = {
	};
	objectVersion = 55;
	objects = {

/* Begin PBXBuildFile section */
		B5465BA529A3AD4300DAD1F7 /* CacheFeedUseCaseTests.swift in Sources */ = {isa = PBXBuildFile; fileRef = B5465BA429A3AD4300DAD1F7 /* CacheFeedUseCaseTests.swift */; };
		B5465BA829A720E600DAD1F7 /* LocalFeedLoader.swift in Sources */ = {isa = PBXBuildFile; fileRef = B5465BA729A720E600DAD1F7 /* LocalFeedLoader.swift */; };
		B5465BAA29A721F300DAD1F7 /* FeedStore.swift in Sources */ = {isa = PBXBuildFile; fileRef = B5465BA929A721F300DAD1F7 /* FeedStore.swift */; };
		B5465BAC29A7939300DAD1F7 /* RemoteFeedItem.swift in Sources */ = {isa = PBXBuildFile; fileRef = B5465BAB29A7939300DAD1F7 /* RemoteFeedItem.swift */; };
		B5465BAE29A843BB00DAD1F7 /* LocalFeedImage.swift in Sources */ = {isa = PBXBuildFile; fileRef = B5465BAD29A843BB00DAD1F7 /* LocalFeedImage.swift */; };
		B5465BB029A887A400DAD1F7 /* LoadFeedFromCacheUseCaseTests.swift in Sources */ = {isa = PBXBuildFile; fileRef = B5465BAF29A887A400DAD1F7 /* LoadFeedFromCacheUseCaseTests.swift */; };
		B5465BB329A8D5D200DAD1F7 /* FeedStoreSpy.swift in Sources */ = {isa = PBXBuildFile; fileRef = B5465BB229A8D5D200DAD1F7 /* FeedStoreSpy.swift */; };
		B5465BB529AB1AE200DAD1F7 /* ValidateFeedCacheUseCaseTest.swift in Sources */ = {isa = PBXBuildFile; fileRef = B5465BB429AB1AE200DAD1F7 /* ValidateFeedCacheUseCaseTest.swift */; };
		B5465BB729AB732D00DAD1F7 /* SharedTestHelpers.swift in Sources */ = {isa = PBXBuildFile; fileRef = B5465BB629AB732D00DAD1F7 /* SharedTestHelpers.swift */; };
		B5465BB929AB740200DAD1F7 /* FeedCacheTestHelpers.swift in Sources */ = {isa = PBXBuildFile; fileRef = B5465BB829AB740200DAD1F7 /* FeedCacheTestHelpers.swift */; };
		B5465BBB29AC4E9400DAD1F7 /* FeedCachePolicy.swift in Sources */ = {isa = PBXBuildFile; fileRef = B5465BBA29AC4E9400DAD1F7 /* FeedCachePolicy.swift */; };
		B5465BBD29ADA1B400DAD1F7 /* CodableFeedStoreTests.swift in Sources */ = {isa = PBXBuildFile; fileRef = B5465BBC29ADA1B400DAD1F7 /* CodableFeedStoreTests.swift */; };
		B54A5D3C29C84D99008AC657 /* Feed.storyboard in Resources */ = {isa = PBXBuildFile; fileRef = B54A5D3B29C84D99008AC657 /* Feed.storyboard */; };
		B54A5D3E29C84E3B008AC657 /* Feed.xcassets in Resources */ = {isa = PBXBuildFile; fileRef = B54A5D3D29C84E3B008AC657 /* Feed.xcassets */; };
		B54A5D4029C973E6008AC657 /* UITableView+Dequeueing.swift in Sources */ = {isa = PBXBuildFile; fileRef = B54A5D3F29C973E6008AC657 /* UITableView+Dequeueing.swift */; };
		B54A5D4229C974E2008AC657 /* UIImageViews+Animation.swift in Sources */ = {isa = PBXBuildFile; fileRef = B54A5D4129C974E2008AC657 /* UIImageViews+Animation.swift */; };
		B5650C7129B0456A00CF391E /* CodableFeedStore.swift in Sources */ = {isa = PBXBuildFile; fileRef = B5650C7029B0456A00CF391E /* CodableFeedStore.swift */; };
		B5650C7329B1940400CF391E /* FeedStoreSpecs.swift in Sources */ = {isa = PBXBuildFile; fileRef = B5650C7229B1940400CF391E /* FeedStoreSpecs.swift */; };
		B5650C7529B1AD0E00CF391E /* XCTestCase+FeedStoreSpecs.swift in Sources */ = {isa = PBXBuildFile; fileRef = B5650C7429B1AD0E00CF391E /* XCTestCase+FeedStoreSpecs.swift */; };
		B5650C7729B1C89500CF391E /* XCTestCase+FailableRetrieveFeedStoreSpecs.swift in Sources */ = {isa = PBXBuildFile; fileRef = B5650C7629B1C89500CF391E /* XCTestCase+FailableRetrieveFeedStoreSpecs.swift */; };
		B5650C7B29B2162700CF391E /* XCTestCase+FailableInsertFeedStoreSpecs.swift in Sources */ = {isa = PBXBuildFile; fileRef = B5650C7A29B2162700CF391E /* XCTestCase+FailableInsertFeedStoreSpecs.swift */; };
		B5650C7D29B218B400CF391E /* XCTestCase+FailableDeleteFeedStoreSpecs.swift in Sources */ = {isa = PBXBuildFile; fileRef = B5650C7C29B218B400CF391E /* XCTestCase+FailableDeleteFeedStoreSpecs.swift */; };
		B5650C8029B32CE700CF391E /* CoreDataFeedStoreSpecs.swift in Sources */ = {isa = PBXBuildFile; fileRef = B5650C7F29B32CE700CF391E /* CoreDataFeedStoreSpecs.swift */; };
		B5650C8229B32DDF00CF391E /* CoreDataFeedStore.swift in Sources */ = {isa = PBXBuildFile; fileRef = B5650C8129B32DDF00CF391E /* CoreDataFeedStore.swift */; };
		B5650C8529B32FF400CF391E /* FeedStore.xcdatamodeld in Sources */ = {isa = PBXBuildFile; fileRef = B5650C8329B32FF400CF391E /* FeedStore.xcdatamodeld */; };
		B572FBE029D3162200790782 /* UIRefreshControl+Helpers.swift in Sources */ = {isa = PBXBuildFile; fileRef = B572FBDF29D3162200790782 /* UIRefreshControl+Helpers.swift */; };
		B572FBE129D31A0900790782 /* FeedLocalizationTests.swift in Sources */ = {isa = PBXBuildFile; fileRef = B54A5D4D29CA97D8008AC657 /* FeedLocalizationTests.swift */; };
		B572FBE329D31A6500790782 /* FeedImagePresenterTests.swift in Sources */ = {isa = PBXBuildFile; fileRef = B572FBE229D31A6500790782 /* FeedImagePresenterTests.swift */; };
		B572FBE529D3FFE100790782 /* FeedImagePresenter.swift in Sources */ = {isa = PBXBuildFile; fileRef = B572FBE429D3FFE100790782 /* FeedImagePresenter.swift */; };
		B572FBE729D4010900790782 /* FeedImageViewModel.swift in Sources */ = {isa = PBXBuildFile; fileRef = B572FBE629D4010900790782 /* FeedImageViewModel.swift */; };
		B572FBE829D4755800790782 /* FeedImageDataLoader.swift in Sources */ = {isa = PBXBuildFile; fileRef = B5C4750529C36B1200FC4B2B /* FeedImageDataLoader.swift */; };
		B572FBF229D56E9200790782 /* HTTPURLResponse+StatusCode.swift in Sources */ = {isa = PBXBuildFile; fileRef = B572FBF129D56E9200790782 /* HTTPURLResponse+StatusCode.swift */; };
		B572FBF529D59E0600790782 /* URLProtocolStub.swift in Sources */ = {isa = PBXBuildFile; fileRef = B572FBF329D59D4600790782 /* URLProtocolStub.swift */; };
		B572FBF729D5B21800790782 /* LoadFeedImageDataFromCacheUseCaseTests.swift in Sources */ = {isa = PBXBuildFile; fileRef = B572FBF629D5B21800790782 /* LoadFeedImageDataFromCacheUseCaseTests.swift */; };
		B572FBF929D5B71400790782 /* FeedImageDataStore.swift in Sources */ = {isa = PBXBuildFile; fileRef = B572FBF829D5B71400790782 /* FeedImageDataStore.swift */; };
		B572FBFB29D5B73A00790782 /* LocalFeedImageDataLoader.swift in Sources */ = {isa = PBXBuildFile; fileRef = B572FBFA29D5B73A00790782 /* LocalFeedImageDataLoader.swift */; };
		B572FBFD29D66AFB00790782 /* FeedImageDataStoreSpy.swift in Sources */ = {isa = PBXBuildFile; fileRef = B572FBFC29D66AFB00790782 /* FeedImageDataStoreSpy.swift */; };
		B572FBFF29D66BEF00790782 /* CacheFeedImageDataUseCaseTests.swift in Sources */ = {isa = PBXBuildFile; fileRef = B572FBFE29D66BEF00790782 /* CacheFeedImageDataUseCaseTests.swift */; };
		B572FC0129D85CC500790782 /* CoreDataFeedImageDataStoreTests.swift in Sources */ = {isa = PBXBuildFile; fileRef = B572FC0029D85CC500790782 /* CoreDataFeedImageDataStoreTests.swift */; };
		B572FC0729D86FC400790782 /* CoreDataFeedStore+FeedImageDataLoader.swift in Sources */ = {isa = PBXBuildFile; fileRef = B572FC0629D86FC400790782 /* CoreDataFeedStore+FeedImageDataLoader.swift */; };
		B572FC0929D8767500790782 /* CoreDataFeedStore+FeedStore.swift in Sources */ = {isa = PBXBuildFile; fileRef = B572FC0829D8767500790782 /* CoreDataFeedStore+FeedStore.swift */; };
		B57A92D929D1CD2C00D3F23F /* FeedPresenterTests.swift in Sources */ = {isa = PBXBuildFile; fileRef = B57A92D829D1CD2C00D3F23F /* FeedPresenterTests.swift */; };
		B57A92E329D2B13E00D3F23F /* FeedPresenter.swift in Sources */ = {isa = PBXBuildFile; fileRef = B57A92E229D2B13E00D3F23F /* FeedPresenter.swift */; };
		B57A92E429D2B31700D3F23F /* Feed.strings in Resources */ = {isa = PBXBuildFile; fileRef = B57A92DE29D1DCD100D3F23F /* Feed.strings */; };
		B57A92E629D2B36200D3F23F /* FeedViewModel.swift in Sources */ = {isa = PBXBuildFile; fileRef = B57A92E529D2B36200D3F23F /* FeedViewModel.swift */; };
		B57A92E829D2B3BF00D3F23F /* ResourceLoadingViewModel.swift in Sources */ = {isa = PBXBuildFile; fileRef = B57A92E729D2B3BF00D3F23F /* ResourceLoadingViewModel.swift */; };
		B57A92EC29D2EDB000D3F23F /* ErrorView.swift in Sources */ = {isa = PBXBuildFile; fileRef = B57A92EB29D2EDB000D3F23F /* ErrorView.swift */; };
		B57EBCF9298BFD99000F6507 /* EssentialFeed.framework in Frameworks */ = {isa = PBXBuildFile; fileRef = B57EBCF0298BFD99000F6507 /* EssentialFeed.framework */; };
		B57EBD09298BFDFD000F6507 /* FeedImage.swift in Sources */ = {isa = PBXBuildFile; fileRef = B57EBD08298BFDFD000F6507 /* FeedImage.swift */; };
		B57EBD0E298C8913000F6507 /* LoadFeedFromRemoteUseCaseTests.swift in Sources */ = {isa = PBXBuildFile; fileRef = B57EBD0D298C8913000F6507 /* LoadFeedFromRemoteUseCaseTests.swift */; };
		B57EBD1C29938074000F6507 /* HTTPClient.swift in Sources */ = {isa = PBXBuildFile; fileRef = B57EBD1B29938074000F6507 /* HTTPClient.swift */; };
		B57EBD1E29938170000F6507 /* FeedItemsMapper.swift in Sources */ = {isa = PBXBuildFile; fileRef = B57EBD1D29938170000F6507 /* FeedItemsMapper.swift */; };
		B57EBD212997D246000F6507 /* URLSessionHTTPClientTests.swift in Sources */ = {isa = PBXBuildFile; fileRef = B57EBD202997D246000F6507 /* URLSessionHTTPClientTests.swift */; };
		B57EBD26299A57E9000F6507 /* XCTestCase+MemoryLeakTracking.swift in Sources */ = {isa = PBXBuildFile; fileRef = B57EBD25299A57E9000F6507 /* XCTestCase+MemoryLeakTracking.swift */; };
		B57EBD28299BBFD4000F6507 /* URLSessionHTTPClient.swift in Sources */ = {isa = PBXBuildFile; fileRef = B57EBD27299BBFD4000F6507 /* URLSessionHTTPClient.swift */; };
		B57EBD30299D0C9E000F6507 /* EssentialFeedAPIEndToEndTests.swift in Sources */ = {isa = PBXBuildFile; fileRef = B57EBD2F299D0C9E000F6507 /* EssentialFeedAPIEndToEndTests.swift */; };
		B57EBD31299D0C9E000F6507 /* EssentialFeed.framework in Frameworks */ = {isa = PBXBuildFile; fileRef = B57EBCF0298BFD99000F6507 /* EssentialFeed.framework */; };
		B57EBD38299D169C000F6507 /* XCTestCase+MemoryLeakTracking.swift in Sources */ = {isa = PBXBuildFile; fileRef = B57EBD25299A57E9000F6507 /* XCTestCase+MemoryLeakTracking.swift */; };
		B5C4750B29C40EA600FC4B2B /* FeedImageCellController.swift in Sources */ = {isa = PBXBuildFile; fileRef = B5C4750A29C40EA600FC4B2B /* FeedImageCellController.swift */; };
		B5C556F429DBDE4500F25874 /* FeedCache.swift in Sources */ = {isa = PBXBuildFile; fileRef = B5C556F329DBDE4500F25874 /* FeedCache.swift */; };
		B5C556FE29DC6CD800F25874 /* FeedImageDataCache.swift in Sources */ = {isa = PBXBuildFile; fileRef = B5C556FD29DC6CD800F25874 /* FeedImageDataCache.swift */; };
		B5CB232F29B495C5002044C5 /* CoreDataHelpers.swift in Sources */ = {isa = PBXBuildFile; fileRef = B5CB232E29B495C5002044C5 /* CoreDataHelpers.swift */; };
		B5CB233129B49669002044C5 /* ManagedCache.swift in Sources */ = {isa = PBXBuildFile; fileRef = B5CB233029B49669002044C5 /* ManagedCache.swift */; };
		B5CB233329B49671002044C5 /* ManagedFeedImage.swift in Sources */ = {isa = PBXBuildFile; fileRef = B5CB233229B49671002044C5 /* ManagedFeedImage.swift */; };
		B5CF437B29E1102600EC1843 /* FeedSnapshotTests.swift in Sources */ = {isa = PBXBuildFile; fileRef = B5CF437A29E1102600EC1843 /* FeedSnapshotTests.swift */; };
		B5CF437C29E1102600EC1843 /* EssentialFeed.framework in Frameworks */ = {isa = PBXBuildFile; fileRef = B57EBCF0298BFD99000F6507 /* EssentialFeed.framework */; platformFilter = ios; };
		B5CF438329E1113B00EC1843 /* UITableView+HeaderSizing.swift in Sources */ = {isa = PBXBuildFile; fileRef = B5CF438229E1113B00EC1843 /* UITableView+HeaderSizing.swift */; };
		B5CF438629E1182500EC1843 /* UIImage+TestHelpers.swift in Sources */ = {isa = PBXBuildFile; fileRef = B5CF438529E1182500EC1843 /* UIImage+TestHelpers.swift */; };
		B5CF438829E12BFF00EC1843 /* UIViewController+Snapshots.swift in Sources */ = {isa = PBXBuildFile; fileRef = B5CF438729E12BFF00EC1843 /* UIViewController+Snapshots.swift */; };
		B5CF438A29E12D2300EC1843 /* XCTestCase+Snapshot.swift in Sources */ = {isa = PBXBuildFile; fileRef = B5CF438929E12D2300EC1843 /* XCTestCase+Snapshot.swift */; };
		B5CF439229E663B900EC1843 /* ImageCommentsMapper.swift in Sources */ = {isa = PBXBuildFile; fileRef = B5CF439129E663B900EC1843 /* ImageCommentsMapper.swift */; };
		B5CF439929E6662A00EC1843 /* ImageComment.swift in Sources */ = {isa = PBXBuildFile; fileRef = B5CF439829E6662A00EC1843 /* ImageComment.swift */; };
		B5CF43A829E6984600EC1843 /* FeedItemsMapperTests.swift in Sources */ = {isa = PBXBuildFile; fileRef = B5CF43A729E6984600EC1843 /* FeedItemsMapperTests.swift */; };
		B5CF43AA29E6E3E400EC1843 /* ImageCommentsMapperTests.swift in Sources */ = {isa = PBXBuildFile; fileRef = B5CF43A929E6E3E400EC1843 /* ImageCommentsMapperTests.swift */; };
		B5CF43AC29E81BE100EC1843 /* FeedImageDataMapper.swift in Sources */ = {isa = PBXBuildFile; fileRef = B5CF43AB29E81BE100EC1843 /* FeedImageDataMapper.swift */; };
		B5CF43AE29E81C3300EC1843 /* FeedImageDataMapperTests.swift in Sources */ = {isa = PBXBuildFile; fileRef = B5CF43AD29E81C3300EC1843 /* FeedImageDataMapperTests.swift */; };
		B5CF43B129E985CE00EC1843 /* LoadResourcePresenter.swift in Sources */ = {isa = PBXBuildFile; fileRef = B5CF43B029E985CE00EC1843 /* LoadResourcePresenter.swift */; };
		B5CF43B429E9866C00EC1843 /* LoadResourcePresenterTests.swift in Sources */ = {isa = PBXBuildFile; fileRef = B5CF43B329E9866C00EC1843 /* LoadResourcePresenterTests.swift */; };
		B5CF43B729E98E2900EC1843 /* Shared.strings in Resources */ = {isa = PBXBuildFile; fileRef = B5CF43B929E98E2900EC1843 /* Shared.strings */; };
		B5CF43BD29E98E8500EC1843 /* ShareLocalizationTests.swift in Sources */ = {isa = PBXBuildFile; fileRef = B5CF43BC29E98E8500EC1843 /* ShareLocalizationTests.swift */; };
		B5CF43BF29E99D0100EC1843 /* SharedLocalizationTestHelpers.swift in Sources */ = {isa = PBXBuildFile; fileRef = B5CF43BE29E99D0100EC1843 /* SharedLocalizationTestHelpers.swift */; };
		B5CF43C129EAC94600EC1843 /* ResourceLoadingView.swift in Sources */ = {isa = PBXBuildFile; fileRef = B5CF43C029EAC94600EC1843 /* ResourceLoadingView.swift */; };
		B5CF43C329EACB3A00EC1843 /* ResourceErrorView.swift in Sources */ = {isa = PBXBuildFile; fileRef = B5CF43C229EACB3A00EC1843 /* ResourceErrorView.swift */; };
		B5CF43C529EACB5E00EC1843 /* ResourceErrorViewModel.swift in Sources */ = {isa = PBXBuildFile; fileRef = B5CF43C429EACB5E00EC1843 /* ResourceErrorViewModel.swift */; };
		B5CF43CA29EB68FE00EC1843 /* ImageCommentsPresenter.swift in Sources */ = {isa = PBXBuildFile; fileRef = B5CF43C929EB68FE00EC1843 /* ImageCommentsPresenter.swift */; };
		B5CF43CD29EB694500EC1843 /* ImageCommentsPresentation.swift in Sources */ = {isa = PBXBuildFile; fileRef = B5CF43CC29EB694500EC1843 /* ImageCommentsPresentation.swift */; };
		B5CF43CE29EB699A00EC1843 /* ImageComments.strings in Resources */ = {isa = PBXBuildFile; fileRef = B5CF43D029EB699A00EC1843 /* ImageComments.strings */; };
		B5CF43D429EB69E200EC1843 /* ImageCommentsLocalizationTests.swift in Sources */ = {isa = PBXBuildFile; fileRef = B5CF43D329EB69E200EC1843 /* ImageCommentsLocalizationTests.swift */; };
		B5CF442C29EE2CAB00EC1843 /* LIST_WITH_ERROR_MESSAGE_light.png in Resources */ = {isa = PBXBuildFile; fileRef = B5CF442429EE2CAB00EC1843 /* LIST_WITH_ERROR_MESSAGE_light.png */; };
		B5CF442D29EE2CAB00EC1843 /* EMPTY_LIST_dark.png in Resources */ = {isa = PBXBuildFile; fileRef = B5CF442529EE2CAB00EC1843 /* EMPTY_LIST_dark.png */; };
		B5CF442F29EE2CAB00EC1843 /* EMPTY_LIST_light.png in Resources */ = {isa = PBXBuildFile; fileRef = B5CF442729EE2CAB00EC1843 /* EMPTY_LIST_light.png */; };
		B5CF443029EE2CAB00EC1843 /* LIST_WITH_ERROR_MESSAGE_dark.png in Resources */ = {isa = PBXBuildFile; fileRef = B5CF442829EE2CAB00EC1843 /* LIST_WITH_ERROR_MESSAGE_dark.png */; };
		B5CF443229EE2CD000EC1843 /* ListSnapshotTests.swift in Sources */ = {isa = PBXBuildFile; fileRef = B5CF443129EE2CD000EC1843 /* ListSnapshotTests.swift */; };
		B5CF443829EE2DC900EC1843 /* FEED_WITH_FAILED_IMAGE_LOADING_light.png in Resources */ = {isa = PBXBuildFile; fileRef = B5CF443429EE2DC900EC1843 /* FEED_WITH_FAILED_IMAGE_LOADING_light.png */; };
		B5CF443929EE2DC900EC1843 /* FEED_WITH_FAILED_IMAGE_LOADING_dark.png in Resources */ = {isa = PBXBuildFile; fileRef = B5CF443529EE2DC900EC1843 /* FEED_WITH_FAILED_IMAGE_LOADING_dark.png */; };
		B5CF443A29EE2DC900EC1843 /* FEED_WITH_CONTENT_dark.png in Resources */ = {isa = PBXBuildFile; fileRef = B5CF443629EE2DC900EC1843 /* FEED_WITH_CONTENT_dark.png */; };
		B5CF443B29EE2DC900EC1843 /* FEED_WITH_CONTENT_light.png in Resources */ = {isa = PBXBuildFile; fileRef = B5CF443729EE2DC900EC1843 /* FEED_WITH_CONTENT_light.png */; };
		B5E80F3B29BF45A8004981ED /* EssentialFeed.framework in Frameworks */ = {isa = PBXBuildFile; fileRef = B57EBCF0298BFD99000F6507 /* EssentialFeed.framework */; platformFilter = ios; };
		B5E80F3E29BFAB47004981ED /* ListViewController.swift in Sources */ = {isa = PBXBuildFile; fileRef = B5E80F3D29BFAB47004981ED /* ListViewController.swift */; };
		B5E80F6029C0A335004981ED /* FeedImageCell.swift in Sources */ = {isa = PBXBuildFile; fileRef = B5E80F5F29C0A335004981ED /* FeedImageCell.swift */; };
		B5E80F6229C1CBC6004981ED /* UIView+Shimmering.swift in Sources */ = {isa = PBXBuildFile; fileRef = B5E80F6129C1CBC6004981ED /* UIView+Shimmering.swift */; };
		B5F4B0D029B58ADA00DF6CD3 /* EssentialFeedCacheIntegrationTests.swift in Sources */ = {isa = PBXBuildFile; fileRef = B5F4B0CF29B58ADA00DF6CD3 /* EssentialFeedCacheIntegrationTests.swift */; };
		B5F4B0D129B58ADA00DF6CD3 /* EssentialFeed.framework in Frameworks */ = {isa = PBXBuildFile; fileRef = B57EBCF0298BFD99000F6507 /* EssentialFeed.framework */; };
		B5F4B0D729B58CA000DF6CD3 /* XCTestCase+MemoryLeakTracking.swift in Sources */ = {isa = PBXBuildFile; fileRef = B57EBD25299A57E9000F6507 /* XCTestCase+MemoryLeakTracking.swift */; };
		B5F4B0D829B5962900DF6CD3 /* FeedCacheTestHelpers.swift in Sources */ = {isa = PBXBuildFile; fileRef = B5465BB829AB740200DAD1F7 /* FeedCacheTestHelpers.swift */; };
		B5F4B0D929B5963900DF6CD3 /* SharedTestHelpers.swift in Sources */ = {isa = PBXBuildFile; fileRef = B5465BB629AB732D00DAD1F7 /* SharedTestHelpers.swift */; };
/* End PBXBuildFile section */

/* Begin PBXContainerItemProxy section */
		B57EBCFA298BFD99000F6507 /* PBXContainerItemProxy */ = {
			isa = PBXContainerItemProxy;
			containerPortal = B57EBCE7298BFD99000F6507 /* Project object */;
			proxyType = 1;
			remoteGlobalIDString = B57EBCEF298BFD99000F6507;
			remoteInfo = EssentialFeed;
		};
		B57EBD32299D0C9E000F6507 /* PBXContainerItemProxy */ = {
			isa = PBXContainerItemProxy;
			containerPortal = B57EBCE7298BFD99000F6507 /* Project object */;
			proxyType = 1;
			remoteGlobalIDString = B57EBCEF298BFD99000F6507;
			remoteInfo = EssentialFeed;
		};
		B5CF438D29E2F3F800EC1843 /* PBXContainerItemProxy */ = {
			isa = PBXContainerItemProxy;
			containerPortal = B57EBCE7298BFD99000F6507 /* Project object */;
			proxyType = 1;
			remoteGlobalIDString = B5E80F2129BDD628004981ED;
			remoteInfo = EssentialFeediOS;
		};
		B5F4B0D229B58ADA00DF6CD3 /* PBXContainerItemProxy */ = {
			isa = PBXContainerItemProxy;
			containerPortal = B57EBCE7298BFD99000F6507 /* Project object */;
			proxyType = 1;
			remoteGlobalIDString = B57EBCEF298BFD99000F6507;
			remoteInfo = EssentialFeed;
		};
/* End PBXContainerItemProxy section */

/* Begin PBXFileReference section */
		B5465BA429A3AD4300DAD1F7 /* CacheFeedUseCaseTests.swift */ = {isa = PBXFileReference; lastKnownFileType = sourcecode.swift; path = CacheFeedUseCaseTests.swift; sourceTree = "<group>"; };
		B5465BA729A720E600DAD1F7 /* LocalFeedLoader.swift */ = {isa = PBXFileReference; lastKnownFileType = sourcecode.swift; path = LocalFeedLoader.swift; sourceTree = "<group>"; };
		B5465BA929A721F300DAD1F7 /* FeedStore.swift */ = {isa = PBXFileReference; lastKnownFileType = sourcecode.swift; path = FeedStore.swift; sourceTree = "<group>"; };
		B5465BAB29A7939300DAD1F7 /* RemoteFeedItem.swift */ = {isa = PBXFileReference; lastKnownFileType = sourcecode.swift; path = RemoteFeedItem.swift; sourceTree = "<group>"; };
		B5465BAD29A843BB00DAD1F7 /* LocalFeedImage.swift */ = {isa = PBXFileReference; lastKnownFileType = sourcecode.swift; path = LocalFeedImage.swift; sourceTree = "<group>"; };
		B5465BAF29A887A400DAD1F7 /* LoadFeedFromCacheUseCaseTests.swift */ = {isa = PBXFileReference; lastKnownFileType = sourcecode.swift; path = LoadFeedFromCacheUseCaseTests.swift; sourceTree = "<group>"; };
		B5465BB229A8D5D200DAD1F7 /* FeedStoreSpy.swift */ = {isa = PBXFileReference; lastKnownFileType = sourcecode.swift; path = FeedStoreSpy.swift; sourceTree = "<group>"; };
		B5465BB429AB1AE200DAD1F7 /* ValidateFeedCacheUseCaseTest.swift */ = {isa = PBXFileReference; lastKnownFileType = sourcecode.swift; path = ValidateFeedCacheUseCaseTest.swift; sourceTree = "<group>"; };
		B5465BB629AB732D00DAD1F7 /* SharedTestHelpers.swift */ = {isa = PBXFileReference; lastKnownFileType = sourcecode.swift; path = SharedTestHelpers.swift; sourceTree = "<group>"; };
		B5465BB829AB740200DAD1F7 /* FeedCacheTestHelpers.swift */ = {isa = PBXFileReference; lastKnownFileType = sourcecode.swift; path = FeedCacheTestHelpers.swift; sourceTree = "<group>"; };
		B5465BBA29AC4E9400DAD1F7 /* FeedCachePolicy.swift */ = {isa = PBXFileReference; lastKnownFileType = sourcecode.swift; path = FeedCachePolicy.swift; sourceTree = "<group>"; };
		B5465BBC29ADA1B400DAD1F7 /* CodableFeedStoreTests.swift */ = {isa = PBXFileReference; lastKnownFileType = sourcecode.swift; path = CodableFeedStoreTests.swift; sourceTree = "<group>"; };
		B54A5D3B29C84D99008AC657 /* Feed.storyboard */ = {isa = PBXFileReference; lastKnownFileType = file.storyboard; path = Feed.storyboard; sourceTree = "<group>"; };
		B54A5D3D29C84E3B008AC657 /* Feed.xcassets */ = {isa = PBXFileReference; lastKnownFileType = folder.assetcatalog; path = Feed.xcassets; sourceTree = "<group>"; };
		B54A5D3F29C973E6008AC657 /* UITableView+Dequeueing.swift */ = {isa = PBXFileReference; lastKnownFileType = sourcecode.swift; path = "UITableView+Dequeueing.swift"; sourceTree = "<group>"; };
		B54A5D4129C974E2008AC657 /* UIImageViews+Animation.swift */ = {isa = PBXFileReference; lastKnownFileType = sourcecode.swift; path = "UIImageViews+Animation.swift"; sourceTree = "<group>"; };
		B54A5D4D29CA97D8008AC657 /* FeedLocalizationTests.swift */ = {isa = PBXFileReference; lastKnownFileType = sourcecode.swift; path = FeedLocalizationTests.swift; sourceTree = "<group>"; };
		B5650C7029B0456A00CF391E /* CodableFeedStore.swift */ = {isa = PBXFileReference; lastKnownFileType = sourcecode.swift; path = CodableFeedStore.swift; sourceTree = "<group>"; };
		B5650C7229B1940400CF391E /* FeedStoreSpecs.swift */ = {isa = PBXFileReference; lastKnownFileType = sourcecode.swift; path = FeedStoreSpecs.swift; sourceTree = "<group>"; };
		B5650C7429B1AD0E00CF391E /* XCTestCase+FeedStoreSpecs.swift */ = {isa = PBXFileReference; lastKnownFileType = sourcecode.swift; path = "XCTestCase+FeedStoreSpecs.swift"; sourceTree = "<group>"; };
		B5650C7629B1C89500CF391E /* XCTestCase+FailableRetrieveFeedStoreSpecs.swift */ = {isa = PBXFileReference; lastKnownFileType = sourcecode.swift; path = "XCTestCase+FailableRetrieveFeedStoreSpecs.swift"; sourceTree = "<group>"; };
		B5650C7A29B2162700CF391E /* XCTestCase+FailableInsertFeedStoreSpecs.swift */ = {isa = PBXFileReference; lastKnownFileType = sourcecode.swift; path = "XCTestCase+FailableInsertFeedStoreSpecs.swift"; sourceTree = "<group>"; };
		B5650C7C29B218B400CF391E /* XCTestCase+FailableDeleteFeedStoreSpecs.swift */ = {isa = PBXFileReference; lastKnownFileType = sourcecode.swift; path = "XCTestCase+FailableDeleteFeedStoreSpecs.swift"; sourceTree = "<group>"; };
		B5650C7F29B32CE700CF391E /* CoreDataFeedStoreSpecs.swift */ = {isa = PBXFileReference; lastKnownFileType = sourcecode.swift; path = CoreDataFeedStoreSpecs.swift; sourceTree = "<group>"; };
		B5650C8129B32DDF00CF391E /* CoreDataFeedStore.swift */ = {isa = PBXFileReference; lastKnownFileType = sourcecode.swift; path = CoreDataFeedStore.swift; sourceTree = "<group>"; };
		B5650C8429B32FF400CF391E /* FeedStore.xcdatamodel */ = {isa = PBXFileReference; lastKnownFileType = wrapper.xcdatamodel; path = FeedStore.xcdatamodel; sourceTree = "<group>"; };
		B572FBDF29D3162200790782 /* UIRefreshControl+Helpers.swift */ = {isa = PBXFileReference; lastKnownFileType = sourcecode.swift; path = "UIRefreshControl+Helpers.swift"; sourceTree = "<group>"; };
		B572FBE229D31A6500790782 /* FeedImagePresenterTests.swift */ = {isa = PBXFileReference; lastKnownFileType = sourcecode.swift; path = FeedImagePresenterTests.swift; sourceTree = "<group>"; };
		B572FBE429D3FFE100790782 /* FeedImagePresenter.swift */ = {isa = PBXFileReference; lastKnownFileType = sourcecode.swift; path = FeedImagePresenter.swift; sourceTree = "<group>"; };
		B572FBE629D4010900790782 /* FeedImageViewModel.swift */ = {isa = PBXFileReference; lastKnownFileType = sourcecode.swift; path = FeedImageViewModel.swift; sourceTree = "<group>"; };
		B572FBF129D56E9200790782 /* HTTPURLResponse+StatusCode.swift */ = {isa = PBXFileReference; lastKnownFileType = sourcecode.swift; path = "HTTPURLResponse+StatusCode.swift"; sourceTree = "<group>"; };
		B572FBF329D59D4600790782 /* URLProtocolStub.swift */ = {isa = PBXFileReference; lastKnownFileType = sourcecode.swift; path = URLProtocolStub.swift; sourceTree = "<group>"; };
		B572FBF629D5B21800790782 /* LoadFeedImageDataFromCacheUseCaseTests.swift */ = {isa = PBXFileReference; lastKnownFileType = sourcecode.swift; path = LoadFeedImageDataFromCacheUseCaseTests.swift; sourceTree = "<group>"; };
		B572FBF829D5B71400790782 /* FeedImageDataStore.swift */ = {isa = PBXFileReference; lastKnownFileType = sourcecode.swift; path = FeedImageDataStore.swift; sourceTree = "<group>"; };
		B572FBFA29D5B73A00790782 /* LocalFeedImageDataLoader.swift */ = {isa = PBXFileReference; lastKnownFileType = sourcecode.swift; path = LocalFeedImageDataLoader.swift; sourceTree = "<group>"; };
		B572FBFC29D66AFB00790782 /* FeedImageDataStoreSpy.swift */ = {isa = PBXFileReference; lastKnownFileType = sourcecode.swift; path = FeedImageDataStoreSpy.swift; sourceTree = "<group>"; };
		B572FBFE29D66BEF00790782 /* CacheFeedImageDataUseCaseTests.swift */ = {isa = PBXFileReference; lastKnownFileType = sourcecode.swift; path = CacheFeedImageDataUseCaseTests.swift; sourceTree = "<group>"; };
		B572FC0029D85CC500790782 /* CoreDataFeedImageDataStoreTests.swift */ = {isa = PBXFileReference; lastKnownFileType = sourcecode.swift; path = CoreDataFeedImageDataStoreTests.swift; sourceTree = "<group>"; };
		B572FC0529D86AE200790782 /* FeedStore2.xcdatamodel */ = {isa = PBXFileReference; lastKnownFileType = wrapper.xcdatamodel; path = FeedStore2.xcdatamodel; sourceTree = "<group>"; };
		B572FC0629D86FC400790782 /* CoreDataFeedStore+FeedImageDataLoader.swift */ = {isa = PBXFileReference; lastKnownFileType = sourcecode.swift; path = "CoreDataFeedStore+FeedImageDataLoader.swift"; sourceTree = "<group>"; };
		B572FC0829D8767500790782 /* CoreDataFeedStore+FeedStore.swift */ = {isa = PBXFileReference; lastKnownFileType = sourcecode.swift; path = "CoreDataFeedStore+FeedStore.swift"; sourceTree = "<group>"; };
		B57A92D829D1CD2C00D3F23F /* FeedPresenterTests.swift */ = {isa = PBXFileReference; lastKnownFileType = sourcecode.swift; path = FeedPresenterTests.swift; sourceTree = "<group>"; };
		B57A92DD29D1DCD100D3F23F /* en */ = {isa = PBXFileReference; lastKnownFileType = text.plist.strings; name = en; path = en.lproj/Feed.strings; sourceTree = "<group>"; };
		B57A92DF29D1DCD600D3F23F /* el */ = {isa = PBXFileReference; lastKnownFileType = text.plist.strings; name = el; path = el.lproj/Feed.strings; sourceTree = "<group>"; };
		B57A92E029D1DCD800D3F23F /* pt-BR */ = {isa = PBXFileReference; lastKnownFileType = text.plist.strings; name = "pt-BR"; path = "pt-BR.lproj/Feed.strings"; sourceTree = "<group>"; };
		B57A92E229D2B13E00D3F23F /* FeedPresenter.swift */ = {isa = PBXFileReference; lastKnownFileType = sourcecode.swift; path = FeedPresenter.swift; sourceTree = "<group>"; };
		B57A92E529D2B36200D3F23F /* FeedViewModel.swift */ = {isa = PBXFileReference; lastKnownFileType = sourcecode.swift; path = FeedViewModel.swift; sourceTree = "<group>"; };
		B57A92E729D2B3BF00D3F23F /* ResourceLoadingViewModel.swift */ = {isa = PBXFileReference; lastKnownFileType = sourcecode.swift; path = ResourceLoadingViewModel.swift; sourceTree = "<group>"; };
		B57A92EB29D2EDB000D3F23F /* ErrorView.swift */ = {isa = PBXFileReference; lastKnownFileType = sourcecode.swift; path = ErrorView.swift; sourceTree = "<group>"; };
		B57EBCF0298BFD99000F6507 /* EssentialFeed.framework */ = {isa = PBXFileReference; explicitFileType = wrapper.framework; includeInIndex = 0; path = EssentialFeed.framework; sourceTree = BUILT_PRODUCTS_DIR; };
		B57EBCF8298BFD99000F6507 /* EssentialFeedTests.xctest */ = {isa = PBXFileReference; explicitFileType = wrapper.cfbundle; includeInIndex = 0; path = EssentialFeedTests.xctest; sourceTree = BUILT_PRODUCTS_DIR; };
		B57EBD08298BFDFD000F6507 /* FeedImage.swift */ = {isa = PBXFileReference; lastKnownFileType = sourcecode.swift; path = FeedImage.swift; sourceTree = "<group>"; };
		B57EBD0D298C8913000F6507 /* LoadFeedFromRemoteUseCaseTests.swift */ = {isa = PBXFileReference; lastKnownFileType = sourcecode.swift; path = LoadFeedFromRemoteUseCaseTests.swift; sourceTree = "<group>"; };
		B57EBD1B29938074000F6507 /* HTTPClient.swift */ = {isa = PBXFileReference; lastKnownFileType = sourcecode.swift; path = HTTPClient.swift; sourceTree = "<group>"; };
		B57EBD1D29938170000F6507 /* FeedItemsMapper.swift */ = {isa = PBXFileReference; lastKnownFileType = sourcecode.swift; path = FeedItemsMapper.swift; sourceTree = "<group>"; };
		B57EBD202997D246000F6507 /* URLSessionHTTPClientTests.swift */ = {isa = PBXFileReference; lastKnownFileType = sourcecode.swift; path = URLSessionHTTPClientTests.swift; sourceTree = "<group>"; };
		B57EBD25299A57E9000F6507 /* XCTestCase+MemoryLeakTracking.swift */ = {isa = PBXFileReference; lastKnownFileType = sourcecode.swift; path = "XCTestCase+MemoryLeakTracking.swift"; sourceTree = "<group>"; };
		B57EBD27299BBFD4000F6507 /* URLSessionHTTPClient.swift */ = {isa = PBXFileReference; lastKnownFileType = sourcecode.swift; path = URLSessionHTTPClient.swift; sourceTree = "<group>"; };
		B57EBD2D299D0C9E000F6507 /* EssentialFeedAPIEndToEndTests.xctest */ = {isa = PBXFileReference; explicitFileType = wrapper.cfbundle; includeInIndex = 0; path = EssentialFeedAPIEndToEndTests.xctest; sourceTree = BUILT_PRODUCTS_DIR; };
		B57EBD2F299D0C9E000F6507 /* EssentialFeedAPIEndToEndTests.swift */ = {isa = PBXFileReference; lastKnownFileType = sourcecode.swift; path = EssentialFeedAPIEndToEndTests.swift; sourceTree = "<group>"; };
		B5C4750529C36B1200FC4B2B /* FeedImageDataLoader.swift */ = {isa = PBXFileReference; lastKnownFileType = sourcecode.swift; path = FeedImageDataLoader.swift; sourceTree = "<group>"; };
		B5C4750A29C40EA600FC4B2B /* FeedImageCellController.swift */ = {isa = PBXFileReference; lastKnownFileType = sourcecode.swift; path = FeedImageCellController.swift; sourceTree = "<group>"; };
		B5C556F329DBDE4500F25874 /* FeedCache.swift */ = {isa = PBXFileReference; lastKnownFileType = sourcecode.swift; path = FeedCache.swift; sourceTree = "<group>"; };
		B5C556FD29DC6CD800F25874 /* FeedImageDataCache.swift */ = {isa = PBXFileReference; lastKnownFileType = sourcecode.swift; path = FeedImageDataCache.swift; sourceTree = "<group>"; };
		B5CB232E29B495C5002044C5 /* CoreDataHelpers.swift */ = {isa = PBXFileReference; lastKnownFileType = sourcecode.swift; path = CoreDataHelpers.swift; sourceTree = "<group>"; };
		B5CB233029B49669002044C5 /* ManagedCache.swift */ = {isa = PBXFileReference; lastKnownFileType = sourcecode.swift; path = ManagedCache.swift; sourceTree = "<group>"; };
		B5CB233229B49671002044C5 /* ManagedFeedImage.swift */ = {isa = PBXFileReference; lastKnownFileType = sourcecode.swift; path = ManagedFeedImage.swift; sourceTree = "<group>"; };
		B5CF437829E1102600EC1843 /* EssentialFeediOSTests.xctest */ = {isa = PBXFileReference; explicitFileType = wrapper.cfbundle; includeInIndex = 0; path = EssentialFeediOSTests.xctest; sourceTree = BUILT_PRODUCTS_DIR; };
		B5CF437A29E1102600EC1843 /* FeedSnapshotTests.swift */ = {isa = PBXFileReference; lastKnownFileType = sourcecode.swift; path = FeedSnapshotTests.swift; sourceTree = "<group>"; };
		B5CF438229E1113B00EC1843 /* UITableView+HeaderSizing.swift */ = {isa = PBXFileReference; lastKnownFileType = sourcecode.swift; path = "UITableView+HeaderSizing.swift"; sourceTree = "<group>"; };
		B5CF438529E1182500EC1843 /* UIImage+TestHelpers.swift */ = {isa = PBXFileReference; lastKnownFileType = sourcecode.swift; path = "UIImage+TestHelpers.swift"; sourceTree = "<group>"; };
		B5CF438729E12BFF00EC1843 /* UIViewController+Snapshots.swift */ = {isa = PBXFileReference; lastKnownFileType = sourcecode.swift; path = "UIViewController+Snapshots.swift"; sourceTree = "<group>"; };
		B5CF438929E12D2300EC1843 /* XCTestCase+Snapshot.swift */ = {isa = PBXFileReference; lastKnownFileType = sourcecode.swift; path = "XCTestCase+Snapshot.swift"; sourceTree = "<group>"; };
		B5CF439129E663B900EC1843 /* ImageCommentsMapper.swift */ = {isa = PBXFileReference; lastKnownFileType = sourcecode.swift; path = ImageCommentsMapper.swift; sourceTree = "<group>"; };
		B5CF439829E6662A00EC1843 /* ImageComment.swift */ = {isa = PBXFileReference; lastKnownFileType = sourcecode.swift; path = ImageComment.swift; sourceTree = "<group>"; };
		B5CF43A729E6984600EC1843 /* FeedItemsMapperTests.swift */ = {isa = PBXFileReference; lastKnownFileType = sourcecode.swift; path = FeedItemsMapperTests.swift; sourceTree = "<group>"; };
		B5CF43A929E6E3E400EC1843 /* ImageCommentsMapperTests.swift */ = {isa = PBXFileReference; lastKnownFileType = sourcecode.swift; path = ImageCommentsMapperTests.swift; sourceTree = "<group>"; };
		B5CF43AB29E81BE100EC1843 /* FeedImageDataMapper.swift */ = {isa = PBXFileReference; lastKnownFileType = sourcecode.swift; path = FeedImageDataMapper.swift; sourceTree = "<group>"; };
		B5CF43AD29E81C3300EC1843 /* FeedImageDataMapperTests.swift */ = {isa = PBXFileReference; lastKnownFileType = sourcecode.swift; path = FeedImageDataMapperTests.swift; sourceTree = "<group>"; };
		B5CF43B029E985CE00EC1843 /* LoadResourcePresenter.swift */ = {isa = PBXFileReference; lastKnownFileType = sourcecode.swift; path = LoadResourcePresenter.swift; sourceTree = "<group>"; };
		B5CF43B329E9866C00EC1843 /* LoadResourcePresenterTests.swift */ = {isa = PBXFileReference; lastKnownFileType = sourcecode.swift; path = LoadResourcePresenterTests.swift; sourceTree = "<group>"; };
		B5CF43B829E98E2900EC1843 /* en */ = {isa = PBXFileReference; lastKnownFileType = text.plist.strings; name = en; path = en.lproj/Shared.strings; sourceTree = "<group>"; };
		B5CF43BA29E98E2B00EC1843 /* el */ = {isa = PBXFileReference; lastKnownFileType = text.plist.strings; name = el; path = el.lproj/Shared.strings; sourceTree = "<group>"; };
		B5CF43BB29E98E2C00EC1843 /* pt-BR */ = {isa = PBXFileReference; lastKnownFileType = text.plist.strings; name = "pt-BR"; path = "pt-BR.lproj/Shared.strings"; sourceTree = "<group>"; };
		B5CF43BC29E98E8500EC1843 /* ShareLocalizationTests.swift */ = {isa = PBXFileReference; lastKnownFileType = sourcecode.swift; path = ShareLocalizationTests.swift; sourceTree = "<group>"; };
		B5CF43BE29E99D0100EC1843 /* SharedLocalizationTestHelpers.swift */ = {isa = PBXFileReference; lastKnownFileType = sourcecode.swift; path = SharedLocalizationTestHelpers.swift; sourceTree = "<group>"; };
		B5CF43C029EAC94600EC1843 /* ResourceLoadingView.swift */ = {isa = PBXFileReference; lastKnownFileType = sourcecode.swift; path = ResourceLoadingView.swift; sourceTree = "<group>"; };
		B5CF43C229EACB3A00EC1843 /* ResourceErrorView.swift */ = {isa = PBXFileReference; lastKnownFileType = sourcecode.swift; path = ResourceErrorView.swift; sourceTree = "<group>"; };
		B5CF43C429EACB5E00EC1843 /* ResourceErrorViewModel.swift */ = {isa = PBXFileReference; lastKnownFileType = sourcecode.swift; path = ResourceErrorViewModel.swift; sourceTree = "<group>"; };
		B5CF43C929EB68FE00EC1843 /* ImageCommentsPresenter.swift */ = {isa = PBXFileReference; lastKnownFileType = sourcecode.swift; path = ImageCommentsPresenter.swift; sourceTree = "<group>"; };
		B5CF43CC29EB694500EC1843 /* ImageCommentsPresentation.swift */ = {isa = PBXFileReference; lastKnownFileType = sourcecode.swift; path = ImageCommentsPresentation.swift; sourceTree = "<group>"; };
		B5CF43CF29EB699A00EC1843 /* en */ = {isa = PBXFileReference; lastKnownFileType = text.plist.strings; name = en; path = en.lproj/ImageComments.strings; sourceTree = "<group>"; };
		B5CF43D129EB69A600EC1843 /* el */ = {isa = PBXFileReference; lastKnownFileType = text.plist.strings; name = el; path = el.lproj/ImageComments.strings; sourceTree = "<group>"; };
		B5CF43D229EB69A800EC1843 /* pt-BR */ = {isa = PBXFileReference; lastKnownFileType = text.plist.strings; name = "pt-BR"; path = "pt-BR.lproj/ImageComments.strings"; sourceTree = "<group>"; };
		B5CF43D329EB69E200EC1843 /* ImageCommentsLocalizationTests.swift */ = {isa = PBXFileReference; lastKnownFileType = sourcecode.swift; path = ImageCommentsLocalizationTests.swift; sourceTree = "<group>"; };
		B5CF442429EE2CAB00EC1843 /* LIST_WITH_ERROR_MESSAGE_light.png */ = {isa = PBXFileReference; lastKnownFileType = image.png; path = LIST_WITH_ERROR_MESSAGE_light.png; sourceTree = "<group>"; };
		B5CF442529EE2CAB00EC1843 /* EMPTY_LIST_dark.png */ = {isa = PBXFileReference; lastKnownFileType = image.png; path = EMPTY_LIST_dark.png; sourceTree = "<group>"; };
		B5CF442729EE2CAB00EC1843 /* EMPTY_LIST_light.png */ = {isa = PBXFileReference; lastKnownFileType = image.png; path = EMPTY_LIST_light.png; sourceTree = "<group>"; };
		B5CF442829EE2CAB00EC1843 /* LIST_WITH_ERROR_MESSAGE_dark.png */ = {isa = PBXFileReference; lastKnownFileType = image.png; path = LIST_WITH_ERROR_MESSAGE_dark.png; sourceTree = "<group>"; };
		B5CF443129EE2CD000EC1843 /* ListSnapshotTests.swift */ = {isa = PBXFileReference; lastKnownFileType = sourcecode.swift; path = ListSnapshotTests.swift; sourceTree = "<group>"; };
		B5CF443429EE2DC900EC1843 /* FEED_WITH_FAILED_IMAGE_LOADING_light.png */ = {isa = PBXFileReference; lastKnownFileType = image.png; path = FEED_WITH_FAILED_IMAGE_LOADING_light.png; sourceTree = "<group>"; };
		B5CF443529EE2DC900EC1843 /* FEED_WITH_FAILED_IMAGE_LOADING_dark.png */ = {isa = PBXFileReference; lastKnownFileType = image.png; path = FEED_WITH_FAILED_IMAGE_LOADING_dark.png; sourceTree = "<group>"; };
		B5CF443629EE2DC900EC1843 /* FEED_WITH_CONTENT_dark.png */ = {isa = PBXFileReference; lastKnownFileType = image.png; path = FEED_WITH_CONTENT_dark.png; sourceTree = "<group>"; };
		B5CF443729EE2DC900EC1843 /* FEED_WITH_CONTENT_light.png */ = {isa = PBXFileReference; lastKnownFileType = image.png; path = FEED_WITH_CONTENT_light.png; sourceTree = "<group>"; };
		B5E80F2229BDD628004981ED /* EssentialFeediOS.framework */ = {isa = PBXFileReference; explicitFileType = wrapper.framework; includeInIndex = 0; path = EssentialFeediOS.framework; sourceTree = BUILT_PRODUCTS_DIR; };
		B5E80F3D29BFAB47004981ED /* ListViewController.swift */ = {isa = PBXFileReference; lastKnownFileType = sourcecode.swift; path = ListViewController.swift; sourceTree = "<group>"; };
		B5E80F5F29C0A335004981ED /* FeedImageCell.swift */ = {isa = PBXFileReference; lastKnownFileType = sourcecode.swift; path = FeedImageCell.swift; sourceTree = "<group>"; };
		B5E80F6129C1CBC6004981ED /* UIView+Shimmering.swift */ = {isa = PBXFileReference; lastKnownFileType = sourcecode.swift; path = "UIView+Shimmering.swift"; sourceTree = "<group>"; };
		B5F4B0CD29B58ADA00DF6CD3 /* EssentialFeedCacheIntegrationTests.xctest */ = {isa = PBXFileReference; explicitFileType = wrapper.cfbundle; includeInIndex = 0; path = EssentialFeedCacheIntegrationTests.xctest; sourceTree = BUILT_PRODUCTS_DIR; };
		B5F4B0CF29B58ADA00DF6CD3 /* EssentialFeedCacheIntegrationTests.swift */ = {isa = PBXFileReference; lastKnownFileType = sourcecode.swift; path = EssentialFeedCacheIntegrationTests.swift; sourceTree = "<group>"; };
/* End PBXFileReference section */

/* Begin PBXFrameworksBuildPhase section */
		B57EBCED298BFD99000F6507 /* Frameworks */ = {
			isa = PBXFrameworksBuildPhase;
			buildActionMask = 2147483647;
			files = (
			);
			runOnlyForDeploymentPostprocessing = 0;
		};
		B57EBCF5298BFD99000F6507 /* Frameworks */ = {
			isa = PBXFrameworksBuildPhase;
			buildActionMask = 2147483647;
			files = (
				B57EBCF9298BFD99000F6507 /* EssentialFeed.framework in Frameworks */,
			);
			runOnlyForDeploymentPostprocessing = 0;
		};
		B57EBD2A299D0C9E000F6507 /* Frameworks */ = {
			isa = PBXFrameworksBuildPhase;
			buildActionMask = 2147483647;
			files = (
				B57EBD31299D0C9E000F6507 /* EssentialFeed.framework in Frameworks */,
			);
			runOnlyForDeploymentPostprocessing = 0;
		};
		B5CF437529E1102600EC1843 /* Frameworks */ = {
			isa = PBXFrameworksBuildPhase;
			buildActionMask = 2147483647;
			files = (
				B5CF437C29E1102600EC1843 /* EssentialFeed.framework in Frameworks */,
			);
			runOnlyForDeploymentPostprocessing = 0;
		};
		B5E80F1F29BDD628004981ED /* Frameworks */ = {
			isa = PBXFrameworksBuildPhase;
			buildActionMask = 2147483647;
			files = (
				B5E80F3B29BF45A8004981ED /* EssentialFeed.framework in Frameworks */,
			);
			runOnlyForDeploymentPostprocessing = 0;
		};
		B5F4B0CA29B58ADA00DF6CD3 /* Frameworks */ = {
			isa = PBXFrameworksBuildPhase;
			buildActionMask = 2147483647;
			files = (
				B5F4B0D129B58ADA00DF6CD3 /* EssentialFeed.framework in Frameworks */,
			);
			runOnlyForDeploymentPostprocessing = 0;
		};
/* End PBXFrameworksBuildPhase section */

/* Begin PBXGroup section */
		B5465BA329A3AD2000DAD1F7 /* Feed Cache */ = {
			isa = PBXGroup;
			children = (
				B5650C7E29B219E500CF391E /* FeedStoreSpecs */,
				B5465BB129A8D5BA00DAD1F7 /* Helpers */,
				B5465BA429A3AD4300DAD1F7 /* CacheFeedUseCaseTests.swift */,
				B5465BAF29A887A400DAD1F7 /* LoadFeedFromCacheUseCaseTests.swift */,
				B5465BB429AB1AE200DAD1F7 /* ValidateFeedCacheUseCaseTest.swift */,
				B5465BBC29ADA1B400DAD1F7 /* CodableFeedStoreTests.swift */,
				B5650C7F29B32CE700CF391E /* CoreDataFeedStoreSpecs.swift */,
				B572FBF629D5B21800790782 /* LoadFeedImageDataFromCacheUseCaseTests.swift */,
				B572FBFE29D66BEF00790782 /* CacheFeedImageDataUseCaseTests.swift */,
				B572FC0029D85CC500790782 /* CoreDataFeedImageDataStoreTests.swift */,
			);
			path = "Feed Cache";
			sourceTree = "<group>";
		};
		B5465BA629A720BD00DAD1F7 /* Feed Cache */ = {
			isa = PBXGroup;
			children = (
				B5CB232B29B494E8002044C5 /* Infrastructure */,
				B5465BA729A720E600DAD1F7 /* LocalFeedLoader.swift */,
				B5465BA929A721F300DAD1F7 /* FeedStore.swift */,
				B5465BAD29A843BB00DAD1F7 /* LocalFeedImage.swift */,
				B5465BBA29AC4E9400DAD1F7 /* FeedCachePolicy.swift */,
				B572FBF829D5B71400790782 /* FeedImageDataStore.swift */,
				B572FBFA29D5B73A00790782 /* LocalFeedImageDataLoader.swift */,
			);
			path = "Feed Cache";
			sourceTree = "<group>";
		};
		B5465BB129A8D5BA00DAD1F7 /* Helpers */ = {
			isa = PBXGroup;
			children = (
				B5465BB229A8D5D200DAD1F7 /* FeedStoreSpy.swift */,
				B572FBFC29D66AFB00790782 /* FeedImageDataStoreSpy.swift */,
				B5465BB829AB740200DAD1F7 /* FeedCacheTestHelpers.swift */,
			);
			path = Helpers;
			sourceTree = "<group>";
		};
		B5650C7E29B219E500CF391E /* FeedStoreSpecs */ = {
			isa = PBXGroup;
			children = (
				B5650C7229B1940400CF391E /* FeedStoreSpecs.swift */,
				B5650C7C29B218B400CF391E /* XCTestCase+FailableDeleteFeedStoreSpecs.swift */,
				B5650C7629B1C89500CF391E /* XCTestCase+FailableRetrieveFeedStoreSpecs.swift */,
				B5650C7A29B2162700CF391E /* XCTestCase+FailableInsertFeedStoreSpecs.swift */,
				B5650C7429B1AD0E00CF391E /* XCTestCase+FeedStoreSpecs.swift */,
			);
			path = FeedStoreSpecs;
			sourceTree = "<group>";
		};
		B572FBDC29D3154800790782 /* Helpers */ = {
			isa = PBXGroup;
			children = (
				B5E80F6129C1CBC6004981ED /* UIView+Shimmering.swift */,
				B54A5D4129C974E2008AC657 /* UIImageViews+Animation.swift */,
			);
			path = Helpers;
			sourceTree = "<group>";
		};
		B572FBF029D56E6800790782 /* Helpers */ = {
			isa = PBXGroup;
			children = (
				B572FBF129D56E9200790782 /* HTTPURLResponse+StatusCode.swift */,
			);
			path = Helpers;
			sourceTree = "<group>";
		};
		B57A92D729D1CD1200D3F23F /* Feed Presentation */ = {
			isa = PBXGroup;
			children = (
				B57A92D829D1CD2C00D3F23F /* FeedPresenterTests.swift */,
				B54A5D4D29CA97D8008AC657 /* FeedLocalizationTests.swift */,
				B572FBE229D31A6500790782 /* FeedImagePresenterTests.swift */,
			);
			path = "Feed Presentation";
			sourceTree = "<group>";
		};
		B57A92E129D2B11D00D3F23F /* Feed Presentation */ = {
			isa = PBXGroup;
			children = (
				B57A92E229D2B13E00D3F23F /* FeedPresenter.swift */,
				B572FBE429D3FFE100790782 /* FeedImagePresenter.swift */,
				B57A92E529D2B36200D3F23F /* FeedViewModel.swift */,
				B57A92DE29D1DCD100D3F23F /* Feed.strings */,
				B572FBE629D4010900790782 /* FeedImageViewModel.swift */,
			);
			path = "Feed Presentation";
			sourceTree = "<group>";
		};
		B57EBCE6298BFD99000F6507 = {
			isa = PBXGroup;
			children = (
				B57EBCF2298BFD99000F6507 /* EssentialFeed */,
				B57EBCFC298BFD99000F6507 /* EssentialFeedTests */,
				B57EBD2E299D0C9E000F6507 /* EssentialFeedAPIEndToEndTests */,
				B5F4B0CE29B58ADA00DF6CD3 /* EssentialFeedCacheIntegrationTests */,
				B5E80F2329BDD628004981ED /* EssentialFeediOS */,
				B5CF437929E1102600EC1843 /* EssentialFeediOSTests */,
				B57EBCF1298BFD99000F6507 /* Products */,
				B5E80F3A29BF45A8004981ED /* Frameworks */,
			);
			sourceTree = "<group>";
		};
		B57EBCF1298BFD99000F6507 /* Products */ = {
			isa = PBXGroup;
			children = (
				B57EBCF0298BFD99000F6507 /* EssentialFeed.framework */,
				B57EBCF8298BFD99000F6507 /* EssentialFeedTests.xctest */,
				B57EBD2D299D0C9E000F6507 /* EssentialFeedAPIEndToEndTests.xctest */,
				B5F4B0CD29B58ADA00DF6CD3 /* EssentialFeedCacheIntegrationTests.xctest */,
				B5E80F2229BDD628004981ED /* EssentialFeediOS.framework */,
				B5CF437829E1102600EC1843 /* EssentialFeediOSTests.xctest */,
			);
			name = Products;
			sourceTree = "<group>";
		};
		B57EBCF2298BFD99000F6507 /* EssentialFeed */ = {
			isa = PBXGroup;
			children = (
				B5CF43C629EB68AD00EC1843 /* Image Comments Presentation */,
				B5CF43A129E6942000EC1843 /* Image Comments API */,
				B5CF439B29E692D100EC1843 /* Shared API */,
				B5CF43AF29E985C200EC1843 /* Shared Presentation */,
				B5CF439C29E692E000EC1843 /* Share API Infra */,
				B5CF439729E6661600EC1843 /* Image Comments Feature */,
				B57A92E129D2B11D00D3F23F /* Feed Presentation */,
				B57EBD11298DE5DE000F6507 /* Feed API */,
				B5465BA629A720BD00DAD1F7 /* Feed Cache */,
				B57EBD0C298C0261000F6507 /* Feed Feature */,
			);
			path = EssentialFeed;
			sourceTree = "<group>";
		};
		B57EBCFC298BFD99000F6507 /* EssentialFeedTests */ = {
			isa = PBXGroup;
			children = (
				B5CF43CB29EB692D00EC1843 /* Image Comments Presentation */,
				B5CF43A229E6948300EC1843 /* Image Comments API */,
				B5CF439F29E6932B00EC1843 /* Shared API Infra */,
				B5CF43B229E9862F00EC1843 /* Shared Presentation */,
				B57A92D729D1CD1200D3F23F /* Feed Presentation */,
				B57EBD24299A57C4000F6507 /* Helpers */,
				B5465BA329A3AD2000DAD1F7 /* Feed Cache */,
				B57EBD1F2995F4F4000F6507 /* Feed API */,
			);
			path = EssentialFeedTests;
			sourceTree = "<group>";
		};
		B57EBD0C298C0261000F6507 /* Feed Feature */ = {
			isa = PBXGroup;
			children = (
				B57EBD08298BFDFD000F6507 /* FeedImage.swift */,
				B5C4750529C36B1200FC4B2B /* FeedImageDataLoader.swift */,
				B5C556F329DBDE4500F25874 /* FeedCache.swift */,
				B5C556FD29DC6CD800F25874 /* FeedImageDataCache.swift */,
			);
			path = "Feed Feature";
			sourceTree = "<group>";
		};
		B57EBD11298DE5DE000F6507 /* Feed API */ = {
			isa = PBXGroup;
			children = (
				B572FBF029D56E6800790782 /* Helpers */,
				B57EBD1D29938170000F6507 /* FeedItemsMapper.swift */,
				B5465BAB29A7939300DAD1F7 /* RemoteFeedItem.swift */,
				B5CF43AB29E81BE100EC1843 /* FeedImageDataMapper.swift */,
			);
			path = "Feed API";
			sourceTree = "<group>";
		};
		B57EBD1F2995F4F4000F6507 /* Feed API */ = {
			isa = PBXGroup;
			children = (
				B57EBD0D298C8913000F6507 /* LoadFeedFromRemoteUseCaseTests.swift */,
				B5CF43A729E6984600EC1843 /* FeedItemsMapperTests.swift */,
				B5CF43AD29E81C3300EC1843 /* FeedImageDataMapperTests.swift */,
			);
			path = "Feed API";
			sourceTree = "<group>";
		};
		B57EBD24299A57C4000F6507 /* Helpers */ = {
			isa = PBXGroup;
			children = (
				B57EBD25299A57E9000F6507 /* XCTestCase+MemoryLeakTracking.swift */,
				B5465BB629AB732D00DAD1F7 /* SharedTestHelpers.swift */,
				B5CF43BE29E99D0100EC1843 /* SharedLocalizationTestHelpers.swift */,
			);
			path = Helpers;
			sourceTree = "<group>";
		};
		B57EBD2E299D0C9E000F6507 /* EssentialFeedAPIEndToEndTests */ = {
			isa = PBXGroup;
			children = (
				B57EBD2F299D0C9E000F6507 /* EssentialFeedAPIEndToEndTests.swift */,
			);
			path = EssentialFeedAPIEndToEndTests;
			sourceTree = "<group>";
		};
		B5C474F629C337E200FC4B2B /* Views */ = {
			isa = PBXGroup;
			children = (
				B572FBDC29D3154800790782 /* Helpers */,
				B5E80F5F29C0A335004981ED /* FeedImageCell.swift */,
				B54A5D3B29C84D99008AC657 /* Feed.storyboard */,
				B54A5D3D29C84E3B008AC657 /* Feed.xcassets */,
			);
			path = Views;
			sourceTree = "<group>";
		};
		B5C474F729C3381900FC4B2B /* Controllers */ = {
			isa = PBXGroup;
			children = (
				B5C4750A29C40EA600FC4B2B /* FeedImageCellController.swift */,
			);
			path = Controllers;
			sourceTree = "<group>";
		};
		B5C4750229C36A4400FC4B2B /* Feed UI */ = {
			isa = PBXGroup;
			children = (
				B5C474F729C3381900FC4B2B /* Controllers */,
				B5C474F629C337E200FC4B2B /* Views */,
			);
			path = "Feed UI";
			sourceTree = "<group>";
		};
		B5CB232B29B494E8002044C5 /* Infrastructure */ = {
			isa = PBXGroup;
			children = (
				B5CB232D29B49558002044C5 /* Codable */,
				B5CB232C29B49501002044C5 /* CoreData */,
			);
			path = Infrastructure;
			sourceTree = "<group>";
		};
		B5CB232C29B49501002044C5 /* CoreData */ = {
			isa = PBXGroup;
			children = (
				B5650C8329B32FF400CF391E /* FeedStore.xcdatamodeld */,
				B5650C8129B32DDF00CF391E /* CoreDataFeedStore.swift */,
				B5CB232E29B495C5002044C5 /* CoreDataHelpers.swift */,
				B5CB233029B49669002044C5 /* ManagedCache.swift */,
				B5CB233229B49671002044C5 /* ManagedFeedImage.swift */,
				B572FC0629D86FC400790782 /* CoreDataFeedStore+FeedImageDataLoader.swift */,
				B572FC0829D8767500790782 /* CoreDataFeedStore+FeedStore.swift */,
			);
			path = CoreData;
			sourceTree = "<group>";
		};
		B5CB232D29B49558002044C5 /* Codable */ = {
			isa = PBXGroup;
			children = (
				B5650C7029B0456A00CF391E /* CodableFeedStore.swift */,
			);
			path = Codable;
			sourceTree = "<group>";
		};
		B5CF437929E1102600EC1843 /* EssentialFeediOSTests */ = {
			isa = PBXGroup;
			children = (
				B5CF441F29EE2C3900EC1843 /* Shared UI */,
				B5CF43D529ECE97000EC1843 /* Feed UI */,
				B5CF438429E1180A00EC1843 /* Helpers */,
			);
			path = EssentialFeediOSTests;
			sourceTree = "<group>";
		};
		B5CF438429E1180A00EC1843 /* Helpers */ = {
			isa = PBXGroup;
			children = (
				B5CF438529E1182500EC1843 /* UIImage+TestHelpers.swift */,
				B5CF438729E12BFF00EC1843 /* UIViewController+Snapshots.swift */,
				B5CF438929E12D2300EC1843 /* XCTestCase+Snapshot.swift */,
			);
			path = Helpers;
			sourceTree = "<group>";
		};
		B5CF439729E6661600EC1843 /* Image Comments Feature */ = {
			isa = PBXGroup;
			children = (
				B5CF439829E6662A00EC1843 /* ImageComment.swift */,
			);
			path = "Image Comments Feature";
			sourceTree = "<group>";
		};
		B5CF439B29E692D100EC1843 /* Shared API */ = {
			isa = PBXGroup;
			children = (
				B57EBD1B29938074000F6507 /* HTTPClient.swift */,
			);
			path = "Shared API";
			sourceTree = "<group>";
		};
		B5CF439C29E692E000EC1843 /* Share API Infra */ = {
			isa = PBXGroup;
			children = (
				B57EBD27299BBFD4000F6507 /* URLSessionHTTPClient.swift */,
			);
			path = "Share API Infra";
			sourceTree = "<group>";
		};
		B5CF439F29E6932B00EC1843 /* Shared API Infra */ = {
			isa = PBXGroup;
			children = (
				B5CF43A029E6933700EC1843 /* Helpers */,
				B57EBD202997D246000F6507 /* URLSessionHTTPClientTests.swift */,
			);
			path = "Shared API Infra";
			sourceTree = "<group>";
		};
		B5CF43A029E6933700EC1843 /* Helpers */ = {
			isa = PBXGroup;
			children = (
				B572FBF329D59D4600790782 /* URLProtocolStub.swift */,
			);
			path = Helpers;
			sourceTree = "<group>";
		};
		B5CF43A129E6942000EC1843 /* Image Comments API */ = {
			isa = PBXGroup;
			children = (
				B5CF439129E663B900EC1843 /* ImageCommentsMapper.swift */,
			);
			path = "Image Comments API";
			sourceTree = "<group>";
		};
		B5CF43A229E6948300EC1843 /* Image Comments API */ = {
			isa = PBXGroup;
			children = (
				B5CF43A929E6E3E400EC1843 /* ImageCommentsMapperTests.swift */,
			);
			path = "Image Comments API";
			sourceTree = "<group>";
		};
		B5CF43AF29E985C200EC1843 /* Shared Presentation */ = {
			isa = PBXGroup;
			children = (
				B5CF43B029E985CE00EC1843 /* LoadResourcePresenter.swift */,
				B5CF43C029EAC94600EC1843 /* ResourceLoadingView.swift */,
				B57A92E729D2B3BF00D3F23F /* ResourceLoadingViewModel.swift */,
				B5CF43C229EACB3A00EC1843 /* ResourceErrorView.swift */,
				B5CF43B929E98E2900EC1843 /* Shared.strings */,
				B5CF43C429EACB5E00EC1843 /* ResourceErrorViewModel.swift */,
			);
			path = "Shared Presentation";
			sourceTree = "<group>";
		};
		B5CF43B229E9862F00EC1843 /* Shared Presentation */ = {
			isa = PBXGroup;
			children = (
				B5CF43B329E9866C00EC1843 /* LoadResourcePresenterTests.swift */,
				B5CF43BC29E98E8500EC1843 /* ShareLocalizationTests.swift */,
			);
			path = "Shared Presentation";
			sourceTree = "<group>";
		};
		B5CF43C629EB68AD00EC1843 /* Image Comments Presentation */ = {
			isa = PBXGroup;
			children = (
				B5CF43D029EB699A00EC1843 /* ImageComments.strings */,
				B5CF43C929EB68FE00EC1843 /* ImageCommentsPresenter.swift */,
			);
			path = "Image Comments Presentation";
			sourceTree = "<group>";
		};
		B5CF43CB29EB692D00EC1843 /* Image Comments Presentation */ = {
			isa = PBXGroup;
			children = (
				B5CF43CC29EB694500EC1843 /* ImageCommentsPresentation.swift */,
				B5CF43D329EB69E200EC1843 /* ImageCommentsLocalizationTests.swift */,
			);
			path = "Image Comments Presentation";
			sourceTree = "<group>";
		};
		B5CF43D529ECE97000EC1843 /* Feed UI */ = {
			isa = PBXGroup;
			children = (
				B5CF443329EE2D4D00EC1843 /* snapshots */,
				B5CF437A29E1102600EC1843 /* FeedSnapshotTests.swift */,
			);
			path = "Feed UI";
			sourceTree = "<group>";
		};
		B5CF441B29ED7E1E00EC1843 /* Shared UI */ = {
			isa = PBXGroup;
			children = (
				B5CF441D29ED7E3500EC1843 /* Views */,
				B5CF441C29ED7E2A00EC1843 /* Controllers */,
			);
			path = "Shared UI";
			sourceTree = "<group>";
		};
		B5CF441C29ED7E2A00EC1843 /* Controllers */ = {
			isa = PBXGroup;
			children = (
				B5E80F3D29BFAB47004981ED /* ListViewController.swift */,
			);
			path = Controllers;
			sourceTree = "<group>";
		};
		B5CF441D29ED7E3500EC1843 /* Views */ = {
			isa = PBXGroup;
			children = (
				B57A92EB29D2EDB000D3F23F /* ErrorView.swift */,
				B5CF441E29ED7E4500EC1843 /* Helpers */,
			);
			path = Views;
			sourceTree = "<group>";
		};
		B5CF441E29ED7E4500EC1843 /* Helpers */ = {
			isa = PBXGroup;
			children = (
				B54A5D3F29C973E6008AC657 /* UITableView+Dequeueing.swift */,
				B572FBDF29D3162200790782 /* UIRefreshControl+Helpers.swift */,
				B5CF438229E1113B00EC1843 /* UITableView+HeaderSizing.swift */,
			);
			path = Helpers;
			sourceTree = "<group>";
		};
		B5CF441F29EE2C3900EC1843 /* Shared UI */ = {
			isa = PBXGroup;
			children = (
				B5CF443129EE2CD000EC1843 /* ListSnapshotTests.swift */,
				B5CF442029EE2C6A00EC1843 /* snapshots */,
			);
			path = "Shared UI";
			sourceTree = "<group>";
		};
		B5CF442029EE2C6A00EC1843 /* snapshots */ = {
			isa = PBXGroup;
			children = (
				B5CF442529EE2CAB00EC1843 /* EMPTY_LIST_dark.png */,
				B5CF442729EE2CAB00EC1843 /* EMPTY_LIST_light.png */,
				B5CF442829EE2CAB00EC1843 /* LIST_WITH_ERROR_MESSAGE_dark.png */,
				B5CF442429EE2CAB00EC1843 /* LIST_WITH_ERROR_MESSAGE_light.png */,
			);
			path = snapshots;
			sourceTree = "<group>";
		};
		B5CF443329EE2D4D00EC1843 /* snapshots */ = {
			isa = PBXGroup;
			children = (
				B5CF443629EE2DC900EC1843 /* FEED_WITH_CONTENT_dark.png */,
				B5CF443729EE2DC900EC1843 /* FEED_WITH_CONTENT_light.png */,
				B5CF443529EE2DC900EC1843 /* FEED_WITH_FAILED_IMAGE_LOADING_dark.png */,
				B5CF443429EE2DC900EC1843 /* FEED_WITH_FAILED_IMAGE_LOADING_light.png */,
			);
			path = snapshots;
			sourceTree = "<group>";
		};
		B5E80F2329BDD628004981ED /* EssentialFeediOS */ = {
			isa = PBXGroup;
			children = (
				B5CF441B29ED7E1E00EC1843 /* Shared UI */,
				B5C4750229C36A4400FC4B2B /* Feed UI */,
			);
			path = EssentialFeediOS;
			sourceTree = "<group>";
		};
		B5E80F3A29BF45A8004981ED /* Frameworks */ = {
			isa = PBXGroup;
			children = (
			);
			name = Frameworks;
			sourceTree = "<group>";
		};
		B5F4B0CE29B58ADA00DF6CD3 /* EssentialFeedCacheIntegrationTests */ = {
			isa = PBXGroup;
			children = (
				B5F4B0CF29B58ADA00DF6CD3 /* EssentialFeedCacheIntegrationTests.swift */,
			);
			path = EssentialFeedCacheIntegrationTests;
			sourceTree = "<group>";
		};
/* End PBXGroup section */

/* Begin PBXHeadersBuildPhase section */
		B57EBCEB298BFD99000F6507 /* Headers */ = {
			isa = PBXHeadersBuildPhase;
			buildActionMask = 2147483647;
			files = (
			);
			runOnlyForDeploymentPostprocessing = 0;
		};
		B5E80F1D29BDD628004981ED /* Headers */ = {
			isa = PBXHeadersBuildPhase;
			buildActionMask = 2147483647;
			files = (
			);
			runOnlyForDeploymentPostprocessing = 0;
		};
/* End PBXHeadersBuildPhase section */

/* Begin PBXNativeTarget section */
		B57EBCEF298BFD99000F6507 /* EssentialFeed */ = {
			isa = PBXNativeTarget;
			buildConfigurationList = B57EBD02298BFD99000F6507 /* Build configuration list for PBXNativeTarget "EssentialFeed" */;
			buildPhases = (
				B57EBCEB298BFD99000F6507 /* Headers */,
				B57EBCEC298BFD99000F6507 /* Sources */,
				B57EBCED298BFD99000F6507 /* Frameworks */,
				B57EBCEE298BFD99000F6507 /* Resources */,
			);
			buildRules = (
			);
			dependencies = (
			);
			name = EssentialFeed;
			productName = EssentialFeed;
			productReference = B57EBCF0298BFD99000F6507 /* EssentialFeed.framework */;
			productType = "com.apple.product-type.framework";
		};
		B57EBCF7298BFD99000F6507 /* EssentialFeedTests */ = {
			isa = PBXNativeTarget;
			buildConfigurationList = B57EBD05298BFD99000F6507 /* Build configuration list for PBXNativeTarget "EssentialFeedTests" */;
			buildPhases = (
				B57EBCF4298BFD99000F6507 /* Sources */,
				B57EBCF5298BFD99000F6507 /* Frameworks */,
				B57EBCF6298BFD99000F6507 /* Resources */,
			);
			buildRules = (
			);
			dependencies = (
				B57EBCFB298BFD99000F6507 /* PBXTargetDependency */,
			);
			name = EssentialFeedTests;
			productName = EssentialFeedTests;
			productReference = B57EBCF8298BFD99000F6507 /* EssentialFeedTests.xctest */;
			productType = "com.apple.product-type.bundle.unit-test";
		};
		B57EBD2C299D0C9E000F6507 /* EssentialFeedAPIEndToEndTests */ = {
			isa = PBXNativeTarget;
			buildConfigurationList = B57EBD34299D0C9E000F6507 /* Build configuration list for PBXNativeTarget "EssentialFeedAPIEndToEndTests" */;
			buildPhases = (
				B57EBD29299D0C9E000F6507 /* Sources */,
				B57EBD2A299D0C9E000F6507 /* Frameworks */,
				B57EBD2B299D0C9E000F6507 /* Resources */,
			);
			buildRules = (
			);
			dependencies = (
				B57EBD33299D0C9E000F6507 /* PBXTargetDependency */,
			);
			name = EssentialFeedAPIEndToEndTests;
			productName = EssentialFeedAPIEndToEndTests;
			productReference = B57EBD2D299D0C9E000F6507 /* EssentialFeedAPIEndToEndTests.xctest */;
			productType = "com.apple.product-type.bundle.unit-test";
		};
		B5CF437729E1102600EC1843 /* EssentialFeediOSTests */ = {
			isa = PBXNativeTarget;
			buildConfigurationList = B5CF437F29E1102600EC1843 /* Build configuration list for PBXNativeTarget "EssentialFeediOSTests" */;
			buildPhases = (
				B5CF437429E1102600EC1843 /* Sources */,
				B5CF437529E1102600EC1843 /* Frameworks */,
				B5CF437629E1102600EC1843 /* Resources */,
			);
			buildRules = (
			);
			dependencies = (
				B5CF438E29E2F3F800EC1843 /* PBXTargetDependency */,
			);
			name = EssentialFeediOSTests;
			productName = EssentialFeediOSTests;
			productReference = B5CF437829E1102600EC1843 /* EssentialFeediOSTests.xctest */;
			productType = "com.apple.product-type.bundle.unit-test";
		};
		B5E80F2129BDD628004981ED /* EssentialFeediOS */ = {
			isa = PBXNativeTarget;
			buildConfigurationList = B5E80F3129BDD628004981ED /* Build configuration list for PBXNativeTarget "EssentialFeediOS" */;
			buildPhases = (
				B5E80F1D29BDD628004981ED /* Headers */,
				B5E80F1E29BDD628004981ED /* Sources */,
				B5E80F1F29BDD628004981ED /* Frameworks */,
				B5E80F2029BDD628004981ED /* Resources */,
			);
			buildRules = (
			);
			dependencies = (
			);
			name = EssentialFeediOS;
			productName = EssentialFeediOS;
			productReference = B5E80F2229BDD628004981ED /* EssentialFeediOS.framework */;
			productType = "com.apple.product-type.framework";
		};
		B5F4B0CC29B58ADA00DF6CD3 /* EssentialFeedCacheIntegrationTests */ = {
			isa = PBXNativeTarget;
			buildConfigurationList = B5F4B0D629B58ADA00DF6CD3 /* Build configuration list for PBXNativeTarget "EssentialFeedCacheIntegrationTests" */;
			buildPhases = (
				B5F4B0C929B58ADA00DF6CD3 /* Sources */,
				B5F4B0CA29B58ADA00DF6CD3 /* Frameworks */,
				B5F4B0CB29B58ADA00DF6CD3 /* Resources */,
			);
			buildRules = (
			);
			dependencies = (
				B5F4B0D329B58ADA00DF6CD3 /* PBXTargetDependency */,
			);
			name = EssentialFeedCacheIntegrationTests;
			productName = EssentialFeedCacheIntegrationTests;
			productReference = B5F4B0CD29B58ADA00DF6CD3 /* EssentialFeedCacheIntegrationTests.xctest */;
			productType = "com.apple.product-type.bundle.unit-test";
		};
/* End PBXNativeTarget section */

/* Begin PBXProject section */
		B57EBCE7298BFD99000F6507 /* Project object */ = {
			isa = PBXProject;
			attributes = {
				BuildIndependentTargetsInParallel = 1;
				LastSwiftUpdateCheck = 1420;
				LastUpgradeCheck = 1420;
				TargetAttributes = {
					B57EBCEF298BFD99000F6507 = {
						CreatedOnToolsVersion = 13.3.1;
						LastSwiftMigration = 1330;
					};
					B57EBCF7298BFD99000F6507 = {
						CreatedOnToolsVersion = 13.3.1;
					};
					B57EBD2C299D0C9E000F6507 = {
						CreatedOnToolsVersion = 13.3.1;
					};
					B5CF437729E1102600EC1843 = {
						CreatedOnToolsVersion = 14.2;
					};
					B5E80F2129BDD628004981ED = {
						CreatedOnToolsVersion = 14.2;
						LastSwiftMigration = 1420;
					};
					B5F4B0CC29B58ADA00DF6CD3 = {
						CreatedOnToolsVersion = 14.2;
					};
				};
			};
			buildConfigurationList = B57EBCEA298BFD99000F6507 /* Build configuration list for PBXProject "EssentialFeed" */;
			compatibilityVersion = "Xcode 13.0";
			developmentRegion = en;
			hasScannedForEncodings = 0;
			knownRegions = (
				en,
				Base,
				"pt-BR",
				el,
			);
			mainGroup = B57EBCE6298BFD99000F6507;
			productRefGroup = B57EBCF1298BFD99000F6507 /* Products */;
			projectDirPath = "";
			projectRoot = "";
			targets = (
				B57EBCEF298BFD99000F6507 /* EssentialFeed */,
				B57EBCF7298BFD99000F6507 /* EssentialFeedTests */,
				B57EBD2C299D0C9E000F6507 /* EssentialFeedAPIEndToEndTests */,
				B5F4B0CC29B58ADA00DF6CD3 /* EssentialFeedCacheIntegrationTests */,
				B5E80F2129BDD628004981ED /* EssentialFeediOS */,
				B5CF437729E1102600EC1843 /* EssentialFeediOSTests */,
			);
		};
/* End PBXProject section */

/* Begin PBXResourcesBuildPhase section */
		B57EBCEE298BFD99000F6507 /* Resources */ = {
			isa = PBXResourcesBuildPhase;
			buildActionMask = 2147483647;
			files = (
				B57A92E429D2B31700D3F23F /* Feed.strings in Resources */,
				B5CF43B729E98E2900EC1843 /* Shared.strings in Resources */,
				B5CF43CE29EB699A00EC1843 /* ImageComments.strings in Resources */,
			);
			runOnlyForDeploymentPostprocessing = 0;
		};
		B57EBCF6298BFD99000F6507 /* Resources */ = {
			isa = PBXResourcesBuildPhase;
			buildActionMask = 2147483647;
			files = (
			);
			runOnlyForDeploymentPostprocessing = 0;
		};
		B57EBD2B299D0C9E000F6507 /* Resources */ = {
			isa = PBXResourcesBuildPhase;
			buildActionMask = 2147483647;
			files = (
			);
			runOnlyForDeploymentPostprocessing = 0;
		};
		B5CF437629E1102600EC1843 /* Resources */ = {
			isa = PBXResourcesBuildPhase;
			buildActionMask = 2147483647;
			files = (
				B5CF443A29EE2DC900EC1843 /* FEED_WITH_CONTENT_dark.png in Resources */,
				B5CF443029EE2CAB00EC1843 /* LIST_WITH_ERROR_MESSAGE_dark.png in Resources */,
				B5CF443829EE2DC900EC1843 /* FEED_WITH_FAILED_IMAGE_LOADING_light.png in Resources */,
				B5CF442F29EE2CAB00EC1843 /* EMPTY_LIST_light.png in Resources */,
				B5CF443929EE2DC900EC1843 /* FEED_WITH_FAILED_IMAGE_LOADING_dark.png in Resources */,
				B5CF442C29EE2CAB00EC1843 /* LIST_WITH_ERROR_MESSAGE_light.png in Resources */,
				B5CF443B29EE2DC900EC1843 /* FEED_WITH_CONTENT_light.png in Resources */,
				B5CF442D29EE2CAB00EC1843 /* EMPTY_LIST_dark.png in Resources */,
			);
			runOnlyForDeploymentPostprocessing = 0;
		};
		B5E80F2029BDD628004981ED /* Resources */ = {
			isa = PBXResourcesBuildPhase;
			buildActionMask = 2147483647;
			files = (
				B54A5D3C29C84D99008AC657 /* Feed.storyboard in Resources */,
				B54A5D3E29C84E3B008AC657 /* Feed.xcassets in Resources */,
			);
			runOnlyForDeploymentPostprocessing = 0;
		};
		B5F4B0CB29B58ADA00DF6CD3 /* Resources */ = {
			isa = PBXResourcesBuildPhase;
			buildActionMask = 2147483647;
			files = (
			);
			runOnlyForDeploymentPostprocessing = 0;
		};
/* End PBXResourcesBuildPhase section */

/* Begin PBXSourcesBuildPhase section */
		B57EBCEC298BFD99000F6507 /* Sources */ = {
			isa = PBXSourcesBuildPhase;
			buildActionMask = 2147483647;
			files = (
				B5CF43CA29EB68FE00EC1843 /* ImageCommentsPresenter.swift in Sources */,
				B5CF439929E6662A00EC1843 /* ImageComment.swift in Sources */,
				B57A92E629D2B36200D3F23F /* FeedViewModel.swift in Sources */,
				B5CB232F29B495C5002044C5 /* CoreDataHelpers.swift in Sources */,
				B5CF43C129EAC94600EC1843 /* ResourceLoadingView.swift in Sources */,
				B57EBD1E29938170000F6507 /* FeedItemsMapper.swift in Sources */,
				B5465BAC29A7939300DAD1F7 /* RemoteFeedItem.swift in Sources */,
				B5CF43AC29E81BE100EC1843 /* FeedImageDataMapper.swift in Sources */,
				B572FBE529D3FFE100790782 /* FeedImagePresenter.swift in Sources */,
				B57A92E329D2B13E00D3F23F /* FeedPresenter.swift in Sources */,
				B5465BBB29AC4E9400DAD1F7 /* FeedCachePolicy.swift in Sources */,
				B57A92E829D2B3BF00D3F23F /* ResourceLoadingViewModel.swift in Sources */,
				B5650C8529B32FF400CF391E /* FeedStore.xcdatamodeld in Sources */,
				B572FBE829D4755800790782 /* FeedImageDataLoader.swift in Sources */,
				B5465BAE29A843BB00DAD1F7 /* LocalFeedImage.swift in Sources */,
				B572FC0929D8767500790782 /* CoreDataFeedStore+FeedStore.swift in Sources */,
				B5465BAA29A721F300DAD1F7 /* FeedStore.swift in Sources */,
				B5CF439229E663B900EC1843 /* ImageCommentsMapper.swift in Sources */,
				B5465BA829A720E600DAD1F7 /* LocalFeedLoader.swift in Sources */,
				B572FBF929D5B71400790782 /* FeedImageDataStore.swift in Sources */,
				B572FBF229D56E9200790782 /* HTTPURLResponse+StatusCode.swift in Sources */,
				B5C556F429DBDE4500F25874 /* FeedCache.swift in Sources */,
				B572FC0729D86FC400790782 /* CoreDataFeedStore+FeedImageDataLoader.swift in Sources */,
				B5650C7129B0456A00CF391E /* CodableFeedStore.swift in Sources */,
				B5CF43C529EACB5E00EC1843 /* ResourceErrorViewModel.swift in Sources */,
				B57EBD1C29938074000F6507 /* HTTPClient.swift in Sources */,
				B5CF43B129E985CE00EC1843 /* LoadResourcePresenter.swift in Sources */,
				B5CF43C329EACB3A00EC1843 /* ResourceErrorView.swift in Sources */,
				B57EBD09298BFDFD000F6507 /* FeedImage.swift in Sources */,
				B5C556FE29DC6CD800F25874 /* FeedImageDataCache.swift in Sources */,
				B57EBD28299BBFD4000F6507 /* URLSessionHTTPClient.swift in Sources */,
				B572FBE729D4010900790782 /* FeedImageViewModel.swift in Sources */,
				B572FBFB29D5B73A00790782 /* LocalFeedImageDataLoader.swift in Sources */,
				B5CB233129B49669002044C5 /* ManagedCache.swift in Sources */,
				B5650C8229B32DDF00CF391E /* CoreDataFeedStore.swift in Sources */,
				B5CB233329B49671002044C5 /* ManagedFeedImage.swift in Sources */,
			);
			runOnlyForDeploymentPostprocessing = 0;
		};
		B57EBCF4298BFD99000F6507 /* Sources */ = {
			isa = PBXSourcesBuildPhase;
			buildActionMask = 2147483647;
			files = (
				B5465BBD29ADA1B400DAD1F7 /* CodableFeedStoreTests.swift in Sources */,
				B5CF43BF29E99D0100EC1843 /* SharedLocalizationTestHelpers.swift in Sources */,
				B57EBD0E298C8913000F6507 /* LoadFeedFromRemoteUseCaseTests.swift in Sources */,
				B572FBE129D31A0900790782 /* FeedLocalizationTests.swift in Sources */,
				B5CF43D429EB69E200EC1843 /* ImageCommentsLocalizationTests.swift in Sources */,
				B572FBF529D59E0600790782 /* URLProtocolStub.swift in Sources */,
				B572FBE329D31A6500790782 /* FeedImagePresenterTests.swift in Sources */,
				B5CF43AE29E81C3300EC1843 /* FeedImageDataMapperTests.swift in Sources */,
				B57EBD212997D246000F6507 /* URLSessionHTTPClientTests.swift in Sources */,
				B572FC0129D85CC500790782 /* CoreDataFeedImageDataStoreTests.swift in Sources */,
				B572FBFF29D66BEF00790782 /* CacheFeedImageDataUseCaseTests.swift in Sources */,
				B5465BB329A8D5D200DAD1F7 /* FeedStoreSpy.swift in Sources */,
				B5465BA529A3AD4300DAD1F7 /* CacheFeedUseCaseTests.swift in Sources */,
				B5465BB929AB740200DAD1F7 /* FeedCacheTestHelpers.swift in Sources */,
				B5CF43B429E9866C00EC1843 /* LoadResourcePresenterTests.swift in Sources */,
				B57A92D929D1CD2C00D3F23F /* FeedPresenterTests.swift in Sources */,
				B5465BB729AB732D00DAD1F7 /* SharedTestHelpers.swift in Sources */,
				B5465BB029A887A400DAD1F7 /* LoadFeedFromCacheUseCaseTests.swift in Sources */,
				B5650C7729B1C89500CF391E /* XCTestCase+FailableRetrieveFeedStoreSpecs.swift in Sources */,
				B5650C8029B32CE700CF391E /* CoreDataFeedStoreSpecs.swift in Sources */,
				B5650C7D29B218B400CF391E /* XCTestCase+FailableDeleteFeedStoreSpecs.swift in Sources */,
				B5465BB529AB1AE200DAD1F7 /* ValidateFeedCacheUseCaseTest.swift in Sources */,
				B572FBFD29D66AFB00790782 /* FeedImageDataStoreSpy.swift in Sources */,
				B5CF43AA29E6E3E400EC1843 /* ImageCommentsMapperTests.swift in Sources */,
				B5CF43A829E6984600EC1843 /* FeedItemsMapperTests.swift in Sources */,
				B5650C7329B1940400CF391E /* FeedStoreSpecs.swift in Sources */,
				B5CF43CD29EB694500EC1843 /* ImageCommentsPresentation.swift in Sources */,
				B5CF43BD29E98E8500EC1843 /* ShareLocalizationTests.swift in Sources */,
				B572FBF729D5B21800790782 /* LoadFeedImageDataFromCacheUseCaseTests.swift in Sources */,
				B57EBD26299A57E9000F6507 /* XCTestCase+MemoryLeakTracking.swift in Sources */,
				B5650C7529B1AD0E00CF391E /* XCTestCase+FeedStoreSpecs.swift in Sources */,
				B5650C7B29B2162700CF391E /* XCTestCase+FailableInsertFeedStoreSpecs.swift in Sources */,
			);
			runOnlyForDeploymentPostprocessing = 0;
		};
		B57EBD29299D0C9E000F6507 /* Sources */ = {
			isa = PBXSourcesBuildPhase;
			buildActionMask = 2147483647;
			files = (
				B57EBD30299D0C9E000F6507 /* EssentialFeedAPIEndToEndTests.swift in Sources */,
				B57EBD38299D169C000F6507 /* XCTestCase+MemoryLeakTracking.swift in Sources */,
			);
			runOnlyForDeploymentPostprocessing = 0;
		};
		B5CF437429E1102600EC1843 /* Sources */ = {
			isa = PBXSourcesBuildPhase;
			buildActionMask = 2147483647;
			files = (
				B5CF437B29E1102600EC1843 /* FeedSnapshotTests.swift in Sources */,
				B5CF438629E1182500EC1843 /* UIImage+TestHelpers.swift in Sources */,
				B5CF443229EE2CD000EC1843 /* ListSnapshotTests.swift in Sources */,
				B5CF438A29E12D2300EC1843 /* XCTestCase+Snapshot.swift in Sources */,
				B5CF438829E12BFF00EC1843 /* UIViewController+Snapshots.swift in Sources */,
			);
			runOnlyForDeploymentPostprocessing = 0;
		};
		B5E80F1E29BDD628004981ED /* Sources */ = {
			isa = PBXSourcesBuildPhase;
			buildActionMask = 2147483647;
			files = (
				B5CF438329E1113B00EC1843 /* UITableView+HeaderSizing.swift in Sources */,
				B57A92EC29D2EDB000D3F23F /* ErrorView.swift in Sources */,
				B572FBE029D3162200790782 /* UIRefreshControl+Helpers.swift in Sources */,
				B54A5D4229C974E2008AC657 /* UIImageViews+Animation.swift in Sources */,
				B54A5D4029C973E6008AC657 /* UITableView+Dequeueing.swift in Sources */,
				B5E80F6229C1CBC6004981ED /* UIView+Shimmering.swift in Sources */,
				B5E80F3E29BFAB47004981ED /* ListViewController.swift in Sources */,
				B5E80F6029C0A335004981ED /* FeedImageCell.swift in Sources */,
				B5C4750B29C40EA600FC4B2B /* FeedImageCellController.swift in Sources */,
			);
			runOnlyForDeploymentPostprocessing = 0;
		};
		B5F4B0C929B58ADA00DF6CD3 /* Sources */ = {
			isa = PBXSourcesBuildPhase;
			buildActionMask = 2147483647;
			files = (
				B5F4B0D929B5963900DF6CD3 /* SharedTestHelpers.swift in Sources */,
				B5F4B0D029B58ADA00DF6CD3 /* EssentialFeedCacheIntegrationTests.swift in Sources */,
				B5F4B0D829B5962900DF6CD3 /* FeedCacheTestHelpers.swift in Sources */,
				B5F4B0D729B58CA000DF6CD3 /* XCTestCase+MemoryLeakTracking.swift in Sources */,
			);
			runOnlyForDeploymentPostprocessing = 0;
		};
/* End PBXSourcesBuildPhase section */

/* Begin PBXTargetDependency section */
		B57EBCFB298BFD99000F6507 /* PBXTargetDependency */ = {
			isa = PBXTargetDependency;
			target = B57EBCEF298BFD99000F6507 /* EssentialFeed */;
			targetProxy = B57EBCFA298BFD99000F6507 /* PBXContainerItemProxy */;
		};
		B57EBD33299D0C9E000F6507 /* PBXTargetDependency */ = {
			isa = PBXTargetDependency;
			target = B57EBCEF298BFD99000F6507 /* EssentialFeed */;
			targetProxy = B57EBD32299D0C9E000F6507 /* PBXContainerItemProxy */;
		};
		B5CF438E29E2F3F800EC1843 /* PBXTargetDependency */ = {
			isa = PBXTargetDependency;
			target = B5E80F2129BDD628004981ED /* EssentialFeediOS */;
			targetProxy = B5CF438D29E2F3F800EC1843 /* PBXContainerItemProxy */;
		};
		B5F4B0D329B58ADA00DF6CD3 /* PBXTargetDependency */ = {
			isa = PBXTargetDependency;
			target = B57EBCEF298BFD99000F6507 /* EssentialFeed */;
			targetProxy = B5F4B0D229B58ADA00DF6CD3 /* PBXContainerItemProxy */;
		};
/* End PBXTargetDependency section */

/* Begin PBXVariantGroup section */
		B57A92DE29D1DCD100D3F23F /* Feed.strings */ = {
			isa = PBXVariantGroup;
			children = (
				B57A92DD29D1DCD100D3F23F /* en */,
				B57A92DF29D1DCD600D3F23F /* el */,
				B57A92E029D1DCD800D3F23F /* pt-BR */,
			);
			name = Feed.strings;
			sourceTree = "<group>";
		};
		B5CF43B929E98E2900EC1843 /* Shared.strings */ = {
			isa = PBXVariantGroup;
			children = (
				B5CF43B829E98E2900EC1843 /* en */,
				B5CF43BA29E98E2B00EC1843 /* el */,
				B5CF43BB29E98E2C00EC1843 /* pt-BR */,
			);
			name = Shared.strings;
			sourceTree = "<group>";
		};
		B5CF43D029EB699A00EC1843 /* ImageComments.strings */ = {
			isa = PBXVariantGroup;
			children = (
				B5CF43CF29EB699A00EC1843 /* en */,
				B5CF43D129EB69A600EC1843 /* el */,
				B5CF43D229EB69A800EC1843 /* pt-BR */,
			);
			name = ImageComments.strings;
			sourceTree = "<group>";
		};
/* End PBXVariantGroup section */

/* Begin XCBuildConfiguration section */
		B57EBD00298BFD99000F6507 /* Debug */ = {
			isa = XCBuildConfiguration;
			buildSettings = {
				ALWAYS_SEARCH_USER_PATHS = NO;
				CLANG_ANALYZER_LOCALIZABILITY_NONLOCALIZED = YES;
				CLANG_ANALYZER_NONNULL = YES;
				CLANG_ANALYZER_NUMBER_OBJECT_CONVERSION = YES_AGGRESSIVE;
				CLANG_CXX_LANGUAGE_STANDARD = "gnu++17";
				CLANG_ENABLE_MODULES = YES;
				CLANG_ENABLE_OBJC_ARC = YES;
				CLANG_ENABLE_OBJC_WEAK = YES;
				CLANG_WARN_BLOCK_CAPTURE_AUTORELEASING = YES;
				CLANG_WARN_BOOL_CONVERSION = YES;
				CLANG_WARN_COMMA = YES;
				CLANG_WARN_CONSTANT_CONVERSION = YES;
				CLANG_WARN_DEPRECATED_OBJC_IMPLEMENTATIONS = YES;
				CLANG_WARN_DIRECT_OBJC_ISA_USAGE = YES_ERROR;
				CLANG_WARN_DOCUMENTATION_COMMENTS = YES;
				CLANG_WARN_EMPTY_BODY = YES;
				CLANG_WARN_ENUM_CONVERSION = YES;
				CLANG_WARN_INFINITE_RECURSION = YES;
				CLANG_WARN_INT_CONVERSION = YES;
				CLANG_WARN_NON_LITERAL_NULL_CONVERSION = YES;
				CLANG_WARN_OBJC_IMPLICIT_RETAIN_SELF = YES;
				CLANG_WARN_OBJC_LITERAL_CONVERSION = YES;
				CLANG_WARN_OBJC_ROOT_CLASS = YES_ERROR;
				CLANG_WARN_QUOTED_INCLUDE_IN_FRAMEWORK_HEADER = YES;
				CLANG_WARN_RANGE_LOOP_ANALYSIS = YES;
				CLANG_WARN_STRICT_PROTOTYPES = YES;
				CLANG_WARN_SUSPICIOUS_MOVE = YES;
				CLANG_WARN_UNGUARDED_AVAILABILITY = YES_AGGRESSIVE;
				CLANG_WARN_UNREACHABLE_CODE = YES;
				CLANG_WARN__DUPLICATE_METHOD_MATCH = YES;
				COPY_PHASE_STRIP = NO;
				CURRENT_PROJECT_VERSION = 1;
				DEAD_CODE_STRIPPING = YES;
				DEBUG_INFORMATION_FORMAT = dwarf;
				ENABLE_STRICT_OBJC_MSGSEND = YES;
				ENABLE_TESTABILITY = YES;
				GCC_C_LANGUAGE_STANDARD = gnu11;
				GCC_DYNAMIC_NO_PIC = NO;
				GCC_NO_COMMON_BLOCKS = YES;
				GCC_OPTIMIZATION_LEVEL = 0;
				GCC_PREPROCESSOR_DEFINITIONS = (
					"DEBUG=1",
					"$(inherited)",
				);
				GCC_WARN_64_TO_32_BIT_CONVERSION = YES;
				GCC_WARN_ABOUT_RETURN_TYPE = YES_ERROR;
				GCC_WARN_UNDECLARED_SELECTOR = YES;
				GCC_WARN_UNINITIALIZED_AUTOS = YES_AGGRESSIVE;
				GCC_WARN_UNUSED_FUNCTION = YES;
				GCC_WARN_UNUSED_VARIABLE = YES;
				IPHONEOS_DEPLOYMENT_TARGET = 13.0;
				MACOSX_DEPLOYMENT_TARGET = 12.3;
				MTL_ENABLE_DEBUG_INFO = INCLUDE_SOURCE;
				MTL_FAST_MATH = YES;
				ONLY_ACTIVE_ARCH = YES;
				SDKROOT = macosx;
				SWIFT_ACTIVE_COMPILATION_CONDITIONS = DEBUG;
				SWIFT_OPTIMIZATION_LEVEL = "-Onone";
				VERSIONING_SYSTEM = "apple-generic";
				VERSION_INFO_PREFIX = "";
			};
			name = Debug;
		};
		B57EBD01298BFD99000F6507 /* Release */ = {
			isa = XCBuildConfiguration;
			buildSettings = {
				ALWAYS_SEARCH_USER_PATHS = NO;
				CLANG_ANALYZER_LOCALIZABILITY_NONLOCALIZED = YES;
				CLANG_ANALYZER_NONNULL = YES;
				CLANG_ANALYZER_NUMBER_OBJECT_CONVERSION = YES_AGGRESSIVE;
				CLANG_CXX_LANGUAGE_STANDARD = "gnu++17";
				CLANG_ENABLE_MODULES = YES;
				CLANG_ENABLE_OBJC_ARC = YES;
				CLANG_ENABLE_OBJC_WEAK = YES;
				CLANG_WARN_BLOCK_CAPTURE_AUTORELEASING = YES;
				CLANG_WARN_BOOL_CONVERSION = YES;
				CLANG_WARN_COMMA = YES;
				CLANG_WARN_CONSTANT_CONVERSION = YES;
				CLANG_WARN_DEPRECATED_OBJC_IMPLEMENTATIONS = YES;
				CLANG_WARN_DIRECT_OBJC_ISA_USAGE = YES_ERROR;
				CLANG_WARN_DOCUMENTATION_COMMENTS = YES;
				CLANG_WARN_EMPTY_BODY = YES;
				CLANG_WARN_ENUM_CONVERSION = YES;
				CLANG_WARN_INFINITE_RECURSION = YES;
				CLANG_WARN_INT_CONVERSION = YES;
				CLANG_WARN_NON_LITERAL_NULL_CONVERSION = YES;
				CLANG_WARN_OBJC_IMPLICIT_RETAIN_SELF = YES;
				CLANG_WARN_OBJC_LITERAL_CONVERSION = YES;
				CLANG_WARN_OBJC_ROOT_CLASS = YES_ERROR;
				CLANG_WARN_QUOTED_INCLUDE_IN_FRAMEWORK_HEADER = YES;
				CLANG_WARN_RANGE_LOOP_ANALYSIS = YES;
				CLANG_WARN_STRICT_PROTOTYPES = YES;
				CLANG_WARN_SUSPICIOUS_MOVE = YES;
				CLANG_WARN_UNGUARDED_AVAILABILITY = YES_AGGRESSIVE;
				CLANG_WARN_UNREACHABLE_CODE = YES;
				CLANG_WARN__DUPLICATE_METHOD_MATCH = YES;
				COPY_PHASE_STRIP = NO;
				CURRENT_PROJECT_VERSION = 1;
				DEAD_CODE_STRIPPING = YES;
				DEBUG_INFORMATION_FORMAT = "dwarf-with-dsym";
				ENABLE_NS_ASSERTIONS = NO;
				ENABLE_STRICT_OBJC_MSGSEND = YES;
				GCC_C_LANGUAGE_STANDARD = gnu11;
				GCC_NO_COMMON_BLOCKS = YES;
				GCC_WARN_64_TO_32_BIT_CONVERSION = YES;
				GCC_WARN_ABOUT_RETURN_TYPE = YES_ERROR;
				GCC_WARN_UNDECLARED_SELECTOR = YES;
				GCC_WARN_UNINITIALIZED_AUTOS = YES_AGGRESSIVE;
				GCC_WARN_UNUSED_FUNCTION = YES;
				GCC_WARN_UNUSED_VARIABLE = YES;
				IPHONEOS_DEPLOYMENT_TARGET = 13.0;
				MACOSX_DEPLOYMENT_TARGET = 12.3;
				MTL_ENABLE_DEBUG_INFO = NO;
				MTL_FAST_MATH = YES;
				SDKROOT = macosx;
				SWIFT_COMPILATION_MODE = wholemodule;
				SWIFT_OPTIMIZATION_LEVEL = "-O";
				VERSIONING_SYSTEM = "apple-generic";
				VERSION_INFO_PREFIX = "";
			};
			name = Release;
		};
		B57EBD03298BFD99000F6507 /* Debug */ = {
			isa = XCBuildConfiguration;
			buildSettings = {
				CLANG_ENABLE_MODULES = YES;
				CODE_SIGN_STYLE = Automatic;
				COMBINE_HIDPI_IMAGES = YES;
				CURRENT_PROJECT_VERSION = 1;
				DEAD_CODE_STRIPPING = YES;
				DEFINES_MODULE = YES;
				DYLIB_COMPATIBILITY_VERSION = 1;
				DYLIB_CURRENT_VERSION = 1;
				DYLIB_INSTALL_NAME_BASE = "@rpath";
				GENERATE_INFOPLIST_FILE = YES;
				INFOPLIST_KEY_NSHumanReadableCopyright = "";
				INSTALL_PATH = "$(LOCAL_LIBRARY_DIR)/Frameworks";
				LD_RUNPATH_SEARCH_PATHS = (
					"$(inherited)",
					"@executable_path/../Frameworks",
					"@loader_path/Frameworks",
				);
				MARKETING_VERSION = 1.0;
				PRODUCT_BUNDLE_IDENTIFIER = com.ajpagente.EssentialFeed;
				PRODUCT_NAME = "$(TARGET_NAME:c99extidentifier)";
				SKIP_INSTALL = YES;
				SUPPORTED_PLATFORMS = "macosx iphonesimulator iphoneos";
				SWIFT_EMIT_LOC_STRINGS = YES;
				SWIFT_OPTIMIZATION_LEVEL = "-Onone";
				SWIFT_VERSION = 5.0;
			};
			name = Debug;
		};
		B57EBD04298BFD99000F6507 /* Release */ = {
			isa = XCBuildConfiguration;
			buildSettings = {
				CLANG_ENABLE_MODULES = YES;
				CODE_SIGN_STYLE = Automatic;
				COMBINE_HIDPI_IMAGES = YES;
				CURRENT_PROJECT_VERSION = 1;
				DEAD_CODE_STRIPPING = YES;
				DEFINES_MODULE = YES;
				DYLIB_COMPATIBILITY_VERSION = 1;
				DYLIB_CURRENT_VERSION = 1;
				DYLIB_INSTALL_NAME_BASE = "@rpath";
				GENERATE_INFOPLIST_FILE = YES;
				INFOPLIST_KEY_NSHumanReadableCopyright = "";
				INSTALL_PATH = "$(LOCAL_LIBRARY_DIR)/Frameworks";
				LD_RUNPATH_SEARCH_PATHS = (
					"$(inherited)",
					"@executable_path/../Frameworks",
					"@loader_path/Frameworks",
				);
				MARKETING_VERSION = 1.0;
				PRODUCT_BUNDLE_IDENTIFIER = com.ajpagente.EssentialFeed;
				PRODUCT_NAME = "$(TARGET_NAME:c99extidentifier)";
				SKIP_INSTALL = YES;
				SUPPORTED_PLATFORMS = "macosx iphonesimulator iphoneos";
				SWIFT_EMIT_LOC_STRINGS = YES;
				SWIFT_VERSION = 5.0;
			};
			name = Release;
		};
		B57EBD06298BFD99000F6507 /* Debug */ = {
			isa = XCBuildConfiguration;
			buildSettings = {
				ALWAYS_EMBED_SWIFT_STANDARD_LIBRARIES = YES;
				CODE_SIGN_STYLE = Automatic;
				CURRENT_PROJECT_VERSION = 1;
				DEAD_CODE_STRIPPING = YES;
				GENERATE_INFOPLIST_FILE = YES;
				MARKETING_VERSION = 1.0;
				PRODUCT_BUNDLE_IDENTIFIER = com.ajpagente.EssentialFeedTests;
				PRODUCT_NAME = "$(TARGET_NAME)";
				SUPPORTED_PLATFORMS = "macosx iphonesimulator iphoneos";
				SWIFT_EMIT_LOC_STRINGS = NO;
				SWIFT_VERSION = 5.0;
			};
			name = Debug;
		};
		B57EBD07298BFD99000F6507 /* Release */ = {
			isa = XCBuildConfiguration;
			buildSettings = {
				ALWAYS_EMBED_SWIFT_STANDARD_LIBRARIES = YES;
				CODE_SIGN_STYLE = Automatic;
				CURRENT_PROJECT_VERSION = 1;
				DEAD_CODE_STRIPPING = YES;
				GENERATE_INFOPLIST_FILE = YES;
				MARKETING_VERSION = 1.0;
				PRODUCT_BUNDLE_IDENTIFIER = com.ajpagente.EssentialFeedTests;
				PRODUCT_NAME = "$(TARGET_NAME)";
				SUPPORTED_PLATFORMS = "macosx iphonesimulator iphoneos";
				SWIFT_EMIT_LOC_STRINGS = NO;
				SWIFT_VERSION = 5.0;
			};
			name = Release;
		};
		B57EBD35299D0C9E000F6507 /* Debug */ = {
			isa = XCBuildConfiguration;
			buildSettings = {
				CODE_SIGN_STYLE = Automatic;
				CURRENT_PROJECT_VERSION = 1;
				DEAD_CODE_STRIPPING = YES;
				GENERATE_INFOPLIST_FILE = YES;
				MARKETING_VERSION = 1.0;
				PRODUCT_BUNDLE_IDENTIFIER = com.ajpagente.EssentialFeedAPIEndToEndTests;
				PRODUCT_NAME = "$(TARGET_NAME)";
				SUPPORTED_PLATFORMS = "macosx iphonesimulator iphoneos";
				SWIFT_EMIT_LOC_STRINGS = NO;
				SWIFT_VERSION = 5.0;
			};
			name = Debug;
		};
		B57EBD36299D0C9E000F6507 /* Release */ = {
			isa = XCBuildConfiguration;
			buildSettings = {
				CODE_SIGN_STYLE = Automatic;
				CURRENT_PROJECT_VERSION = 1;
				DEAD_CODE_STRIPPING = YES;
				GENERATE_INFOPLIST_FILE = YES;
				MARKETING_VERSION = 1.0;
				PRODUCT_BUNDLE_IDENTIFIER = com.ajpagente.EssentialFeedAPIEndToEndTests;
				PRODUCT_NAME = "$(TARGET_NAME)";
				SUPPORTED_PLATFORMS = "macosx iphonesimulator iphoneos";
				SWIFT_EMIT_LOC_STRINGS = NO;
				SWIFT_VERSION = 5.0;
			};
			name = Release;
		};
		B5CF438029E1102600EC1843 /* Debug */ = {
			isa = XCBuildConfiguration;
			buildSettings = {
				CLANG_CXX_LANGUAGE_STANDARD = "gnu++20";
				CODE_SIGN_STYLE = Automatic;
				CURRENT_PROJECT_VERSION = 1;
				GENERATE_INFOPLIST_FILE = YES;
				IPHONEOS_DEPLOYMENT_TARGET = 16.2;
				MARKETING_VERSION = 1.0;
				PRODUCT_BUNDLE_IDENTIFIER = com.ajpagente.poc.EssentialFeediOSTests;
				PRODUCT_NAME = "$(TARGET_NAME)";
				SDKROOT = iphoneos;
				SWIFT_EMIT_LOC_STRINGS = NO;
				SWIFT_VERSION = 5.0;
				TARGETED_DEVICE_FAMILY = "1,2";
			};
			name = Debug;
		};
		B5CF438129E1102600EC1843 /* Release */ = {
			isa = XCBuildConfiguration;
			buildSettings = {
				CLANG_CXX_LANGUAGE_STANDARD = "gnu++20";
				CODE_SIGN_STYLE = Automatic;
				CURRENT_PROJECT_VERSION = 1;
				GENERATE_INFOPLIST_FILE = YES;
				IPHONEOS_DEPLOYMENT_TARGET = 16.2;
				MARKETING_VERSION = 1.0;
				PRODUCT_BUNDLE_IDENTIFIER = com.ajpagente.poc.EssentialFeediOSTests;
				PRODUCT_NAME = "$(TARGET_NAME)";
				SDKROOT = iphoneos;
				SWIFT_EMIT_LOC_STRINGS = NO;
				SWIFT_VERSION = 5.0;
				TARGETED_DEVICE_FAMILY = "1,2";
				VALIDATE_PRODUCT = YES;
			};
			name = Release;
		};
		B5E80F3229BDD628004981ED /* Debug */ = {
			isa = XCBuildConfiguration;
			buildSettings = {
				CLANG_CXX_LANGUAGE_STANDARD = "gnu++20";
				CLANG_ENABLE_MODULES = YES;
				CODE_SIGN_STYLE = Automatic;
				CURRENT_PROJECT_VERSION = 1;
				DEFINES_MODULE = YES;
				DYLIB_COMPATIBILITY_VERSION = 1;
				DYLIB_CURRENT_VERSION = 1;
				DYLIB_INSTALL_NAME_BASE = "@rpath";
				GENERATE_INFOPLIST_FILE = YES;
				INFOPLIST_KEY_NSHumanReadableCopyright = "";
				INSTALL_PATH = "$(LOCAL_LIBRARY_DIR)/Frameworks";
				IPHONEOS_DEPLOYMENT_TARGET = 13.0;
				LD_RUNPATH_SEARCH_PATHS = (
					"$(inherited)",
					"@executable_path/Frameworks",
					"@loader_path/Frameworks",
				);
				MARKETING_VERSION = 1.0;
				PRODUCT_BUNDLE_IDENTIFIER = com.ajpagente.leadessentials.prototype.EssentialFeediOS;
				PRODUCT_NAME = "$(TARGET_NAME:c99extidentifier)";
				SDKROOT = iphoneos;
				SKIP_INSTALL = YES;
				SWIFT_EMIT_LOC_STRINGS = YES;
				SWIFT_OPTIMIZATION_LEVEL = "-Onone";
				SWIFT_VERSION = 5.0;
				TARGETED_DEVICE_FAMILY = "1,2";
			};
			name = Debug;
		};
		B5E80F3329BDD628004981ED /* Release */ = {
			isa = XCBuildConfiguration;
			buildSettings = {
				CLANG_CXX_LANGUAGE_STANDARD = "gnu++20";
				CLANG_ENABLE_MODULES = YES;
				CODE_SIGN_STYLE = Automatic;
				CURRENT_PROJECT_VERSION = 1;
				DEFINES_MODULE = YES;
				DYLIB_COMPATIBILITY_VERSION = 1;
				DYLIB_CURRENT_VERSION = 1;
				DYLIB_INSTALL_NAME_BASE = "@rpath";
				GENERATE_INFOPLIST_FILE = YES;
				INFOPLIST_KEY_NSHumanReadableCopyright = "";
				INSTALL_PATH = "$(LOCAL_LIBRARY_DIR)/Frameworks";
				IPHONEOS_DEPLOYMENT_TARGET = 13.0;
				LD_RUNPATH_SEARCH_PATHS = (
					"$(inherited)",
					"@executable_path/Frameworks",
					"@loader_path/Frameworks",
				);
				MARKETING_VERSION = 1.0;
				PRODUCT_BUNDLE_IDENTIFIER = com.ajpagente.leadessentials.prototype.EssentialFeediOS;
				PRODUCT_NAME = "$(TARGET_NAME:c99extidentifier)";
				SDKROOT = iphoneos;
				SKIP_INSTALL = YES;
				SWIFT_EMIT_LOC_STRINGS = YES;
				SWIFT_VERSION = 5.0;
				TARGETED_DEVICE_FAMILY = "1,2";
				VALIDATE_PRODUCT = YES;
			};
			name = Release;
		};
		B5F4B0D429B58ADA00DF6CD3 /* Debug */ = {
			isa = XCBuildConfiguration;
			buildSettings = {
				CLANG_CXX_LANGUAGE_STANDARD = "gnu++20";
				CODE_SIGN_STYLE = Automatic;
				CURRENT_PROJECT_VERSION = 1;
				DEAD_CODE_STRIPPING = YES;
				GENERATE_INFOPLIST_FILE = YES;
				MACOSX_DEPLOYMENT_TARGET = 12.3;
				MARKETING_VERSION = 1.0;
				PRODUCT_BUNDLE_IDENTIFIER = com.ajpagente.EssentialFeedCacheIntegrationTests;
				PRODUCT_NAME = "$(TARGET_NAME)";
				SUPPORTED_PLATFORMS = "macosx iphonesimulator iphoneos";
				SWIFT_EMIT_LOC_STRINGS = NO;
				SWIFT_VERSION = 5.0;
			};
			name = Debug;
		};
		B5F4B0D529B58ADA00DF6CD3 /* Release */ = {
			isa = XCBuildConfiguration;
			buildSettings = {
				CLANG_CXX_LANGUAGE_STANDARD = "gnu++20";
				CODE_SIGN_STYLE = Automatic;
				CURRENT_PROJECT_VERSION = 1;
				DEAD_CODE_STRIPPING = YES;
				GENERATE_INFOPLIST_FILE = YES;
				MACOSX_DEPLOYMENT_TARGET = 12.3;
				MARKETING_VERSION = 1.0;
				PRODUCT_BUNDLE_IDENTIFIER = com.ajpagente.EssentialFeedCacheIntegrationTests;
				PRODUCT_NAME = "$(TARGET_NAME)";
				SUPPORTED_PLATFORMS = "macosx iphonesimulator iphoneos";
				SWIFT_EMIT_LOC_STRINGS = NO;
				SWIFT_VERSION = 5.0;
			};
			name = Release;
		};
/* End XCBuildConfiguration section */

/* Begin XCConfigurationList section */
		B57EBCEA298BFD99000F6507 /* Build configuration list for PBXProject "EssentialFeed" */ = {
			isa = XCConfigurationList;
			buildConfigurations = (
				B57EBD00298BFD99000F6507 /* Debug */,
				B57EBD01298BFD99000F6507 /* Release */,
			);
			defaultConfigurationIsVisible = 0;
			defaultConfigurationName = Release;
		};
		B57EBD02298BFD99000F6507 /* Build configuration list for PBXNativeTarget "EssentialFeed" */ = {
			isa = XCConfigurationList;
			buildConfigurations = (
				B57EBD03298BFD99000F6507 /* Debug */,
				B57EBD04298BFD99000F6507 /* Release */,
			);
			defaultConfigurationIsVisible = 0;
			defaultConfigurationName = Release;
		};
		B57EBD05298BFD99000F6507 /* Build configuration list for PBXNativeTarget "EssentialFeedTests" */ = {
			isa = XCConfigurationList;
			buildConfigurations = (
				B57EBD06298BFD99000F6507 /* Debug */,
				B57EBD07298BFD99000F6507 /* Release */,
			);
			defaultConfigurationIsVisible = 0;
			defaultConfigurationName = Release;
		};
		B57EBD34299D0C9E000F6507 /* Build configuration list for PBXNativeTarget "EssentialFeedAPIEndToEndTests" */ = {
			isa = XCConfigurationList;
			buildConfigurations = (
				B57EBD35299D0C9E000F6507 /* Debug */,
				B57EBD36299D0C9E000F6507 /* Release */,
			);
			defaultConfigurationIsVisible = 0;
			defaultConfigurationName = Release;
		};
		B5CF437F29E1102600EC1843 /* Build configuration list for PBXNativeTarget "EssentialFeediOSTests" */ = {
			isa = XCConfigurationList;
			buildConfigurations = (
				B5CF438029E1102600EC1843 /* Debug */,
				B5CF438129E1102600EC1843 /* Release */,
			);
			defaultConfigurationIsVisible = 0;
			defaultConfigurationName = Release;
		};
		B5E80F3129BDD628004981ED /* Build configuration list for PBXNativeTarget "EssentialFeediOS" */ = {
			isa = XCConfigurationList;
			buildConfigurations = (
				B5E80F3229BDD628004981ED /* Debug */,
				B5E80F3329BDD628004981ED /* Release */,
			);
			defaultConfigurationIsVisible = 0;
			defaultConfigurationName = Release;
		};
		B5F4B0D629B58ADA00DF6CD3 /* Build configuration list for PBXNativeTarget "EssentialFeedCacheIntegrationTests" */ = {
			isa = XCConfigurationList;
			buildConfigurations = (
				B5F4B0D429B58ADA00DF6CD3 /* Debug */,
				B5F4B0D529B58ADA00DF6CD3 /* Release */,
			);
			defaultConfigurationIsVisible = 0;
			defaultConfigurationName = Release;
		};
/* End XCConfigurationList section */

/* Begin XCVersionGroup section */
		B5650C8329B32FF400CF391E /* FeedStore.xcdatamodeld */ = {
			isa = XCVersionGroup;
			children = (
				B572FC0529D86AE200790782 /* FeedStore2.xcdatamodel */,
				B5650C8429B32FF400CF391E /* FeedStore.xcdatamodel */,
			);
			currentVersion = B572FC0529D86AE200790782 /* FeedStore2.xcdatamodel */;
			path = FeedStore.xcdatamodeld;
			sourceTree = "<group>";
			versionGroupType = wrapper.xcdatamodel;
		};
/* End XCVersionGroup section */
	};
	rootObject = B57EBCE7298BFD99000F6507 /* Project object */;
}
