// !$*UTF8*$!
{
	archiveVersion = 1;
	classes = {
	};
	objectVersion = 56;
	objects = {

/* Begin PBXBuildFile section */
		B560412D29D96DD90046750B /* EssentialFeed.framework in Frameworks */ = {isa = PBXBuildFile; fileRef = B560412B29D96DD90046750B /* EssentialFeed.framework */; };
		B560412E29D96DD90046750B /* EssentialFeed.framework in Embed Frameworks */ = {isa = PBXBuildFile; fileRef = B560412B29D96DD90046750B /* EssentialFeed.framework */; settings = {ATTRIBUTES = (CodeSignOnCopy, RemoveHeadersOnCopy, ); }; };
		B560412F29D96DD90046750B /* EssentialFeediOS.framework in Frameworks */ = {isa = PBXBuildFile; fileRef = B560412C29D96DD90046750B /* EssentialFeediOS.framework */; };
		B560413029D96DD90046750B /* EssentialFeediOS.framework in Embed Frameworks */ = {isa = PBXBuildFile; fileRef = B560412C29D96DD90046750B /* EssentialFeediOS.framework */; settings = {ATTRIBUTES = (CodeSignOnCopy, RemoveHeadersOnCopy, ); }; };
		B572FC1729D9620C00790782 /* AppDelegate.swift in Sources */ = {isa = PBXBuildFile; fileRef = B572FC1629D9620C00790782 /* AppDelegate.swift */; };
		B572FC1929D9620C00790782 /* SceneDelegate.swift in Sources */ = {isa = PBXBuildFile; fileRef = B572FC1829D9620C00790782 /* SceneDelegate.swift */; };
		B572FC1B29D9620C00790782 /* ViewController.swift in Sources */ = {isa = PBXBuildFile; fileRef = B572FC1A29D9620C00790782 /* ViewController.swift */; };
		B572FC2029D9620D00790782 /* Assets.xcassets in Resources */ = {isa = PBXBuildFile; fileRef = B572FC1F29D9620D00790782 /* Assets.xcassets */; };
		B572FC2329D9620D00790782 /* LaunchScreen.storyboard in Resources */ = {isa = PBXBuildFile; fileRef = B572FC2129D9620D00790782 /* LaunchScreen.storyboard */; };
		B5C556EA29DAA65B00F25874 /* XCTestCase+MemoryLeakTracking.swift in Sources */ = {isa = PBXBuildFile; fileRef = B5C556E929DAA65B00F25874 /* XCTestCase+MemoryLeakTracking.swift */; };
		B5C556EC29DAA6C700F25874 /* SharedTestHelpers.swift in Sources */ = {isa = PBXBuildFile; fileRef = B5C556EB29DAA6C700F25874 /* SharedTestHelpers.swift */; };
		B5C5571329DE8FE200F25874 /* SceneDelegateTest.swift in Sources */ = {isa = PBXBuildFile; fileRef = B5C5571229DE8FE200F25874 /* SceneDelegateTest.swift */; };
		B5CF434F29DF9FEF00EC1843 /* FeedUIComposer.swift in Sources */ = {isa = PBXBuildFile; fileRef = B5CF434929DF9FEF00EC1843 /* FeedUIComposer.swift */; };
		B5CF435029DF9FEF00EC1843 /* LoadResourcePresentationAdapter.swift in Sources */ = {isa = PBXBuildFile; fileRef = B5CF434A29DF9FEF00EC1843 /* LoadResourcePresentationAdapter.swift */; };
		B5CF435129DF9FEF00EC1843 /* FeedViewAdapter.swift in Sources */ = {isa = PBXBuildFile; fileRef = B5CF434B29DF9FEF00EC1843 /* FeedViewAdapter.swift */; };
		B5CF435429DF9FEF00EC1843 /* WeakRefVirtualProxy.swift in Sources */ = {isa = PBXBuildFile; fileRef = B5CF434E29DF9FEF00EC1843 /* WeakRefVirtualProxy.swift */; };
		B5CF435E29DFA03100EC1843 /* FeedUIIntegrationTests+Localization.swift in Sources */ = {isa = PBXBuildFile; fileRef = B5CF435A29DFA03100EC1843 /* FeedUIIntegrationTests+Localization.swift */; };
		B5CF435F29DFA03100EC1843 /* FeedImageCell+TestHelpers.swift in Sources */ = {isa = PBXBuildFile; fileRef = B5CF435B29DFA03100EC1843 /* FeedImageCell+TestHelpers.swift */; };
		B5CF436029DFA03100EC1843 /* UIButton+TestHelpers.swift in Sources */ = {isa = PBXBuildFile; fileRef = B5CF435929DFA03100EC1843 /* UIButton+TestHelpers.swift */; };
		B5CF436129DFA03100EC1843 /* UIRefreshControl+TestHelpers.swift in Sources */ = {isa = PBXBuildFile; fileRef = B5CF435829DFA03100EC1843 /* UIRefreshControl+TestHelpers.swift */; };
		B5CF436229DFA03100EC1843 /* UIImage+TestHelpers.swift in Sources */ = {isa = PBXBuildFile; fileRef = B5CF435D29DFA03100EC1843 /* UIImage+TestHelpers.swift */; };
		B5CF436329DFA03100EC1843 /* FeedViewController+TestHelpers.swift in Sources */ = {isa = PBXBuildFile; fileRef = B5CF435629DFA03100EC1843 /* FeedViewController+TestHelpers.swift */; };
		B5CF436429DFA03100EC1843 /* UIControl+TestHelpers.swift in Sources */ = {isa = PBXBuildFile; fileRef = B5CF435529DFA03100EC1843 /* UIControl+TestHelpers.swift */; };
		B5CF436529DFA03100EC1843 /* FeedUIIntegrationTests+LoaderSpy.swift in Sources */ = {isa = PBXBuildFile; fileRef = B5CF435C29DFA03100EC1843 /* FeedUIIntegrationTests+LoaderSpy.swift */; };
		B5CF436629DFA03100EC1843 /* FeedUIIntegrationTests+Assertions.swift in Sources */ = {isa = PBXBuildFile; fileRef = B5CF435729DFA03100EC1843 /* FeedUIIntegrationTests+Assertions.swift */; };
		B5CF436829DFA05400EC1843 /* FeedUIIntegrationTests.swift in Sources */ = {isa = PBXBuildFile; fileRef = B5CF436729DFA05400EC1843 /* FeedUIIntegrationTests.swift */; };
		B5CF436A29DFA53B00EC1843 /* FeedAcceptanceTests.swift in Sources */ = {isa = PBXBuildFile; fileRef = B5CF436929DFA53B00EC1843 /* FeedAcceptanceTests.swift */; };
		B5CF436C29E0307500EC1843 /* HTTPClientStub.swift in Sources */ = {isa = PBXBuildFile; fileRef = B5CF436B29E0307500EC1843 /* HTTPClientStub.swift */; };
		B5CF436E29E030F200EC1843 /* InMemoryFeedStore.swift in Sources */ = {isa = PBXBuildFile; fileRef = B5CF436D29E030F200EC1843 /* InMemoryFeedStore.swift */; };
		B5CF438C29E131D400EC1843 /* UIView+TestHelpers.swift in Sources */ = {isa = PBXBuildFile; fileRef = B5CF438B29E131D400EC1843 /* UIView+TestHelpers.swift */; };
		B5CF439029E457FF00EC1843 /* CombineHelpers.swift in Sources */ = {isa = PBXBuildFile; fileRef = B5CF438F29E457FF00EC1843 /* CombineHelpers.swift */; };
/* End PBXBuildFile section */

/* Begin PBXContainerItemProxy section */
		B560413A29DA8A410046750B /* PBXContainerItemProxy */ = {
			isa = PBXContainerItemProxy;
			containerPortal = B572FC0B29D9620C00790782 /* Project object */;
			proxyType = 1;
			remoteGlobalIDString = B572FC1229D9620C00790782;
			remoteInfo = EssentialApp;
		};
/* End PBXContainerItemProxy section */

/* Begin PBXCopyFilesBuildPhase section */
		B560413129D96DD90046750B /* Embed Frameworks */ = {
			isa = PBXCopyFilesBuildPhase;
			buildActionMask = 2147483647;
			dstPath = "";
			dstSubfolderSpec = 10;
			files = (
				B560412E29D96DD90046750B /* EssentialFeed.framework in Embed Frameworks */,
				B560413029D96DD90046750B /* EssentialFeediOS.framework in Embed Frameworks */,
			);
			name = "Embed Frameworks";
			runOnlyForDeploymentPostprocessing = 0;
		};
/* End PBXCopyFilesBuildPhase section */

/* Begin PBXFileReference section */
		B560412B29D96DD90046750B /* EssentialFeed.framework */ = {isa = PBXFileReference; explicitFileType = wrapper.framework; path = EssentialFeed.framework; sourceTree = BUILT_PRODUCTS_DIR; };
		B560412C29D96DD90046750B /* EssentialFeediOS.framework */ = {isa = PBXFileReference; explicitFileType = wrapper.framework; path = EssentialFeediOS.framework; sourceTree = BUILT_PRODUCTS_DIR; };
		B560413629DA8A410046750B /* EssentialAppTests.xctest */ = {isa = PBXFileReference; explicitFileType = wrapper.cfbundle; includeInIndex = 0; path = EssentialAppTests.xctest; sourceTree = BUILT_PRODUCTS_DIR; };
		B572FC1329D9620C00790782 /* EssentialApp.app */ = {isa = PBXFileReference; explicitFileType = wrapper.application; includeInIndex = 0; path = EssentialApp.app; sourceTree = BUILT_PRODUCTS_DIR; };
		B572FC1629D9620C00790782 /* AppDelegate.swift */ = {isa = PBXFileReference; lastKnownFileType = sourcecode.swift; path = AppDelegate.swift; sourceTree = "<group>"; };
		B572FC1829D9620C00790782 /* SceneDelegate.swift */ = {isa = PBXFileReference; lastKnownFileType = sourcecode.swift; path = SceneDelegate.swift; sourceTree = "<group>"; };
		B572FC1A29D9620C00790782 /* ViewController.swift */ = {isa = PBXFileReference; lastKnownFileType = sourcecode.swift; path = ViewController.swift; sourceTree = "<group>"; };
		B572FC1F29D9620D00790782 /* Assets.xcassets */ = {isa = PBXFileReference; lastKnownFileType = folder.assetcatalog; path = Assets.xcassets; sourceTree = "<group>"; };
		B572FC2229D9620D00790782 /* Base */ = {isa = PBXFileReference; lastKnownFileType = file.storyboard; name = Base; path = Base.lproj/LaunchScreen.storyboard; sourceTree = "<group>"; };
		B572FC2429D9620D00790782 /* Info.plist */ = {isa = PBXFileReference; lastKnownFileType = text.plist.xml; path = Info.plist; sourceTree = "<group>"; };
		B5C556E929DAA65B00F25874 /* XCTestCase+MemoryLeakTracking.swift */ = {isa = PBXFileReference; lastKnownFileType = sourcecode.swift; path = "XCTestCase+MemoryLeakTracking.swift"; sourceTree = "<group>"; };
		B5C556EB29DAA6C700F25874 /* SharedTestHelpers.swift */ = {isa = PBXFileReference; lastKnownFileType = sourcecode.swift; path = SharedTestHelpers.swift; sourceTree = "<group>"; };
		B5C5571229DE8FE200F25874 /* SceneDelegateTest.swift */ = {isa = PBXFileReference; lastKnownFileType = sourcecode.swift; path = SceneDelegateTest.swift; sourceTree = "<group>"; };
		B5CF434929DF9FEF00EC1843 /* FeedUIComposer.swift */ = {isa = PBXFileReference; lastKnownFileType = sourcecode.swift; path = FeedUIComposer.swift; sourceTree = "<group>"; };
		B5CF434A29DF9FEF00EC1843 /* LoadResourcePresentationAdapter.swift */ = {isa = PBXFileReference; lastKnownFileType = sourcecode.swift; path = LoadResourcePresentationAdapter.swift; sourceTree = "<group>"; };
		B5CF434B29DF9FEF00EC1843 /* FeedViewAdapter.swift */ = {isa = PBXFileReference; lastKnownFileType = sourcecode.swift; path = FeedViewAdapter.swift; sourceTree = "<group>"; };
		B5CF434E29DF9FEF00EC1843 /* WeakRefVirtualProxy.swift */ = {isa = PBXFileReference; lastKnownFileType = sourcecode.swift; path = WeakRefVirtualProxy.swift; sourceTree = "<group>"; };
		B5CF435529DFA03100EC1843 /* UIControl+TestHelpers.swift */ = {isa = PBXFileReference; lastKnownFileType = sourcecode.swift; path = "UIControl+TestHelpers.swift"; sourceTree = "<group>"; };
		B5CF435629DFA03100EC1843 /* FeedViewController+TestHelpers.swift */ = {isa = PBXFileReference; lastKnownFileType = sourcecode.swift; path = "FeedViewController+TestHelpers.swift"; sourceTree = "<group>"; };
		B5CF435729DFA03100EC1843 /* FeedUIIntegrationTests+Assertions.swift */ = {isa = PBXFileReference; lastKnownFileType = sourcecode.swift; path = "FeedUIIntegrationTests+Assertions.swift"; sourceTree = "<group>"; };
		B5CF435829DFA03100EC1843 /* UIRefreshControl+TestHelpers.swift */ = {isa = PBXFileReference; lastKnownFileType = sourcecode.swift; path = "UIRefreshControl+TestHelpers.swift"; sourceTree = "<group>"; };
		B5CF435929DFA03100EC1843 /* UIButton+TestHelpers.swift */ = {isa = PBXFileReference; lastKnownFileType = sourcecode.swift; path = "UIButton+TestHelpers.swift"; sourceTree = "<group>"; };
		B5CF435A29DFA03100EC1843 /* FeedUIIntegrationTests+Localization.swift */ = {isa = PBXFileReference; lastKnownFileType = sourcecode.swift; path = "FeedUIIntegrationTests+Localization.swift"; sourceTree = "<group>"; };
		B5CF435B29DFA03100EC1843 /* FeedImageCell+TestHelpers.swift */ = {isa = PBXFileReference; lastKnownFileType = sourcecode.swift; path = "FeedImageCell+TestHelpers.swift"; sourceTree = "<group>"; };
		B5CF435C29DFA03100EC1843 /* FeedUIIntegrationTests+LoaderSpy.swift */ = {isa = PBXFileReference; lastKnownFileType = sourcecode.swift; path = "FeedUIIntegrationTests+LoaderSpy.swift"; sourceTree = "<group>"; };
		B5CF435D29DFA03100EC1843 /* UIImage+TestHelpers.swift */ = {isa = PBXFileReference; lastKnownFileType = sourcecode.swift; path = "UIImage+TestHelpers.swift"; sourceTree = "<group>"; };
		B5CF436729DFA05400EC1843 /* FeedUIIntegrationTests.swift */ = {isa = PBXFileReference; lastKnownFileType = sourcecode.swift; path = FeedUIIntegrationTests.swift; sourceTree = "<group>"; };
		B5CF436929DFA53B00EC1843 /* FeedAcceptanceTests.swift */ = {isa = PBXFileReference; lastKnownFileType = sourcecode.swift; path = FeedAcceptanceTests.swift; sourceTree = "<group>"; };
		B5CF436B29E0307500EC1843 /* HTTPClientStub.swift */ = {isa = PBXFileReference; lastKnownFileType = sourcecode.swift; path = HTTPClientStub.swift; sourceTree = "<group>"; };
		B5CF436D29E030F200EC1843 /* InMemoryFeedStore.swift */ = {isa = PBXFileReference; lastKnownFileType = sourcecode.swift; path = InMemoryFeedStore.swift; sourceTree = "<group>"; };
		B5CF438B29E131D400EC1843 /* UIView+TestHelpers.swift */ = {isa = PBXFileReference; lastKnownFileType = sourcecode.swift; path = "UIView+TestHelpers.swift"; sourceTree = "<group>"; };
		B5CF438F29E457FF00EC1843 /* CombineHelpers.swift */ = {isa = PBXFileReference; lastKnownFileType = sourcecode.swift; path = CombineHelpers.swift; sourceTree = "<group>"; };
/* End PBXFileReference section */

/* Begin PBXFrameworksBuildPhase section */
		B560413329DA8A410046750B /* Frameworks */ = {
			isa = PBXFrameworksBuildPhase;
			buildActionMask = 2147483647;
			files = (
			);
			runOnlyForDeploymentPostprocessing = 0;
		};
		B572FC1029D9620C00790782 /* Frameworks */ = {
			isa = PBXFrameworksBuildPhase;
			buildActionMask = 2147483647;
			files = (
				B560412D29D96DD90046750B /* EssentialFeed.framework in Frameworks */,
				B560412F29D96DD90046750B /* EssentialFeediOS.framework in Frameworks */,
			);
			runOnlyForDeploymentPostprocessing = 0;
		};
/* End PBXFrameworksBuildPhase section */

/* Begin PBXGroup section */
		B560412A29D96DD90046750B /* Frameworks */ = {
			isa = PBXGroup;
			children = (
				B560412B29D96DD90046750B /* EssentialFeed.framework */,
				B560412C29D96DD90046750B /* EssentialFeediOS.framework */,
			);
			name = Frameworks;
			sourceTree = "<group>";
		};
		B560413729DA8A410046750B /* EssentialAppTests */ = {
			isa = PBXGroup;
			children = (
				B5C556E829DAA64A00F25874 /* Helpers */,
				B5CF436729DFA05400EC1843 /* FeedUIIntegrationTests.swift */,
				B5C5571229DE8FE200F25874 /* SceneDelegateTest.swift */,
				B5CF436929DFA53B00EC1843 /* FeedAcceptanceTests.swift */,
			);
			path = EssentialAppTests;
			sourceTree = "<group>";
		};
		B572FC0A29D9620C00790782 = {
			isa = PBXGroup;
			children = (
				B572FC1529D9620C00790782 /* EssentialApp */,
				B560413729DA8A410046750B /* EssentialAppTests */,
				B572FC1429D9620C00790782 /* Products */,
				B560412A29D96DD90046750B /* Frameworks */,
			);
			sourceTree = "<group>";
		};
		B572FC1429D9620C00790782 /* Products */ = {
			isa = PBXGroup;
			children = (
				B572FC1329D9620C00790782 /* EssentialApp.app */,
				B560413629DA8A410046750B /* EssentialAppTests.xctest */,
			);
			name = Products;
			sourceTree = "<group>";
		};
		B572FC1529D9620C00790782 /* EssentialApp */ = {
			isa = PBXGroup;
			children = (
				B572FC1629D9620C00790782 /* AppDelegate.swift */,
				B5CF438F29E457FF00EC1843 /* CombineHelpers.swift */,
				B5CF434929DF9FEF00EC1843 /* FeedUIComposer.swift */,
				B5CF434B29DF9FEF00EC1843 /* FeedViewAdapter.swift */,
				B5CF434A29DF9FEF00EC1843 /* LoadResourcePresentationAdapter.swift */,
				B572FC1829D9620C00790782 /* SceneDelegate.swift */,
				B572FC1A29D9620C00790782 /* ViewController.swift */,
				B5CF434E29DF9FEF00EC1843 /* WeakRefVirtualProxy.swift */,
				B572FC1F29D9620D00790782 /* Assets.xcassets */,
				B572FC2129D9620D00790782 /* LaunchScreen.storyboard */,
				B572FC2429D9620D00790782 /* Info.plist */,
			);
			path = EssentialApp;
			sourceTree = "<group>";
		};
		B5C556E829DAA64A00F25874 /* Helpers */ = {
			isa = PBXGroup;
			children = (
				B5C556EB29DAA6C700F25874 /* SharedTestHelpers.swift */,
				B5C556E929DAA65B00F25874 /* XCTestCase+MemoryLeakTracking.swift */,
				B5CF435629DFA03100EC1843 /* FeedViewController+TestHelpers.swift */,
				B5CF435B29DFA03100EC1843 /* FeedImageCell+TestHelpers.swift */,
				B5CF435C29DFA03100EC1843 /* FeedUIIntegrationTests+LoaderSpy.swift */,
				B5CF435729DFA03100EC1843 /* FeedUIIntegrationTests+Assertions.swift */,
				B5CF435A29DFA03100EC1843 /* FeedUIIntegrationTests+Localization.swift */,
				B5CF435D29DFA03100EC1843 /* UIImage+TestHelpers.swift */,
				B5CF435829DFA03100EC1843 /* UIRefreshControl+TestHelpers.swift */,
				B5CF435929DFA03100EC1843 /* UIButton+TestHelpers.swift */,
				B5CF435529DFA03100EC1843 /* UIControl+TestHelpers.swift */,
				B5CF436B29E0307500EC1843 /* HTTPClientStub.swift */,
				B5CF436D29E030F200EC1843 /* InMemoryFeedStore.swift */,
				B5CF438B29E131D400EC1843 /* UIView+TestHelpers.swift */,
			);
			path = Helpers;
			sourceTree = "<group>";
		};
/* End PBXGroup section */

/* Begin PBXNativeTarget section */
		B560413529DA8A410046750B /* EssentialAppTests */ = {
			isa = PBXNativeTarget;
			buildConfigurationList = B560413E29DA8A410046750B /* Build configuration list for PBXNativeTarget "EssentialAppTests" */;
			buildPhases = (
				B560413229DA8A410046750B /* Sources */,
				B560413329DA8A410046750B /* Frameworks */,
				B560413429DA8A410046750B /* Resources */,
			);
			buildRules = (
			);
			dependencies = (
				B560413B29DA8A410046750B /* PBXTargetDependency */,
			);
			name = EssentialAppTests;
			productName = EssentialAppTests;
			productReference = B560413629DA8A410046750B /* EssentialAppTests.xctest */;
			productType = "com.apple.product-type.bundle.unit-test";
		};
		B572FC1229D9620C00790782 /* EssentialApp */ = {
			isa = PBXNativeTarget;
			buildConfigurationList = B572FC2729D9620D00790782 /* Build configuration list for PBXNativeTarget "EssentialApp" */;
			buildPhases = (
				B572FC0F29D9620C00790782 /* Sources */,
				B572FC1029D9620C00790782 /* Frameworks */,
				B572FC1129D9620C00790782 /* Resources */,
				B560413129D96DD90046750B /* Embed Frameworks */,
			);
			buildRules = (
			);
			dependencies = (
			);
			name = EssentialApp;
			productName = EssentialApp;
			productReference = B572FC1329D9620C00790782 /* EssentialApp.app */;
			productType = "com.apple.product-type.application";
		};
/* End PBXNativeTarget section */

/* Begin PBXProject section */
		B572FC0B29D9620C00790782 /* Project object */ = {
			isa = PBXProject;
			attributes = {
				BuildIndependentTargetsInParallel = 1;
				LastSwiftUpdateCheck = 1420;
				LastUpgradeCheck = 1420;
				TargetAttributes = {
					B560413529DA8A410046750B = {
						CreatedOnToolsVersion = 14.2;
						TestTargetID = B572FC1229D9620C00790782;
					};
					B572FC1229D9620C00790782 = {
						CreatedOnToolsVersion = 14.2;
					};
				};
			};
			buildConfigurationList = B572FC0E29D9620C00790782 /* Build configuration list for PBXProject "EssentialApp" */;
			compatibilityVersion = "Xcode 14.0";
			developmentRegion = en;
			hasScannedForEncodings = 0;
			knownRegions = (
				en,
				Base,
			);
			mainGroup = B572FC0A29D9620C00790782;
			productRefGroup = B572FC1429D9620C00790782 /* Products */;
			projectDirPath = "";
			projectRoot = "";
			targets = (
				B572FC1229D9620C00790782 /* EssentialApp */,
				B560413529DA8A410046750B /* EssentialAppTests */,
			);
		};
/* End PBXProject section */

/* Begin PBXResourcesBuildPhase section */
		B560413429DA8A410046750B /* Resources */ = {
			isa = PBXResourcesBuildPhase;
			buildActionMask = 2147483647;
			files = (
			);
			runOnlyForDeploymentPostprocessing = 0;
		};
		B572FC1129D9620C00790782 /* Resources */ = {
			isa = PBXResourcesBuildPhase;
			buildActionMask = 2147483647;
			files = (
				B572FC2329D9620D00790782 /* LaunchScreen.storyboard in Resources */,
				B572FC2029D9620D00790782 /* Assets.xcassets in Resources */,
			);
			runOnlyForDeploymentPostprocessing = 0;
		};
/* End PBXResourcesBuildPhase section */

/* Begin PBXSourcesBuildPhase section */
		B560413229DA8A410046750B /* Sources */ = {
			isa = PBXSourcesBuildPhase;
			buildActionMask = 2147483647;
			files = (
				B5C556EC29DAA6C700F25874 /* SharedTestHelpers.swift in Sources */,
				B5CF436129DFA03100EC1843 /* UIRefreshControl+TestHelpers.swift in Sources */,
				B5C5571329DE8FE200F25874 /* SceneDelegateTest.swift in Sources */,
				B5CF436329DFA03100EC1843 /* FeedViewController+TestHelpers.swift in Sources */,
				B5CF436229DFA03100EC1843 /* UIImage+TestHelpers.swift in Sources */,
				B5CF436529DFA03100EC1843 /* FeedUIIntegrationTests+LoaderSpy.swift in Sources */,
				B5CF435E29DFA03100EC1843 /* FeedUIIntegrationTests+Localization.swift in Sources */,
				B5CF436429DFA03100EC1843 /* UIControl+TestHelpers.swift in Sources */,
				B5CF436E29E030F200EC1843 /* InMemoryFeedStore.swift in Sources */,
				B5CF436629DFA03100EC1843 /* FeedUIIntegrationTests+Assertions.swift in Sources */,
				B5CF436C29E0307500EC1843 /* HTTPClientStub.swift in Sources */,
				B5CF435F29DFA03100EC1843 /* FeedImageCell+TestHelpers.swift in Sources */,
				B5CF438C29E131D400EC1843 /* UIView+TestHelpers.swift in Sources */,
				B5CF436029DFA03100EC1843 /* UIButton+TestHelpers.swift in Sources */,
				B5CF436A29DFA53B00EC1843 /* FeedAcceptanceTests.swift in Sources */,
				B5CF436829DFA05400EC1843 /* FeedUIIntegrationTests.swift in Sources */,
				B5C556EA29DAA65B00F25874 /* XCTestCase+MemoryLeakTracking.swift in Sources */,
			);
			runOnlyForDeploymentPostprocessing = 0;
		};
		B572FC0F29D9620C00790782 /* Sources */ = {
			isa = PBXSourcesBuildPhase;
			buildActionMask = 2147483647;
			files = (
				B572FC1B29D9620C00790782 /* ViewController.swift in Sources */,
				B5CF439029E457FF00EC1843 /* CombineHelpers.swift in Sources */,
				B5CF434F29DF9FEF00EC1843 /* FeedUIComposer.swift in Sources */,
				B572FC1729D9620C00790782 /* AppDelegate.swift in Sources */,
				B5CF435129DF9FEF00EC1843 /* FeedViewAdapter.swift in Sources */,
				B5CF435029DF9FEF00EC1843 /* LoadResourcePresentationAdapter.swift in Sources */,
				B572FC1929D9620C00790782 /* SceneDelegate.swift in Sources */,
				B5CF435429DF9FEF00EC1843 /* WeakRefVirtualProxy.swift in Sources */,
			);
			runOnlyForDeploymentPostprocessing = 0;
		};
/* End PBXSourcesBuildPhase section */

/* Begin PBXTargetDependency section */
		B560413B29DA8A410046750B /* PBXTargetDependency */ = {
			isa = PBXTargetDependency;
			target = B572FC1229D9620C00790782 /* EssentialApp */;
			targetProxy = B560413A29DA8A410046750B /* PBXContainerItemProxy */;
		};
/* End PBXTargetDependency section */

/* Begin PBXVariantGroup section */
		B572FC2129D9620D00790782 /* LaunchScreen.storyboard */ = {
			isa = PBXVariantGroup;
			children = (
				B572FC2229D9620D00790782 /* Base */,
			);
			name = LaunchScreen.storyboard;
			sourceTree = "<group>";
		};
/* End PBXVariantGroup section */

/* Begin XCBuildConfiguration section */
		B560413C29DA8A410046750B /* Debug */ = {
			isa = XCBuildConfiguration;
			buildSettings = {
				BUNDLE_LOADER = "$(TEST_HOST)";
				CODE_SIGN_STYLE = Automatic;
				CURRENT_PROJECT_VERSION = 1;
				GENERATE_INFOPLIST_FILE = YES;
				MARKETING_VERSION = 1.0;
				PRODUCT_BUNDLE_IDENTIFIER = com.ajpagente.poc..EssentialAppTests;
				PRODUCT_NAME = "$(TARGET_NAME)";
				SWIFT_EMIT_LOC_STRINGS = NO;
				SWIFT_VERSION = 5.0;
				TARGETED_DEVICE_FAMILY = "1,2";
				TEST_HOST = "$(BUILT_PRODUCTS_DIR)/EssentialApp.app/$(BUNDLE_EXECUTABLE_FOLDER_PATH)/EssentialApp";
			};
			name = Debug;
		};
		B560413D29DA8A410046750B /* Release */ = {
			isa = XCBuildConfiguration;
			buildSettings = {
				BUNDLE_LOADER = "$(TEST_HOST)";
				CODE_SIGN_STYLE = Automatic;
				CURRENT_PROJECT_VERSION = 1;
				GENERATE_INFOPLIST_FILE = YES;
				MARKETING_VERSION = 1.0;
				PRODUCT_BUNDLE_IDENTIFIER = com.ajpagente.poc..EssentialAppTests;
				PRODUCT_NAME = "$(TARGET_NAME)";
				SWIFT_EMIT_LOC_STRINGS = NO;
				SWIFT_VERSION = 5.0;
				TARGETED_DEVICE_FAMILY = "1,2";
				TEST_HOST = "$(BUILT_PRODUCTS_DIR)/EssentialApp.app/$(BUNDLE_EXECUTABLE_FOLDER_PATH)/EssentialApp";
			};
			name = Release;
		};
		B572FC2529D9620D00790782 /* Debug */ = {
			isa = XCBuildConfiguration;
			buildSettings = {
				ALWAYS_SEARCH_USER_PATHS = NO;
				CLANG_ANALYZER_NONNULL = YES;
				CLANG_ANALYZER_NUMBER_OBJECT_CONVERSION = YES_AGGRESSIVE;
				CLANG_CXX_LANGUAGE_STANDARD = "gnu++20";
				CLANG_ENABLE_MODULES = YES;
				CLANG_ENABLE_OBJC_ARC = YES;
				CLANG_ENABLE_OBJC_WEAK = YES;
				CLANG_WARN_BLOCK_CAPTURE_AUTORELEASING = YES;
				CLANG_WARN_BOOL_CONVERSION = YES;
				CLANG_WARN_COMMA = YES;
				CLANG_WARN_CONSTANT_CONVERSION = YES;
				CLANG_WARN_DEPRECATED_OBJC_IMPLEMENTATIONS = YES;
				CLANG_WARN_DIRECT_OBJC_ISA_USAGE = YES_ERROR;
				CLANG_WARN_DOCUMENTATION_COMMENTS = YES;
				CLANG_WARN_EMPTY_BODY = YES;
				CLANG_WARN_ENUM_CONVERSION = YES;
				CLANG_WARN_INFINITE_RECURSION = YES;
				CLANG_WARN_INT_CONVERSION = YES;
				CLANG_WARN_NON_LITERAL_NULL_CONVERSION = YES;
				CLANG_WARN_OBJC_IMPLICIT_RETAIN_SELF = YES;
				CLANG_WARN_OBJC_LITERAL_CONVERSION = YES;
				CLANG_WARN_OBJC_ROOT_CLASS = YES_ERROR;
				CLANG_WARN_QUOTED_INCLUDE_IN_FRAMEWORK_HEADER = YES;
				CLANG_WARN_RANGE_LOOP_ANALYSIS = YES;
				CLANG_WARN_STRICT_PROTOTYPES = YES;
				CLANG_WARN_SUSPICIOUS_MOVE = YES;
				CLANG_WARN_UNGUARDED_AVAILABILITY = YES_AGGRESSIVE;
				CLANG_WARN_UNREACHABLE_CODE = YES;
				CLANG_WARN__DUPLICATE_METHOD_MATCH = YES;
				COPY_PHASE_STRIP = NO;
				DEBUG_INFORMATION_FORMAT = dwarf;
				ENABLE_STRICT_OBJC_MSGSEND = YES;
				ENABLE_TESTABILITY = YES;
				GCC_C_LANGUAGE_STANDARD = gnu11;
				GCC_DYNAMIC_NO_PIC = NO;
				GCC_NO_COMMON_BLOCKS = YES;
				GCC_OPTIMIZATION_LEVEL = 0;
				GCC_PREPROCESSOR_DEFINITIONS = (
					"DEBUG=1",
					"$(inherited)",
				);
				GCC_WARN_64_TO_32_BIT_CONVERSION = YES;
				GCC_WARN_ABOUT_RETURN_TYPE = YES_ERROR;
				GCC_WARN_UNDECLARED_SELECTOR = YES;
				GCC_WARN_UNINITIALIZED_AUTOS = YES_AGGRESSIVE;
				GCC_WARN_UNUSED_FUNCTION = YES;
				GCC_WARN_UNUSED_VARIABLE = YES;
				IPHONEOS_DEPLOYMENT_TARGET = 13.0;
				MTL_ENABLE_DEBUG_INFO = INCLUDE_SOURCE;
				MTL_FAST_MATH = YES;
				ONLY_ACTIVE_ARCH = YES;
				SDKROOT = iphoneos;
				SWIFT_ACTIVE_COMPILATION_CONDITIONS = DEBUG;
				SWIFT_OPTIMIZATION_LEVEL = "-Onone";
			};
			name = Debug;
		};
		B572FC2629D9620D00790782 /* Release */ = {
			isa = XCBuildConfiguration;
			buildSettings = {
				ALWAYS_SEARCH_USER_PATHS = NO;
				CLANG_ANALYZER_NONNULL = YES;
				CLANG_ANALYZER_NUMBER_OBJECT_CONVERSION = YES_AGGRESSIVE;
				CLANG_CXX_LANGUAGE_STANDARD = "gnu++20";
				CLANG_ENABLE_MODULES = YES;
				CLANG_ENABLE_OBJC_ARC = YES;
				CLANG_ENABLE_OBJC_WEAK = YES;
				CLANG_WARN_BLOCK_CAPTURE_AUTORELEASING = YES;
				CLANG_WARN_BOOL_CONVERSION = YES;
				CLANG_WARN_COMMA = YES;
				CLANG_WARN_CONSTANT_CONVERSION = YES;
				CLANG_WARN_DEPRECATED_OBJC_IMPLEMENTATIONS = YES;
				CLANG_WARN_DIRECT_OBJC_ISA_USAGE = YES_ERROR;
				CLANG_WARN_DOCUMENTATION_COMMENTS = YES;
				CLANG_WARN_EMPTY_BODY = YES;
				CLANG_WARN_ENUM_CONVERSION = YES;
				CLANG_WARN_INFINITE_RECURSION = YES;
				CLANG_WARN_INT_CONVERSION = YES;
				CLANG_WARN_NON_LITERAL_NULL_CONVERSION = YES;
				CLANG_WARN_OBJC_IMPLICIT_RETAIN_SELF = YES;
				CLANG_WARN_OBJC_LITERAL_CONVERSION = YES;
				CLANG_WARN_OBJC_ROOT_CLASS = YES_ERROR;
				CLANG_WARN_QUOTED_INCLUDE_IN_FRAMEWORK_HEADER = YES;
				CLANG_WARN_RANGE_LOOP_ANALYSIS = YES;
				CLANG_WARN_STRICT_PROTOTYPES = YES;
				CLANG_WARN_SUSPICIOUS_MOVE = YES;
				CLANG_WARN_UNGUARDED_AVAILABILITY = YES_AGGRESSIVE;
				CLANG_WARN_UNREACHABLE_CODE = YES;
				CLANG_WARN__DUPLICATE_METHOD_MATCH = YES;
				COPY_PHASE_STRIP = NO;
				DEBUG_INFORMATION_FORMAT = "dwarf-with-dsym";
				ENABLE_NS_ASSERTIONS = NO;
				ENABLE_STRICT_OBJC_MSGSEND = YES;
				GCC_C_LANGUAGE_STANDARD = gnu11;
				GCC_NO_COMMON_BLOCKS = YES;
				GCC_WARN_64_TO_32_BIT_CONVERSION = YES;
				GCC_WARN_ABOUT_RETURN_TYPE = YES_ERROR;
				GCC_WARN_UNDECLARED_SELECTOR = YES;
				GCC_WARN_UNINITIALIZED_AUTOS = YES_AGGRESSIVE;
				GCC_WARN_UNUSED_FUNCTION = YES;
				GCC_WARN_UNUSED_VARIABLE = YES;
				IPHONEOS_DEPLOYMENT_TARGET = 13.0;
				MTL_ENABLE_DEBUG_INFO = NO;
				MTL_FAST_MATH = YES;
				SDKROOT = iphoneos;
				SWIFT_COMPILATION_MODE = wholemodule;
				SWIFT_OPTIMIZATION_LEVEL = "-O";
				VALIDATE_PRODUCT = YES;
			};
			name = Release;
		};
		B572FC2829D9620D00790782 /* Debug */ = {
			isa = XCBuildConfiguration;
			buildSettings = {
				ASSETCATALOG_COMPILER_APPICON_NAME = AppIcon;
				ASSETCATALOG_COMPILER_GLOBAL_ACCENT_COLOR_NAME = AccentColor;
				CODE_SIGN_STYLE = Automatic;
				CURRENT_PROJECT_VERSION = 1;
				GENERATE_INFOPLIST_FILE = YES;
				INFOPLIST_FILE = EssentialApp/Info.plist;
				INFOPLIST_KEY_UIApplicationSupportsIndirectInputEvents = YES;
				INFOPLIST_KEY_UILaunchStoryboardName = LaunchScreen;
				INFOPLIST_KEY_UISupportedInterfaceOrientations = UIInterfaceOrientationPortrait;
				LD_RUNPATH_SEARCH_PATHS = (
					"$(inherited)",
					"@executable_path/Frameworks",
				);
				MARKETING_VERSION = 1.0;
				PRODUCT_BUNDLE_IDENTIFIER = com.ajpagente.poc..EssentialApp;
				PRODUCT_NAME = "$(TARGET_NAME)";
				SWIFT_EMIT_LOC_STRINGS = YES;
				SWIFT_VERSION = 5.0;
				TARGETED_DEVICE_FAMILY = "1,2";
			};
			name = Debug;
		};
		B572FC2929D9620D00790782 /* Release */ = {
			isa = XCBuildConfiguration;
			buildSettings = {
				ASSETCATALOG_COMPILER_APPICON_NAME = AppIcon;
				ASSETCATALOG_COMPILER_GLOBAL_ACCENT_COLOR_NAME = AccentColor;
				CODE_SIGN_STYLE = Automatic;
				CURRENT_PROJECT_VERSION = 1;
				GENERATE_INFOPLIST_FILE = YES;
				INFOPLIST_FILE = EssentialApp/Info.plist;
				INFOPLIST_KEY_UIApplicationSupportsIndirectInputEvents = YES;
				INFOPLIST_KEY_UILaunchStoryboardName = LaunchScreen;
				INFOPLIST_KEY_UISupportedInterfaceOrientations = UIInterfaceOrientationPortrait;
				LD_RUNPATH_SEARCH_PATHS = (
					"$(inherited)",
					"@executable_path/Frameworks",
				);
				MARKETING_VERSION = 1.0;
				PRODUCT_BUNDLE_IDENTIFIER = com.ajpagente.poc..EssentialApp;
				PRODUCT_NAME = "$(TARGET_NAME)";
				SWIFT_EMIT_LOC_STRINGS = YES;
				SWIFT_VERSION = 5.0;
				TARGETED_DEVICE_FAMILY = "1,2";
			};
			name = Release;
		};
/* End XCBuildConfiguration section */

/* Begin XCConfigurationList section */
		B560413E29DA8A410046750B /* Build configuration list for PBXNativeTarget "EssentialAppTests" */ = {
			isa = XCConfigurationList;
			buildConfigurations = (
				B560413C29DA8A410046750B /* Debug */,
				B560413D29DA8A410046750B /* Release */,
			);
			defaultConfigurationIsVisible = 0;
			defaultConfigurationName = Release;
		};
		B572FC0E29D9620C00790782 /* Build configuration list for PBXProject "EssentialApp" */ = {
			isa = XCConfigurationList;
			buildConfigurations = (
				B572FC2529D9620D00790782 /* Debug */,
				B572FC2629D9620D00790782 /* Release */,
			);
			defaultConfigurationIsVisible = 0;
			defaultConfigurationName = Release;
		};
		B572FC2729D9620D00790782 /* Build configuration list for PBXNativeTarget "EssentialApp" */ = {
			isa = XCConfigurationList;
			buildConfigurations = (
				B572FC2829D9620D00790782 /* Debug */,
				B572FC2929D9620D00790782 /* Release */,
			);
			defaultConfigurationIsVisible = 0;
			defaultConfigurationName = Release;
		};
/* End XCConfigurationList section */
	};
	rootObject = B572FC0B29D9620C00790782 /* Project object */;
}
