<?xml version="1.0" encoding="UTF-8"?>
<Scheme
   LastUpgradeVersion = "1420"
   version = "1.3">
   <BuildAction
      parallelizeBuildables = "YES"
      buildImplicitDependencies = "YES">
      <BuildActionEntries>
         <BuildActionEntry
            buildForTesting = "YES"
            buildForRunning = "YES"
            buildForProfiling = "YES"
            buildForArchiving = "YES"
            buildForAnalyzing = "YES">
            <BuildableReference
               BuildableIdentifier = "primary"
               BlueprintIdentifier = "B57EBCEF298BFD99000F6507"
               BuildableName = "EssentialFeed.framework"
               BlueprintName = "EssentialFeed"
               ReferencedContainer = "container:../EssentialFeed/EssentialFeed.xcodeproj">
            </BuildableReference>
         </BuildActionEntry>
      </BuildActionEntries>
   </BuildAction>
   <TestAction
      buildConfiguration = "Debug"
      selectedDebuggerIdentifier = "Xcode.DebuggerFoundation.Debugger.LLDB"
      selectedLauncherIdentifier = "Xcode.DebuggerFoundation.Launcher.LLDB"
      shouldUseLaunchSchemeArgsEnv = "YES"
      codeCoverageEnabled = "YES"
      onlyGenerateCoverageForSpecifiedTargets = "YES">
      <CodeCoverageTargets>
         <BuildableReference
            BuildableIdentifier = "primary"
            BlueprintIdentifier = "B57EBCEF298BFD99000F6507"
            BuildableName = "EssentialFeed.framework"
            BlueprintName = "EssentialFeed"
            ReferencedContainer = "container:../EssentialFeed/EssentialFeed.xcodeproj">
         </BuildableReference>
         <BuildableReference
            BuildableIdentifier = "primary"
            BlueprintIdentifier = "B5E80F2129BDD628004981ED"
            BuildableName = "EssentialFeediOS.framework"
            BlueprintName = "EssentialFeediOS"
            ReferencedContainer = "container:../EssentialFeed/EssentialFeed.xcodeproj">
         </BuildableReference>
         <BuildableReference
            BuildableIdentifier = "primary"
            BlueprintIdentifier = "B572FC1229D9620C00790782"
            BuildableName = "EssentialApp.app"
            BlueprintName = "EssentialApp"
            ReferencedContainer = "container:EssentialApp.xcodeproj">
         </BuildableReference>
      </CodeCoverageTargets>
      <Testables>
         <TestableReference
            skipped = "NO"
            testExecutionOrdering = "random">
            <BuildableReference
               BuildableIdentifier = "primary"
               BlueprintIdentifier = "B57EBD2C299D0C9E000F6507"
               BuildableName = "EssentialFeedAPIEndToEndTests.xctest"
               BlueprintName = "EssentialFeedAPIEndToEndTests"
               ReferencedContainer = "container:../EssentialFeed/EssentialFeed.xcodeproj">
            </BuildableReference>
         </TestableReference>
         <TestableReference
            skipped = "NO"
            testExecutionOrdering = "random">
            <BuildableReference
               BuildableIdentifier = "primary"
               BlueprintIdentifier = "B57EBCF7298BFD99000F6507"
               BuildableName = "EssentialFeedTests.xctest"
               BlueprintName = "EssentialFeedTests"
               ReferencedContainer = "container:../EssentialFeed/EssentialFeed.xcodeproj">
            </BuildableReference>
         </TestableReference>
         <TestableReference
            skipped = "NO"
            testExecutionOrdering = "random">
            <BuildableReference
               BuildableIdentifier = "primary"
               BlueprintIdentifier = "B5F4B0CC29B58ADA00DF6CD3"
               BuildableName = "EssentialFeedCacheIntegrationTests.xctest"
               BlueprintName = "EssentialFeedCacheIntegrationTests"
               ReferencedContainer = "container:../EssentialFeed/EssentialFeed.xcodeproj">
            </BuildableReference>
         </TestableReference>
         <TestableReference
            skipped = "NO"
            testExecutionOrdering = "random">
            <BuildableReference
               BuildableIdentifier = "primary"
               BlueprintIdentifier = "B5E80F2829BDD628004981ED"
               BuildableName = "EssentialFeediOSTests.xctest"
               BlueprintName = "EssentialFeediOSTests"
               ReferencedContainer = "container:../EssentialFeed/EssentialFeed.xcodeproj">
            </BuildableReference>
         </TestableReference>
         <TestableReference
            skipped = "NO"
            testExecutionOrdering = "random">
            <BuildableReference
               BuildableIdentifier = "primary"
               BlueprintIdentifier = "B560413529DA8A410046750B"
               BuildableName = "EssentialAppTests.xctest"
               BlueprintName = "EssentialAppTests"
               ReferencedContainer = "container:EssentialApp.xcodeproj">
            </BuildableReference>
         </TestableReference>
      </Testables>
   </TestAction>
   <LaunchAction
      buildConfiguration = "Debug"
      selectedDebuggerIdentifier = "Xcode.DebuggerFoundation.Debugger.LLDB"
      selectedLauncherIdentifier = "Xcode.DebuggerFoundation.Launcher.LLDB"
      launchStyle = "0"
      useCustomWorkingDirectory = "NO"
      ignoresPersistentStateOnLaunch = "NO"
      debugDocumentVersioning = "YES"
      debugServiceExtension = "internal"
      allowLocationSimulation = "YES">
   </LaunchAction>
   <ProfileAction
      buildConfiguration = "Release"
      shouldUseLaunchSchemeArgsEnv = "YES"
      savedToolIdentifier = ""
      useCustomWorkingDirectory = "NO"
      debugDocumentVersioning = "YES">
      <MacroExpansion>
         <BuildableReference
            BuildableIdentifier = "primary"
            BlueprintIdentifier = "B57EBCEF298BFD99000F6507"
            BuildableName = "EssentialFeed.framework"
            BlueprintName = "EssentialFeed"
            ReferencedContainer = "container:../EssentialFeed/EssentialFeed.xcodeproj">
         </BuildableReference>
      </MacroExpansion>
   </ProfileAction>
   <AnalyzeAction
      buildConfiguration = "Debug">
   </AnalyzeAction>
   <ArchiveAction
      buildConfiguration = "Release"
      revealArchiveInOrganizer = "YES">
   </ArchiveAction>
</Scheme>
